// !$*UTF8*$!
{
	archiveVersion = 1;
	classes = {
	};
	objectVersion = 46;
	objects = {

/* Begin PBXBuildFile section */
		C0A0716219477327001C87CA /* Foundation.framework in Frameworks */ = {isa = PBXBuildFile; fileRef = C0A0716119477327001C87CA /* Foundation.framework */; };
		C0A0716419477327001C87CA /* CoreGraphics.framework in Frameworks */ = {isa = PBXBuildFile; fileRef = C0A0716319477327001C87CA /* CoreGraphics.framework */; };
		C0A0716619477327001C87CA /* UIKit.framework in Frameworks */ = {isa = PBXBuildFile; fileRef = C0A0716519477327001C87CA /* UIKit.framework */; };
		C0A0716C19477327001C87CA /* InfoPlist.strings in Resources */ = {isa = PBXBuildFile; fileRef = C0A0716A19477327001C87CA /* InfoPlist.strings */; };
		C0A0716E19477327001C87CA /* main.m in Sources */ = {isa = PBXBuildFile; fileRef = C0A0716D19477327001C87CA /* main.m */; };
		C0A0717219477327001C87CA /* AppDelegate.m in Sources */ = {isa = PBXBuildFile; fileRef = C0A0717119477327001C87CA /* AppDelegate.m */; };
		C0A0717519477327001C87CA /* Main.storyboard in Resources */ = {isa = PBXBuildFile; fileRef = C0A0717319477327001C87CA /* Main.storyboard */; };
		C0A0717819477327001C87CA /* ViewController.m in Sources */ = {isa = PBXBuildFile; fileRef = C0A0717719477327001C87CA /* ViewController.m */; };
		C0A0717A19477327001C87CA /* Images.xcassets in Resources */ = {isa = PBXBuildFile; fileRef = C0A0717919477327001C87CA /* Images.xcassets */; };
		C0A0718119477327001C87CA /* XCTest.framework in Frameworks */ = {isa = PBXBuildFile; fileRef = C0A0718019477327001C87CA /* XCTest.framework */; };
		C0A0718219477327001C87CA /* Foundation.framework in Frameworks */ = {isa = PBXBuildFile; fileRef = C0A0716119477327001C87CA /* Foundation.framework */; };
		C0A0718319477327001C87CA /* UIKit.framework in Frameworks */ = {isa = PBXBuildFile; fileRef = C0A0716519477327001C87CA /* UIKit.framework */; };
		C0A0718B19477327001C87CA /* InfoPlist.strings in Resources */ = {isa = PBXBuildFile; fileRef = C0A0718919477327001C87CA /* InfoPlist.strings */; };
		C0A0718D19477327001C87CA /* iAdDemoTests.m in Sources */ = {isa = PBXBuildFile; fileRef = C0A0718C19477327001C87CA /* iAdDemoTests.m */; };
		C0A0719719477391001C87CA /* iAd.framework in Frameworks */ = {isa = PBXBuildFile; fileRef = C0A0719619477391001C87CA /* iAd.framework */; };
/* End PBXBuildFile section */

/* Begin PBXContainerItemProxy section */
		C0A0718419477327001C87CA /* PBXContainerItemProxy */ = {
			isa = PBXContainerItemProxy;
			containerPortal = C0A0715619477327001C87CA /* Project object */;
			proxyType = 1;
			remoteGlobalIDString = C0A0715D19477327001C87CA;
			remoteInfo = iAdDemo;
		};
/* End PBXContainerItemProxy section */

/* Begin PBXFileReference section */
		C0A0715E19477327001C87CA /* iAdDemo.app */ = {isa = PBXFileReference; explicitFileType = wrapper.application; includeInIndex = 0; path = iAdDemo.app; sourceTree = BUILT_PRODUCTS_DIR; };
		C0A0716119477327001C87CA /* Foundation.framework */ = {isa = PBXFileReference; lastKnownFileType = wrapper.framework; name = Foundation.framework; path = System/Library/Frameworks/Foundation.framework; sourceTree = SDKROOT; };
		C0A0716319477327001C87CA /* CoreGraphics.framework */ = {isa = PBXFileReference; lastKnownFileType = wrapper.framework; name = CoreGraphics.framework; path = System/Library/Frameworks/CoreGraphics.framework; sourceTree = SDKROOT; };
		C0A0716519477327001C87CA /* UIKit.framework */ = {isa = PBXFileReference; lastKnownFileType = wrapper.framework; name = UIKit.framework; path = System/Library/Frameworks/UIKit.framework; sourceTree = SDKROOT; };
		C0A0716919477327001C87CA /* iAdDemo-Info.plist */ = {isa = PBXFileReference; lastKnownFileType = text.plist.xml; path = "iAdDemo-Info.plist"; sourceTree = "<group>"; };
		C0A0716B19477327001C87CA /* en */ = {isa = PBXFileReference; lastKnownFileType = text.plist.strings; name = en; path = en.lproj/InfoPlist.strings; sourceTree = "<group>"; };
		C0A0716D19477327001C87CA /* main.m */ = {isa = PBXFileReference; lastKnownFileType = sourcecode.c.objc; path = main.m; sourceTree = "<group>"; };
		C0A0716F19477327001C87CA /* iAdDemo-Prefix.pch */ = {isa = PBXFileReference; lastKnownFileType = sourcecode.c.h; path = "iAdDemo-Prefix.pch"; sourceTree = "<group>"; };
		C0A0717019477327001C87CA /* AppDelegate.h */ = {isa = PBXFileReference; lastKnownFileType = sourcecode.c.h; path = AppDelegate.h; sourceTree = "<group>"; };
		C0A0717119477327001C87CA /* AppDelegate.m */ = {isa = PBXFileReference; lastKnownFileType = sourcecode.c.objc; path = AppDelegate.m; sourceTree = "<group>"; };
		C0A0717419477327001C87CA /* Base */ = {isa = PBXFileReference; lastKnownFileType = file.storyboard; name = Base; path = Base.lproj/Main.storyboard; sourceTree = "<group>"; };
		C0A0717619477327001C87CA /* ViewController.h */ = {isa = PBXFileReference; lastKnownFileType = sourcecode.c.h; path = ViewController.h; sourceTree = "<group>"; };
		C0A0717719477327001C87CA /* ViewController.m */ = {isa = PBXFileReference; lastKnownFileType = sourcecode.c.objc; path = ViewController.m; sourceTree = "<group>"; };
		C0A0717919477327001C87CA /* Images.xcassets */ = {isa = PBXFileReference; lastKnownFileType = folder.assetcatalog; path = Images.xcassets; sourceTree = "<group>"; };
		C0A0717F19477327001C87CA /* iAdDemoTests.xctest */ = {isa = PBXFileReference; explicitFileType = wrapper.cfbundle; includeInIndex = 0; path = iAdDemoTests.xctest; sourceTree = BUILT_PRODUCTS_DIR; };
		C0A0718019477327001C87CA /* XCTest.framework */ = {isa = PBXFileReference; lastKnownFileType = wrapper.framework; name = XCTest.framework; path = Library/Frameworks/XCTest.framework; sourceTree = DEVELOPER_DIR; };
		C0A0718819477327001C87CA /* iAdDemoTests-Info.plist */ = {isa = PBXFileReference; lastKnownFileType = text.plist.xml; path = "iAdDemoTests-Info.plist"; sourceTree = "<group>"; };
		C0A0718A19477327001C87CA /* en */ = {isa = PBXFileReference; lastKnownFileType = text.plist.strings; name = en; path = en.lproj/InfoPlist.strings; sourceTree = "<group>"; };
		C0A0718C19477327001C87CA /* iAdDemoTests.m */ = {isa = PBXFileReference; lastKnownFileType = sourcecode.c.objc; path = iAdDemoTests.m; sourceTree = "<group>"; };
		C0A0719619477391001C87CA /* iAd.framework */ = {isa = PBXFileReference; lastKnownFileType = wrapper.framework; name = iAd.framework; path = System/Library/Frameworks/iAd.framework; sourceTree = SDKROOT; };
/* End PBXFileReference section */

/* Begin PBXFrameworksBuildPhase section */
		C0A0715B19477327001C87CA /* Frameworks */ = {
			isa = PBXFrameworksBuildPhase;
			buildActionMask = 2147483647;
			files = (
				C0A0719719477391001C87CA /* iAd.framework in Frameworks */,
				C0A0716419477327001C87CA /* CoreGraphics.framework in Frameworks */,
				C0A0716619477327001C87CA /* UIKit.framework in Frameworks */,
				C0A0716219477327001C87CA /* Foundation.framework in Frameworks */,
			);
			runOnlyForDeploymentPostprocessing = 0;
		};
		C0A0717C19477327001C87CA /* Frameworks */ = {
			isa = PBXFrameworksBuildPhase;
			buildActionMask = 2147483647;
			files = (
				C0A0718119477327001C87CA /* XCTest.framework in Frameworks */,
				C0A0718319477327001C87CA /* UIKit.framework in Frameworks */,
				C0A0718219477327001C87CA /* Foundation.framework in Frameworks */,
			);
			runOnlyForDeploymentPostprocessing = 0;
		};
/* End PBXFrameworksBuildPhase section */

/* Begin PBXGroup section */
		C0A0715519477327001C87CA = {
			isa = PBXGroup;
			children = (
				C0A0716719477327001C87CA /* iAdDemo */,
				C0A0718619477327001C87CA /* iAdDemoTests */,
				C0A0716019477327001C87CA /* Frameworks */,
				C0A0715F19477327001C87CA /* Products */,
			);
			sourceTree = "<group>";
		};
		C0A0715F19477327001C87CA /* Products */ = {
			isa = PBXGroup;
			children = (
				C0A0715E19477327001C87CA /* iAdDemo.app */,
				C0A0717F19477327001C87CA /* iAdDemoTests.xctest */,
			);
			name = Products;
			sourceTree = "<group>";
		};
		C0A0716019477327001C87CA /* Frameworks */ = {
			isa = PBXGroup;
			children = (
				C0A0719619477391001C87CA /* iAd.framework */,
				C0A0716119477327001C87CA /* Foundation.framework */,
				C0A0716319477327001C87CA /* CoreGraphics.framework */,
				C0A0716519477327001C87CA /* UIKit.framework */,
				C0A0718019477327001C87CA /* XCTest.framework */,
			);
			name = Frameworks;
			sourceTree = "<group>";
		};
		C0A0716719477327001C87CA /* iAdDemo */ = {
			isa = PBXGroup;
			children = (
				C0A0717019477327001C87CA /* AppDelegate.h */,
				C0A0717119477327001C87CA /* AppDelegate.m */,
				C0A0717319477327001C87CA /* Main.storyboard */,
				C0A0717619477327001C87CA /* ViewController.h */,
				C0A0717719477327001C87CA /* ViewController.m */,
				C0A0717919477327001C87CA /* Images.xcassets */,
				C0A0716819477327001C87CA /* Supporting Files */,
			);
			path = iAdDemo;
			sourceTree = "<group>";
		};
		C0A0716819477327001C87CA /* Supporting Files */ = {
			isa = PBXGroup;
			children = (
				C0A0716919477327001C87CA /* iAdDemo-Info.plist */,
				C0A0716A19477327001C87CA /* InfoPlist.strings */,
				C0A0716D19477327001C87CA /* main.m */,
				C0A0716F19477327001C87CA /* iAdDemo-Prefix.pch */,
			);
			name = "Supporting Files";
			sourceTree = "<group>";
		};
		C0A0718619477327001C87CA /* iAdDemoTests */ = {
			isa = PBXGroup;
			children = (
				C0A0718C19477327001C87CA /* iAdDemoTests.m */,
				C0A0718719477327001C87CA /* Supporting Files */,
			);
			path = iAdDemoTests;
			sourceTree = "<group>";
		};
		C0A0718719477327001C87CA /* Supporting Files */ = {
			isa = PBXGroup;
			children = (
				C0A0718819477327001C87CA /* iAdDemoTests-Info.plist */,
				C0A0718919477327001C87CA /* InfoPlist.strings */,
			);
			name = "Supporting Files";
			sourceTree = "<group>";
		};
/* End PBXGroup section */

/* Begin PBXNativeTarget section */
		C0A0715D19477327001C87CA /* iAdDemo */ = {
			isa = PBXNativeTarget;
			buildConfigurationList = C0A0719019477327001C87CA /* Build configuration list for PBXNativeTarget "iAdDemo" */;
			buildPhases = (
				C0A0715A19477327001C87CA /* Sources */,
				C0A0715B19477327001C87CA /* Frameworks */,
				C0A0715C19477327001C87CA /* Resources */,
			);
			buildRules = (
			);
			dependencies = (
			);
			name = iAdDemo;
			productName = iAdDemo;
			productReference = C0A0715E19477327001C87CA /* iAdDemo.app */;
			productType = "com.apple.product-type.application";
		};
		C0A0717E19477327001C87CA /* iAdDemoTests */ = {
			isa = PBXNativeTarget;
			buildConfigurationList = C0A0719319477327001C87CA /* Build configuration list for PBXNativeTarget "iAdDemoTests" */;
			buildPhases = (
				C0A0717B19477327001C87CA /* Sources */,
				C0A0717C19477327001C87CA /* Frameworks */,
				C0A0717D19477327001C87CA /* Resources */,
			);
			buildRules = (
			);
			dependencies = (
				C0A0718519477327001C87CA /* PBXTargetDependency */,
			);
			name = iAdDemoTests;
			productName = iAdDemoTests;
			productReference = C0A0717F19477327001C87CA /* iAdDemoTests.xctest */;
			productType = "com.apple.product-type.bundle.unit-test";
		};
/* End PBXNativeTarget section */

/* Begin PBXProject section */
		C0A0715619477327001C87CA /* Project object */ = {
			isa = PBXProject;
			attributes = {
				LastUpgradeCheck = 0510;
				ORGANIZATIONNAME = Appcoda;
				TargetAttributes = {
					C0A0717E19477327001C87CA = {
						TestTargetID = C0A0715D19477327001C87CA;
					};
				};
			};
			buildConfigurationList = C0A0715919477327001C87CA /* Build configuration list for PBXProject "iAdDemo" */;
			compatibilityVersion = "Xcode 3.2";
			developmentRegion = English;
			hasScannedForEncodings = 0;
			knownRegions = (
				en,
				Base,
			);
			mainGroup = C0A0715519477327001C87CA;
			productRefGroup = C0A0715F19477327001C87CA /* Products */;
			projectDirPath = "";
			projectRoot = "";
			targets = (
				C0A0715D19477327001C87CA /* iAdDemo */,
				C0A0717E19477327001C87CA /* iAdDemoTests */,
			);
		};
/* End PBXProject section */

/* Begin PBXResourcesBuildPhase section */
		C0A0715C19477327001C87CA /* Resources */ = {
			isa = PBXResourcesBuildPhase;
			buildActionMask = 2147483647;
			files = (
				C0A0717A19477327001C87CA /* Images.xcassets in Resources */,
				C0A0716C19477327001C87CA /* InfoPlist.strings in Resources */,
				C0A0717519477327001C87CA /* Main.storyboard in Resources */,
			);
			runOnlyForDeploymentPostprocessing = 0;
		};
		C0A0717D19477327001C87CA /* Resources */ = {
			isa = PBXResourcesBuildPhase;
			buildActionMask = 2147483647;
			files = (
				C0A0718B19477327001C87CA /* InfoPlist.strings in Resources */,
			);
			runOnlyForDeploymentPostprocessing = 0;
		};
/* End PBXResourcesBuildPhase section */

/* Begin PBXSourcesBuildPhase section */
		C0A0715A19477327001C87CA /* Sources */ = {
			isa = PBXSourcesBuildPhase;
			buildActionMask = 2147483647;
			files = (
				C0A0717819477327001C87CA /* ViewController.m in Sources */,
				C0A0717219477327001C87CA /* AppDelegate.m in Sources */,
				C0A0716E19477327001C87CA /* main.m in Sources */,
			);
			runOnlyForDeploymentPostprocessing = 0;
		};
		C0A0717B19477327001C87CA /* Sources */ = {
			isa = PBXSourcesBuildPhase;
			buildActionMask = 2147483647;
			files = (
				C0A0718D19477327001C87CA /* iAdDemoTests.m in Sources */,
			);
			runOnlyForDeploymentPostprocessing = 0;
		};
/* End PBXSourcesBuildPhase section */

/* Begin PBXTargetDependency section */
		C0A0718519477327001C87CA /* PBXTargetDependency */ = {
			isa = PBXTargetDependency;
			target = C0A0715D19477327001C87CA /* iAdDemo */;
			targetProxy = C0A0718419477327001C87CA /* PBXContainerItemProxy */;
		};
/* End PBXTargetDependency section */

/* Begin PBXVariantGroup section */
		C0A0716A19477327001C87CA /* InfoPlist.strings */ = {
			isa = PBXVariantGroup;
			children = (
				C0A0716B19477327001C87CA /* en */,
			);
			name = InfoPlist.strings;
			sourceTree = "<group>";
		};
		C0A0717319477327001C87CA /* Main.storyboard */ = {
			isa = PBXVariantGroup;
			children = (
				C0A0717419477327001C87CA /* Base */,
			);
			name = Main.storyboard;
			sourceTree = "<group>";
		};
		C0A0718919477327001C87CA /* InfoPlist.strings */ = {
			isa = PBXVariantGroup;
			children = (
				C0A0718A19477327001C87CA /* en */,
			);
			name = InfoPlist.strings;
			sourceTree = "<group>";
		};
/* End PBXVariantGroup section */

/* Begin XCBuildConfiguration section */
		C0A0718E19477327001C87CA /* Debug */ = {
			isa = XCBuildConfiguration;
			buildSettings = {
				ALWAYS_SEARCH_USER_PATHS = NO;
				CLANG_CXX_LANGUAGE_STANDARD = "gnu++0x";
				CLANG_CXX_LIBRARY = "libc++";
				CLANG_ENABLE_MODULES = YES;
				CLANG_ENABLE_OBJC_ARC = YES;
				CLANG_WARN_BOOL_CONVERSION = YES;
				CLANG_WARN_CONSTANT_CONVERSION = YES;
				CLANG_WARN_DIRECT_OBJC_ISA_USAGE = YES_ERROR;
				CLANG_WARN_EMPTY_BODY = YES;
				CLANG_WARN_ENUM_CONVERSION = YES;
				CLANG_WARN_INT_CONVERSION = YES;
				CLANG_WARN_OBJC_ROOT_CLASS = YES_ERROR;
				CLANG_WARN__DUPLICATE_METHOD_MATCH = YES;
				"CODE_SIGN_IDENTITY[sdk=iphoneos*]" = "iPhone Developer";
				COPY_PHASE_STRIP = NO;
				GCC_C_LANGUAGE_STANDARD = gnu99;
				GCC_DYNAMIC_NO_PIC = NO;
				GCC_OPTIMIZATION_LEVEL = 0;
				GCC_PREPROCESSOR_DEFINITIONS = (
					"DEBUG=1",
					"$(inherited)",
				);
				GCC_SYMBOLS_PRIVATE_EXTERN = NO;
				GCC_WARN_64_TO_32_BIT_CONVERSION = YES;
				GCC_WARN_ABOUT_RETURN_TYPE = YES_ERROR;
				GCC_WARN_UNDECLARED_SELECTOR = YES;
				GCC_WARN_UNINITIALIZED_AUTOS = YES_AGGRESSIVE;
				GCC_WARN_UNUSED_FUNCTION = YES;
				GCC_WARN_UNUSED_VARIABLE = YES;
				IPHONEOS_DEPLOYMENT_TARGET = 7.1;
				ONLY_ACTIVE_ARCH = YES;
				SDKROOT = iphoneos;
			};
			name = Debug;
		};
		C0A0718F19477327001C87CA /* Release */ = {
			isa = XCBuildConfiguration;
			buildSettings = {
				ALWAYS_SEARCH_USER_PATHS = NO;
				CLANG_CXX_LANGUAGE_STANDARD = "gnu++0x";
				CLANG_CXX_LIBRARY = "libc++";
				CLANG_ENABLE_MODULES = YES;
				CLANG_ENABLE_OBJC_ARC = YES;
				CLANG_WARN_BOOL_CONVERSION = YES;
				CLANG_WARN_CONSTANT_CONVERSION = YES;
				CLANG_WARN_DIRECT_OBJC_ISA_USAGE = YES_ERROR;
				CLANG_WARN_EMPTY_BODY = YES;
				CLANG_WARN_ENUM_CONVERSION = YES;
				CLANG_WARN_INT_CONVERSION = YES;
				CLANG_WARN_OBJC_ROOT_CLASS = YES_ERROR;
				CLANG_WARN__DUPLICATE_METHOD_MATCH = YES;
				"CODE_SIGN_IDENTITY[sdk=iphoneos*]" = "iPhone Developer";
				COPY_PHASE_STRIP = YES;
				ENABLE_NS_ASSERTIONS = NO;
				GCC_C_LANGUAGE_STANDARD = gnu99;
				GCC_WARN_64_TO_32_BIT_CONVERSION = YES;
				GCC_WARN_ABOUT_RETURN_TYPE = YES_ERROR;
				GCC_WARN_UNDECLARED_SELECTOR = YES;
				GCC_WARN_UNINITIALIZED_AUTOS = YES_AGGRESSIVE;
				GCC_WARN_UNUSED_FUNCTION = YES;
				GCC_WARN_UNUSED_VARIABLE = YES;
				IPHONEOS_DEPLOYMENT_TARGET = 7.1;
				SDKROOT = iphoneos;
				VALIDATE_PRODUCT = YES;
			};
			name = Release;
		};
		C0A0719119477327001C87CA /* Debug */ = {
			isa = XCBuildConfiguration;
			buildSettings = {
				ASSETCATALOG_COMPILER_APPICON_NAME = AppIcon;
				ASSETCATALOG_COMPILER_LAUNCHIMAGE_NAME = LaunchImage;
				GCC_PRECOMPILE_PREFIX_HEADER = YES;
				GCC_PREFIX_HEADER = "iAdDemo/iAdDemo-Prefix.pch";
				INFOPLIST_FILE = "iAdDemo/iAdDemo-Info.plist";
				PRODUCT_NAME = "$(TARGET_NAME)";
				WRAPPER_EXTENSION = app;
			};
			name = Debug;
		};
		C0A0719219477327001C87CA /* Release */ = {
			isa = XCBuildConfiguration;
			buildSettings = {
				ASSETCATALOG_COMPILER_APPICON_NAME = AppIcon;
				ASSETCATALOG_COMPILER_LAUNCHIMAGE_NAME = LaunchImage;
				GCC_PRECOMPILE_PREFIX_HEADER = YES;
				GCC_PREFIX_HEADER = "iAdDemo/iAdDemo-Prefix.pch";
				INFOPLIST_FILE = "iAdDemo/iAdDemo-Info.plist";
				PRODUCT_NAME = "$(TARGET_NAME)";
				WRAPPER_EXTENSION = app;
			};
			name = Release;
		};
		C0A0719419477327001C87CA /* Debug */ = {
			isa = XCBuildConfiguration;
			buildSettings = {
				BUNDLE_LOADER = "$(BUILT_PRODUCTS_DIR)/iAdDemo.app/iAdDemo";
				FRAMEWORK_SEARCH_PATHS = (
					"$(SDKROOT)/Developer/Library/Frameworks",
					"$(inherited)",
					"$(DEVELOPER_FRAMEWORKS_DIR)",
				);
				GCC_PRECOMPILE_PREFIX_HEADER = YES;
				GCC_PREFIX_HEADER = "iAdDemo/iAdDemo-Prefix.pch";
				GCC_PREPROCESSOR_DEFINITIONS = (
					"DEBUG=1",
					"$(inherited)",
				);
				INFOPLIST_FILE = "iAdDemoTests/iAdDemoTests-Info.plist";
				PRODUCT_NAME = "$(TARGET_NAME)";
				TEST_HOST = "$(BUNDLE_LOADER)";
				WRAPPER_EXTENSION = xctest;
			};
			name = Debug;
		};
		C0A0719519477327001C87CA /* Release */ = {
			isa = XCBuildConfiguration;
			buildSettings = {
				BUNDLE_LOADER = "$(BUILT_PRODUCTS_DIR)/iAdDemo.app/iAdDemo";
				FRAMEWORK_SEARCH_PATHS = (
					"$(SDKROOT)/Developer/Library/Frameworks",
					"$(inherited)",
					"$(DEVELOPER_FRAMEWORKS_DIR)",
				);
				GCC_PRECOMPILE_PREFIX_HEADER = YES;
				GCC_PREFIX_HEADER = "iAdDemo/iAdDemo-Prefix.pch";
				INFOPLIST_FILE = "iAdDemoTests/iAdDemoTests-Info.plist";
				PRODUCT_NAME = "$(TARGET_NAME)";
				TEST_HOST = "$(BUNDLE_LOADER)";
				WRAPPER_EXTENSION = xctest;
			};
			name = Release;
		};
/* End XCBuildConfiguration section */

/* Begin XCConfigurationList section */
		C0A0715919477327001C87CA /* Build configuration list for PBXProject "iAdDemo" */ = {
			isa = XCConfigurationList;
			buildConfigurations = (
				C0A0718E19477327001C87CA /* Debug */,
				C0A0718F19477327001C87CA /* Release */,
			);
			defaultConfigurationIsVisible = 0;
			defaultConfigurationName = Release;
		};
		C0A0719019477327001C87CA /* Build configuration list for PBXNativeTarget "iAdDemo" */ = {
			isa = XCConfigurationList;
			buildConfigurations = (
				C0A0719119477327001C87CA /* Debug */,
				C0A0719219477327001C87CA /* Release */,
			);
			defaultConfigurationIsVisible = 0;
		};
		C0A0719319477327001C87CA /* Build configuration list for PBXNativeTarget "iAdDemoTests" */ = {
			isa = XCConfigurationList;
			buildConfigurations = (
				C0A0719419477327001C87CA /* Debug */,
				C0A0719519477327001C87CA /* Release */,
			);
			defaultConfigurationIsVisible = 0;
		};
/* End XCConfigurationList section */
	};
	rootObject = C0A0715619477327001C87CA /* Project object */;
}
