// !$*UTF8*$!
{
	archiveVersion = 1;
	classes = {
	};
	objectVersion = 46;
	objects = {

/* Begin PBXBuildFile section */
		F45491A61810394F007C4D46 /* Foundation.framework in Frameworks */ = {isa = PBXBuildFile; fileRef = F45491A51810394F007C4D46 /* Foundation.framework */; };
		F45491A81810394F007C4D46 /* CoreGraphics.framework in Frameworks */ = {isa = PBXBuildFile; fileRef = F45491A71810394F007C4D46 /* CoreGraphics.framework */; };
		F45491AA1810394F007C4D46 /* UIKit.framework in Frameworks */ = {isa = PBXBuildFile; fileRef = F45491A91810394F007C4D46 /* UIKit.framework */; };
		F45491B01810394F007C4D46 /* InfoPlist.strings in Resources */ = {isa = PBXBuildFile; fileRef = F45491AE1810394F007C4D46 /* InfoPlist.strings */; };
		F45491B21810394F007C4D46 /* main.m in Sources */ = {isa = PBXBuildFile; fileRef = F45491B11810394F007C4D46 /* main.m */; };
		F45491B61810394F007C4D46 /* AppDelegate.m in Sources */ = {isa = PBXBuildFile; fileRef = F45491B51810394F007C4D46 /* AppDelegate.m */; };
		F45491B91810394F007C4D46 /* Main_iPhone.storyboard in Resources */ = {isa = PBXBuildFile; fileRef = F45491B71810394F007C4D46 /* Main_iPhone.storyboard */; };
		F45491BC1810394F007C4D46 /* Main_iPad.storyboard in Resources */ = {isa = PBXBuildFile; fileRef = F45491BA1810394F007C4D46 /* Main_iPad.storyboard */; };
		F45491BF1810394F007C4D46 /* ViewController.m in Sources */ = {isa = PBXBuildFile; fileRef = F45491BE1810394F007C4D46 /* ViewController.m */; };
		F45491C11810394F007C4D46 /* Images.xcassets in Resources */ = {isa = PBXBuildFile; fileRef = F45491C01810394F007C4D46 /* Images.xcassets */; };
		F45491C818103950007C4D46 /* XCTest.framework in Frameworks */ = {isa = PBXBuildFile; fileRef = F45491C718103950007C4D46 /* XCTest.framework */; };
		F45491C918103950007C4D46 /* Foundation.framework in Frameworks */ = {isa = PBXBuildFile; fileRef = F45491A51810394F007C4D46 /* Foundation.framework */; };
		F45491CA18103950007C4D46 /* UIKit.framework in Frameworks */ = {isa = PBXBuildFile; fileRef = F45491A91810394F007C4D46 /* UIKit.framework */; };
		F45491D218103950007C4D46 /* InfoPlist.strings in Resources */ = {isa = PBXBuildFile; fileRef = F45491D018103950007C4D46 /* InfoPlist.strings */; };
		F45491D418103950007C4D46 /* UniversalAppDemoTests.m in Sources */ = {isa = PBXBuildFile; fileRef = F45491D318103950007C4D46 /* UniversalAppDemoTests.m */; };
		F45491E718103D0B007C4D46 /* background_menu-568@2x.png in Resources */ = {isa = PBXBuildFile; fileRef = F45491DE18103D0B007C4D46 /* background_menu-568@2x.png */; };
		F45491E818103D0B007C4D46 /* background_menu.png in Resources */ = {isa = PBXBuildFile; fileRef = F45491DF18103D0B007C4D46 /* background_menu.png */; };
		F45491E918103D0B007C4D46 /* background_menu@2x.png in Resources */ = {isa = PBXBuildFile; fileRef = F45491E018103D0B007C4D46 /* background_menu@2x.png */; };
		F45491EA18103D0B007C4D46 /* background_menu@2x~ipad.png in Resources */ = {isa = PBXBuildFile; fileRef = F45491E118103D0B007C4D46 /* background_menu@2x~ipad.png */; };
		F45491EB18103D0B007C4D46 /* background_menu~ipad.png in Resources */ = {isa = PBXBuildFile; fileRef = F45491E218103D0B007C4D46 /* background_menu~ipad.png */; };
		F45491EC18103D0B007C4D46 /* button_play.png in Resources */ = {isa = PBXBuildFile; fileRef = F45491E318103D0B007C4D46 /* button_play.png */; };
		F45491ED18103D0B007C4D46 /* button_play@2x.png in Resources */ = {isa = PBXBuildFile; fileRef = F45491E418103D0B007C4D46 /* button_play@2x.png */; };
		F45491EE18103D0B007C4D46 /* button_play@2x~ipad.png in Resources */ = {isa = PBXBuildFile; fileRef = F45491E518103D0B007C4D46 /* button_play@2x~ipad.png */; };
		F45491EF18103D0B007C4D46 /* button_play~ipad.png in Resources */ = {isa = PBXBuildFile; fileRef = F45491E618103D0B007C4D46 /* button_play~ipad.png */; };
/* End PBXBuildFile section */

/* Begin PBXContainerItemProxy section */
		F45491CB18103950007C4D46 /* PBXContainerItemProxy */ = {
			isa = PBXContainerItemProxy;
			containerPortal = F454919A1810394F007C4D46 /* Project object */;
			proxyType = 1;
			remoteGlobalIDString = F45491A11810394F007C4D46;
			remoteInfo = UniversalAppDemo;
		};
/* End PBXContainerItemProxy section */

/* Begin PBXFileReference section */
		F45491A21810394F007C4D46 /* UniversalAppDemo.app */ = {isa = PBXFileReference; explicitFileType = wrapper.application; includeInIndex = 0; path = UniversalAppDemo.app; sourceTree = BUILT_PRODUCTS_DIR; };
		F45491A51810394F007C4D46 /* Foundation.framework */ = {isa = PBXFileReference; lastKnownFileType = wrapper.framework; name = Foundation.framework; path = System/Library/Frameworks/Foundation.framework; sourceTree = SDKROOT; };
		F45491A71810394F007C4D46 /* CoreGraphics.framework */ = {isa = PBXFileReference; lastKnownFileType = wrapper.framework; name = CoreGraphics.framework; path = System/Library/Frameworks/CoreGraphics.framework; sourceTree = SDKROOT; };
		F45491A91810394F007C4D46 /* UIKit.framework */ = {isa = PBXFileReference; lastKnownFileType = wrapper.framework; name = UIKit.framework; path = System/Library/Frameworks/UIKit.framework; sourceTree = SDKROOT; };
		F45491AD1810394F007C4D46 /* UniversalAppDemo-Info.plist */ = {isa = PBXFileReference; lastKnownFileType = text.plist.xml; path = "UniversalAppDemo-Info.plist"; sourceTree = "<group>"; };
		F45491AF1810394F007C4D46 /* en */ = {isa = PBXFileReference; lastKnownFileType = text.plist.strings; name = en; path = en.lproj/InfoPlist.strings; sourceTree = "<group>"; };
		F45491B11810394F007C4D46 /* main.m */ = {isa = PBXFileReference; lastKnownFileType = sourcecode.c.objc; path = main.m; sourceTree = "<group>"; };
		F45491B31810394F007C4D46 /* UniversalAppDemo-Prefix.pch */ = {isa = PBXFileReference; lastKnownFileType = sourcecode.c.h; path = "UniversalAppDemo-Prefix.pch"; sourceTree = "<group>"; };
		F45491B41810394F007C4D46 /* AppDelegate.h */ = {isa = PBXFileReference; lastKnownFileType = sourcecode.c.h; path = AppDelegate.h; sourceTree = "<group>"; };
		F45491B51810394F007C4D46 /* AppDelegate.m */ = {isa = PBXFileReference; lastKnownFileType = sourcecode.c.objc; path = AppDelegate.m; sourceTree = "<group>"; };
		F45491B81810394F007C4D46 /* Base */ = {isa = PBXFileReference; lastKnownFileType = file.storyboard; name = Base; path = Base.lproj/Main_iPhone.storyboard; sourceTree = "<group>"; };
		F45491BB1810394F007C4D46 /* Base */ = {isa = PBXFileReference; lastKnownFileType = file.storyboard; name = Base; path = Base.lproj/Main_iPad.storyboard; sourceTree = "<group>"; };
		F45491BD1810394F007C4D46 /* ViewController.h */ = {isa = PBXFileReference; lastKnownFileType = sourcecode.c.h; path = ViewController.h; sourceTree = "<group>"; };
		F45491BE1810394F007C4D46 /* ViewController.m */ = {isa = PBXFileReference; lastKnownFileType = sourcecode.c.objc; path = ViewController.m; sourceTree = "<group>"; };
		F45491C01810394F007C4D46 /* Images.xcassets */ = {isa = PBXFileReference; lastKnownFileType = folder.assetcatalog; path = Images.xcassets; sourceTree = "<group>"; };
		F45491C618103950007C4D46 /* UniversalAppDemoTests.xctest */ = {isa = PBXFileReference; explicitFileType = wrapper.cfbundle; includeInIndex = 0; path = UniversalAppDemoTests.xctest; sourceTree = BUILT_PRODUCTS_DIR; };
		F45491C718103950007C4D46 /* XCTest.framework */ = {isa = PBXFileReference; lastKnownFileType = wrapper.framework; name = XCTest.framework; path = Library/Frameworks/XCTest.framework; sourceTree = DEVELOPER_DIR; };
		F45491CF18103950007C4D46 /* UniversalAppDemoTests-Info.plist */ = {isa = PBXFileReference; lastKnownFileType = text.plist.xml; path = "UniversalAppDemoTests-Info.plist"; sourceTree = "<group>"; };
		F45491D118103950007C4D46 /* en */ = {isa = PBXFileReference; lastKnownFileType = text.plist.strings; name = en; path = en.lproj/InfoPlist.strings; sourceTree = "<group>"; };
		F45491D318103950007C4D46 /* UniversalAppDemoTests.m */ = {isa = PBXFileReference; lastKnownFileType = sourcecode.c.objc; path = UniversalAppDemoTests.m; sourceTree = "<group>"; };
		F45491DE18103D0B007C4D46 /* background_menu-568@2x.png */ = {isa = PBXFileReference; lastKnownFileType = image.png; name = "background_menu-568@2x.png"; path = "images/background_menu-568@2x.png"; sourceTree = "<group>"; };
		F45491DF18103D0B007C4D46 /* background_menu.png */ = {isa = PBXFileReference; lastKnownFileType = image.png; name = background_menu.png; path = images/background_menu.png; sourceTree = "<group>"; };
		F45491E018103D0B007C4D46 /* background_menu@2x.png */ = {isa = PBXFileReference; lastKnownFileType = image.png; name = "background_menu@2x.png"; path = "images/background_menu@2x.png"; sourceTree = "<group>"; };
		F45491E118103D0B007C4D46 /* background_menu@2x~ipad.png */ = {isa = PBXFileReference; lastKnownFileType = image.png; name = "background_menu@2x~ipad.png"; path = "images/background_menu@2x~ipad.png"; sourceTree = "<group>"; };
		F45491E218103D0B007C4D46 /* background_menu~ipad.png */ = {isa = PBXFileReference; lastKnownFileType = image.png; name = "background_menu~ipad.png"; path = "images/background_menu~ipad.png"; sourceTree = "<group>"; };
		F45491E318103D0B007C4D46 /* button_play.png */ = {isa = PBXFileReference; lastKnownFileType = image.png; name = button_play.png; path = images/button_play.png; sourceTree = "<group>"; };
		F45491E418103D0B007C4D46 /* button_play@2x.png */ = {isa = PBXFileReference; lastKnownFileType = image.png; name = "button_play@2x.png"; path = "images/button_play@2x.png"; sourceTree = "<group>"; };
		F45491E518103D0B007C4D46 /* button_play@2x~ipad.png */ = {isa = PBXFileReference; lastKnownFileType = image.png; name = "button_play@2x~ipad.png"; path = "images/button_play@2x~ipad.png"; sourceTree = "<group>"; };
		F45491E618103D0B007C4D46 /* button_play~ipad.png */ = {isa = PBXFileReference; lastKnownFileType = image.png; name = "button_play~ipad.png"; path = "images/button_play~ipad.png"; sourceTree = "<group>"; };
/* End PBXFileReference section */

/* Begin PBXFrameworksBuildPhase section */
		F454919F1810394F007C4D46 /* Frameworks */ = {
			isa = PBXFrameworksBuildPhase;
			buildActionMask = 2147483647;
			files = (
				F45491A81810394F007C4D46 /* CoreGraphics.framework in Frameworks */,
				F45491AA1810394F007C4D46 /* UIKit.framework in Frameworks */,
				F45491A61810394F007C4D46 /* Foundation.framework in Frameworks */,
			);
			runOnlyForDeploymentPostprocessing = 0;
		};
		F45491C318103950007C4D46 /* Frameworks */ = {
			isa = PBXFrameworksBuildPhase;
			buildActionMask = 2147483647;
			files = (
				F45491C818103950007C4D46 /* XCTest.framework in Frameworks */,
				F45491CA18103950007C4D46 /* UIKit.framework in Frameworks */,
				F45491C918103950007C4D46 /* Foundation.framework in Frameworks */,
			);
			runOnlyForDeploymentPostprocessing = 0;
		};
/* End PBXFrameworksBuildPhase section */

/* Begin PBXGroup section */
		F45491991810394F007C4D46 = {
			isa = PBXGroup;
			children = (
				F45491AB1810394F007C4D46 /* UniversalAppDemo */,
				F45491CD18103950007C4D46 /* UniversalAppDemoTests */,
				F45491A41810394F007C4D46 /* Frameworks */,
				F45491A31810394F007C4D46 /* Products */,
			);
			sourceTree = "<group>";
		};
		F45491A31810394F007C4D46 /* Products */ = {
			isa = PBXGroup;
			children = (
				F45491A21810394F007C4D46 /* UniversalAppDemo.app */,
				F45491C618103950007C4D46 /* UniversalAppDemoTests.xctest */,
			);
			name = Products;
			sourceTree = "<group>";
		};
		F45491A41810394F007C4D46 /* Frameworks */ = {
			isa = PBXGroup;
			children = (
				F45491A51810394F007C4D46 /* Foundation.framework */,
				F45491A71810394F007C4D46 /* CoreGraphics.framework */,
				F45491A91810394F007C4D46 /* UIKit.framework */,
				F45491C718103950007C4D46 /* XCTest.framework */,
			);
			name = Frameworks;
			sourceTree = "<group>";
		};
		F45491AB1810394F007C4D46 /* UniversalAppDemo */ = {
			isa = PBXGroup;
			children = (
				F45491DD18103CF8007C4D46 /* images */,
				F45491B41810394F007C4D46 /* AppDelegate.h */,
				F45491B51810394F007C4D46 /* AppDelegate.m */,
				F45491B71810394F007C4D46 /* Main_iPhone.storyboard */,
				F45491BA1810394F007C4D46 /* Main_iPad.storyboard */,
				F45491BD1810394F007C4D46 /* ViewController.h */,
				F45491BE1810394F007C4D46 /* ViewController.m */,
				F45491C01810394F007C4D46 /* Images.xcassets */,
				F45491AC1810394F007C4D46 /* Supporting Files */,
			);
			path = UniversalAppDemo;
			sourceTree = "<group>";
		};
		F45491AC1810394F007C4D46 /* Supporting Files */ = {
			isa = PBXGroup;
			children = (
				F45491AD1810394F007C4D46 /* UniversalAppDemo-Info.plist */,
				F45491AE1810394F007C4D46 /* InfoPlist.strings */,
				F45491B11810394F007C4D46 /* main.m */,
				F45491B31810394F007C4D46 /* UniversalAppDemo-Prefix.pch */,
			);
			name = "Supporting Files";
			sourceTree = "<group>";
		};
		F45491CD18103950007C4D46 /* UniversalAppDemoTests */ = {
			isa = PBXGroup;
			children = (
				F45491D318103950007C4D46 /* UniversalAppDemoTests.m */,
				F45491CE18103950007C4D46 /* Supporting Files */,
			);
			path = UniversalAppDemoTests;
			sourceTree = "<group>";
		};
		F45491CE18103950007C4D46 /* Supporting Files */ = {
			isa = PBXGroup;
			children = (
				F45491CF18103950007C4D46 /* UniversalAppDemoTests-Info.plist */,
				F45491D018103950007C4D46 /* InfoPlist.strings */,
			);
			name = "Supporting Files";
			sourceTree = "<group>";
		};
		F45491DD18103CF8007C4D46 /* images */ = {
			isa = PBXGroup;
			children = (
				F45491DE18103D0B007C4D46 /* background_menu-568@2x.png */,
				F45491DF18103D0B007C4D46 /* background_menu.png */,
				F45491E018103D0B007C4D46 /* background_menu@2x.png */,
				F45491E118103D0B007C4D46 /* background_menu@2x~ipad.png */,
				F45491E218103D0B007C4D46 /* background_menu~ipad.png */,
				F45491E318103D0B007C4D46 /* button_play.png */,
				F45491E418103D0B007C4D46 /* button_play@2x.png */,
				F45491E518103D0B007C4D46 /* button_play@2x~ipad.png */,
				F45491E618103D0B007C4D46 /* button_play~ipad.png */,
			);
			name = images;
			sourceTree = "<group>";
		};
/* End PBXGroup section */

/* Begin PBXNativeTarget section */
		F45491A11810394F007C4D46 /* UniversalAppDemo */ = {
			isa = PBXNativeTarget;
			buildConfigurationList = F45491D718103950007C4D46 /* Build configuration list for PBXNativeTarget "UniversalAppDemo" */;
			buildPhases = (
				F454919E1810394F007C4D46 /* Sources */,
				F454919F1810394F007C4D46 /* Frameworks */,
				F45491A01810394F007C4D46 /* Resources */,
			);
			buildRules = (
			);
			dependencies = (
			);
			name = UniversalAppDemo;
			productName = UniversalAppDemo;
			productReference = F45491A21810394F007C4D46 /* UniversalAppDemo.app */;
			productType = "com.apple.product-type.application";
		};
		F45491C518103950007C4D46 /* UniversalAppDemoTests */ = {
			isa = PBXNativeTarget;
			buildConfigurationList = F45491DA18103950007C4D46 /* Build configuration list for PBXNativeTarget "UniversalAppDemoTests" */;
			buildPhases = (
				F45491C218103950007C4D46 /* Sources */,
				F45491C318103950007C4D46 /* Frameworks */,
				F45491C418103950007C4D46 /* Resources */,
			);
			buildRules = (
			);
			dependencies = (
				F45491CC18103950007C4D46 /* PBXTargetDependency */,
			);
			name = UniversalAppDemoTests;
			productName = UniversalAppDemoTests;
			productReference = F45491C618103950007C4D46 /* UniversalAppDemoTests.xctest */;
			productType = "com.apple.product-type.bundle.unit-test";
		};
/* End PBXNativeTarget section */

/* Begin PBXProject section */
		F454919A1810394F007C4D46 /* Project object */ = {
			isa = PBXProject;
			attributes = {
				LastUpgradeCheck = 0500;
				ORGANIZATIONNAME = Appcoda;
				TargetAttributes = {
					F45491C518103950007C4D46 = {
						TestTargetID = F45491A11810394F007C4D46;
					};
				};
			};
			buildConfigurationList = F454919D1810394F007C4D46 /* Build configuration list for PBXProject "UniversalAppDemo" */;
			compatibilityVersion = "Xcode 3.2";
			developmentRegion = English;
			hasScannedForEncodings = 0;
			knownRegions = (
				en,
				Base,
			);
			mainGroup = F45491991810394F007C4D46;
			productRefGroup = F45491A31810394F007C4D46 /* Products */;
			projectDirPath = "";
			projectRoot = "";
			targets = (
				F45491A11810394F007C4D46 /* UniversalAppDemo */,
				F45491C518103950007C4D46 /* UniversalAppDemoTests */,
			);
		};
/* End PBXProject section */

/* Begin PBXResourcesBuildPhase section */
		F45491A01810394F007C4D46 /* Resources */ = {
			isa = PBXResourcesBuildPhase;
			buildActionMask = 2147483647;
			files = (
				F45491EA18103D0B007C4D46 /* background_menu@2x~ipad.png in Resources */,
				F45491BC1810394F007C4D46 /* Main_iPad.storyboard in Resources */,
				F45491C11810394F007C4D46 /* Images.xcassets in Resources */,
				F45491E818103D0B007C4D46 /* background_menu.png in Resources */,
				F45491E718103D0B007C4D46 /* background_menu-568@2x.png in Resources */,
				F45491EE18103D0B007C4D46 /* button_play@2x~ipad.png in Resources */,
				F45491ED18103D0B007C4D46 /* button_play@2x.png in Resources */,
				F45491EC18103D0B007C4D46 /* button_play.png in Resources */,
				F45491EB18103D0B007C4D46 /* background_menu~ipad.png in Resources */,
				F45491B91810394F007C4D46 /* Main_iPhone.storyboard in Resources */,
				F45491EF18103D0B007C4D46 /* button_play~ipad.png in Resources */,
				F45491E918103D0B007C4D46 /* background_menu@2x.png in Resources */,
				F45491B01810394F007C4D46 /* InfoPlist.strings in Resources */,
			);
			runOnlyForDeploymentPostprocessing = 0;
		};
		F45491C418103950007C4D46 /* Resources */ = {
			isa = PBXResourcesBuildPhase;
			buildActionMask = 2147483647;
			files = (
				F45491D218103950007C4D46 /* InfoPlist.strings in Resources */,
			);
			runOnlyForDeploymentPostprocessing = 0;
		};
/* End PBXResourcesBuildPhase section */

/* Begin PBXSourcesBuildPhase section */
		F454919E1810394F007C4D46 /* Sources */ = {
			isa = PBXSourcesBuildPhase;
			buildActionMask = 2147483647;
			files = (
				F45491BF1810394F007C4D46 /* ViewController.m in Sources */,
				F45491B61810394F007C4D46 /* AppDelegate.m in Sources */,
				F45491B21810394F007C4D46 /* main.m in Sources */,
			);
			runOnlyForDeploymentPostprocessing = 0;
		};
		F45491C218103950007C4D46 /* Sources */ = {
			isa = PBXSourcesBuildPhase;
			buildActionMask = 2147483647;
			files = (
				F45491D418103950007C4D46 /* UniversalAppDemoTests.m in Sources */,
			);
			runOnlyForDeploymentPostprocessing = 0;
		};
/* End PBXSourcesBuildPhase section */

/* Begin PBXTargetDependency section */
		F45491CC18103950007C4D46 /* PBXTargetDependency */ = {
			isa = PBXTargetDependency;
			target = F45491A11810394F007C4D46 /* UniversalAppDemo */;
			targetProxy = F45491CB18103950007C4D46 /* PBXContainerItemProxy */;
		};
/* End PBXTargetDependency section */

/* Begin PBXVariantGroup section */
		F45491AE1810394F007C4D46 /* InfoPlist.strings */ = {
			isa = PBXVariantGroup;
			children = (
				F45491AF1810394F007C4D46 /* en */,
			);
			name = InfoPlist.strings;
			sourceTree = "<group>";
		};
		F45491B71810394F007C4D46 /* Main_iPhone.storyboard */ = {
			isa = PBXVariantGroup;
			children = (
				F45491B81810394F007C4D46 /* Base */,
			);
			name = Main_iPhone.storyboard;
			sourceTree = "<group>";
		};
		F45491BA1810394F007C4D46 /* Main_iPad.storyboard */ = {
			isa = PBXVariantGroup;
			children = (
				F45491BB1810394F007C4D46 /* Base */,
			);
			name = Main_iPad.storyboard;
			sourceTree = "<group>";
		};
		F45491D018103950007C4D46 /* InfoPlist.strings */ = {
			isa = PBXVariantGroup;
			children = (
				F45491D118103950007C4D46 /* en */,
			);
			name = InfoPlist.strings;
			sourceTree = "<group>";
		};
/* End PBXVariantGroup section */

/* Begin XCBuildConfiguration section */
		F45491D518103950007C4D46 /* Debug */ = {
			isa = XCBuildConfiguration;
			buildSettings = {
				ALWAYS_SEARCH_USER_PATHS = NO;
				ARCHS = "$(ARCHS_STANDARD_INCLUDING_64_BIT)";
				CLANG_CXX_LANGUAGE_STANDARD = "gnu++0x";
				CLANG_CXX_LIBRARY = "libc++";
				CLANG_ENABLE_MODULES = YES;
				CLANG_ENABLE_OBJC_ARC = YES;
				CLANG_WARN_BOOL_CONVERSION = YES;
				CLANG_WARN_CONSTANT_CONVERSION = YES;
				CLANG_WARN_DIRECT_OBJC_ISA_USAGE = YES_ERROR;
				CLANG_WARN_EMPTY_BODY = YES;
				CLANG_WARN_ENUM_CONVERSION = YES;
				CLANG_WARN_INT_CONVERSION = YES;
				CLANG_WARN_OBJC_ROOT_CLASS = YES_ERROR;
				CLANG_WARN__DUPLICATE_METHOD_MATCH = YES;
				"CODE_SIGN_IDENTITY[sdk=iphoneos*]" = "iPhone Developer";
				COPY_PHASE_STRIP = NO;
				GCC_C_LANGUAGE_STANDARD = gnu99;
				GCC_DYNAMIC_NO_PIC = NO;
				GCC_OPTIMIZATION_LEVEL = 0;
				GCC_PREPROCESSOR_DEFINITIONS = (
					"DEBUG=1",
					"$(inherited)",
				);
				GCC_SYMBOLS_PRIVATE_EXTERN = NO;
				GCC_WARN_64_TO_32_BIT_CONVERSION = YES;
				GCC_WARN_ABOUT_RETURN_TYPE = YES_ERROR;
				GCC_WARN_UNDECLARED_SELECTOR = YES;
				GCC_WARN_UNINITIALIZED_AUTOS = YES;
				GCC_WARN_UNUSED_FUNCTION = YES;
				GCC_WARN_UNUSED_VARIABLE = YES;
				IPHONEOS_DEPLOYMENT_TARGET = 7.0;
				ONLY_ACTIVE_ARCH = YES;
				SDKROOT = iphoneos;
				TARGETED_DEVICE_FAMILY = "1,2";
			};
			name = Debug;
		};
		F45491D618103950007C4D46 /* Release */ = {
			isa = XCBuildConfiguration;
			buildSettings = {
				ALWAYS_SEARCH_USER_PATHS = NO;
				ARCHS = "$(ARCHS_STANDARD_INCLUDING_64_BIT)";
				CLANG_CXX_LANGUAGE_STANDARD = "gnu++0x";
				CLANG_CXX_LIBRARY = "libc++";
				CLANG_ENABLE_MODULES = YES;
				CLANG_ENABLE_OBJC_ARC = YES;
				CLANG_WARN_BOOL_CONVERSION = YES;
				CLANG_WARN_CONSTANT_CONVERSION = YES;
				CLANG_WARN_DIRECT_OBJC_ISA_USAGE = YES_ERROR;
				CLANG_WARN_EMPTY_BODY = YES;
				CLANG_WARN_ENUM_CONVERSION = YES;
				CLANG_WARN_INT_CONVERSION = YES;
				CLANG_WARN_OBJC_ROOT_CLASS = YES_ERROR;
				CLANG_WARN__DUPLICATE_METHOD_MATCH = YES;
				"CODE_SIGN_IDENTITY[sdk=iphoneos*]" = "iPhone Developer";
				COPY_PHASE_STRIP = YES;
				ENABLE_NS_ASSERTIONS = NO;
				GCC_C_LANGUAGE_STANDARD = gnu99;
				GCC_WARN_64_TO_32_BIT_CONVERSION = YES;
				GCC_WARN_ABOUT_RETURN_TYPE = YES_ERROR;
				GCC_WARN_UNDECLARED_SELECTOR = YES;
				GCC_WARN_UNINITIALIZED_AUTOS = YES;
				GCC_WARN_UNUSED_FUNCTION = YES;
				GCC_WARN_UNUSED_VARIABLE = YES;
				IPHONEOS_DEPLOYMENT_TARGET = 7.0;
				SDKROOT = iphoneos;
				TARGETED_DEVICE_FAMILY = "1,2";
				VALIDATE_PRODUCT = YES;
			};
			name = Release;
		};
		F45491D818103950007C4D46 /* Debug */ = {
			isa = XCBuildConfiguration;
			buildSettings = {
				ASSETCATALOG_COMPILER_APPICON_NAME = AppIcon;
				ASSETCATALOG_COMPILER_LAUNCHIMAGE_NAME = LaunchImage;
				GCC_PRECOMPILE_PREFIX_HEADER = YES;
				GCC_PREFIX_HEADER = "UniversalAppDemo/UniversalAppDemo-Prefix.pch";
				INFOPLIST_FILE = "UniversalAppDemo/UniversalAppDemo-Info.plist";
				PRODUCT_NAME = "$(TARGET_NAME)";
				WRAPPER_EXTENSION = app;
			};
			name = Debug;
		};
		F45491D918103950007C4D46 /* Release */ = {
			isa = XCBuildConfiguration;
			buildSettings = {
				ASSETCATALOG_COMPILER_APPICON_NAME = AppIcon;
				ASSETCATALOG_COMPILER_LAUNCHIMAGE_NAME = LaunchImage;
				GCC_PRECOMPILE_PREFIX_HEADER = YES;
				GCC_PREFIX_HEADER = "UniversalAppDemo/UniversalAppDemo-Prefix.pch";
				INFOPLIST_FILE = "UniversalAppDemo/UniversalAppDemo-Info.plist";
				PRODUCT_NAME = "$(TARGET_NAME)";
				WRAPPER_EXTENSION = app;
			};
			name = Release;
		};
		F45491DB18103950007C4D46 /* Debug */ = {
			isa = XCBuildConfiguration;
			buildSettings = {
				ARCHS = "$(ARCHS_STANDARD_INCLUDING_64_BIT)";
				BUNDLE_LOADER = "$(BUILT_PRODUCTS_DIR)/UniversalAppDemo.app/UniversalAppDemo";
				FRAMEWORK_SEARCH_PATHS = (
					"$(SDKROOT)/Developer/Library/Frameworks",
					"$(inherited)",
					"$(DEVELOPER_FRAMEWORKS_DIR)",
				);
				GCC_PRECOMPILE_PREFIX_HEADER = YES;
				GCC_PREFIX_HEADER = "UniversalAppDemo/UniversalAppDemo-Prefix.pch";
				GCC_PREPROCESSOR_DEFINITIONS = (
					"DEBUG=1",
					"$(inherited)",
				);
				INFOPLIST_FILE = "UniversalAppDemoTests/UniversalAppDemoTests-Info.plist";
				PRODUCT_NAME = "$(TARGET_NAME)";
				TEST_HOST = "$(BUNDLE_LOADER)";
				WRAPPER_EXTENSION = xctest;
			};
			name = Debug;
		};
		F45491DC18103950007C4D46 /* Release */ = {
			isa = XCBuildConfiguration;
			buildSettings = {
				ARCHS = "$(ARCHS_STANDARD_INCLUDING_64_BIT)";
				BUNDLE_LOADER = "$(BUILT_PRODUCTS_DIR)/UniversalAppDemo.app/UniversalAppDemo";
				FRAMEWORK_SEARCH_PATHS = (
					"$(SDKROOT)/Developer/Library/Frameworks",
					"$(inherited)",
					"$(DEVELOPER_FRAMEWORKS_DIR)",
				);
				GCC_PRECOMPILE_PREFIX_HEADER = YES;
				GCC_PREFIX_HEADER = "UniversalAppDemo/UniversalAppDemo-Prefix.pch";
				INFOPLIST_FILE = "UniversalAppDemoTests/UniversalAppDemoTests-Info.plist";
				PRODUCT_NAME = "$(TARGET_NAME)";
				TEST_HOST = "$(BUNDLE_LOADER)";
				WRAPPER_EXTENSION = xctest;
			};
			name = Release;
		};
/* End XCBuildConfiguration section */

/* Begin XCConfigurationList section */
		F454919D1810394F007C4D46 /* Build configuration list for PBXProject "UniversalAppDemo" */ = {
			isa = XCConfigurationList;
			buildConfigurations = (
				F45491D518103950007C4D46 /* Debug */,
				F45491D618103950007C4D46 /* Release */,
			);
			defaultConfigurationIsVisible = 0;
			defaultConfigurationName = Release;
		};
		F45491D718103950007C4D46 /* Build configuration list for PBXNativeTarget "UniversalAppDemo" */ = {
			isa = XCConfigurationList;
			buildConfigurations = (
				F45491D818103950007C4D46 /* Debug */,
				F45491D918103950007C4D46 /* Release */,
			);
			defaultConfigurationIsVisible = 0;
		};
		F45491DA18103950007C4D46 /* Build configuration list for PBXNativeTarget "UniversalAppDemoTests" */ = {
			isa = XCConfigurationList;
			buildConfigurations = (
				F45491DB18103950007C4D46 /* Debug */,
				F45491DC18103950007C4D46 /* Release */,
			);
			defaultConfigurationIsVisible = 0;
		};
/* End XCConfigurationList section */
	};
	rootObject = F454919A1810394F007C4D46 /* Project object */;
}
