// !$*UTF8*$!
{
	archiveVersion = 1;
	classes = {
	};
	objectVersion = 46;
	objects = {

/* Begin PBXBuildFile section */
		F41D1AD01A43BE0200DB6970 /* main.m in Sources */ = {isa = PBXBuildFile; fileRef = F41D1ACF1A43BE0200DB6970 /* main.m */; };
		F41D1AD31A43BE0200DB6970 /* AppDelegate.m in Sources */ = {isa = PBXBuildFile; fileRef = F41D1AD21A43BE0200DB6970 /* AppDelegate.m */; };
		F41D1AD91A43BE0200DB6970 /* Main.storyboard in Resources */ = {isa = PBXBuildFile; fileRef = F41D1AD71A43BE0200DB6970 /* Main.storyboard */; };
		F41D1ADB1A43BE0200DB6970 /* Images.xcassets in Resources */ = {isa = PBXBuildFile; fileRef = F41D1ADA1A43BE0200DB6970 /* Images.xcassets */; };
		F41D1ADE1A43BE0200DB6970 /* LaunchScreen.xib in Resources */ = {isa = PBXBuildFile; fileRef = F41D1ADC1A43BE0200DB6970 /* LaunchScreen.xib */; };
		F41D1AEA1A43BE0200DB6970 /* POPDemoTests.m in Sources */ = {isa = PBXBuildFile; fileRef = F41D1AE91A43BE0200DB6970 /* POPDemoTests.m */; };
		F41D1B441A43D0A900DB6970 /* ExamplesListViewController.m in Sources */ = {isa = PBXBuildFile; fileRef = F41D1B431A43D0A900DB6970 /* ExamplesListViewController.m */; };
		F41D1B481A43D38C00DB6970 /* ExampleCell.m in Sources */ = {isa = PBXBuildFile; fileRef = F41D1B471A43D38C00DB6970 /* ExampleCell.m */; };
		F4C812461A469F0D00746B98 /* FacebookButtonAnimationViewController.m in Sources */ = {isa = PBXBuildFile; fileRef = F4C812451A469F0D00746B98 /* FacebookButtonAnimationViewController.m */; };
		F4C8124B1A4734FC00746B98 /* WrongPasswordViewController.m in Sources */ = {isa = PBXBuildFile; fileRef = F4C8124A1A4734FC00746B98 /* WrongPasswordViewController.m */; };
		F4C8124F1A47AD8B00746B98 /* CustomVCTransitionViewController.m in Sources */ = {isa = PBXBuildFile; fileRef = F4C8124E1A47AD8B00746B98 /* CustomVCTransitionViewController.m */; };
		F4C812531A47ADCD00746B98 /* CustomModalViewController.m in Sources */ = {isa = PBXBuildFile; fileRef = F4C812521A47ADCD00746B98 /* CustomModalViewController.m */; };
		F4C812561A47BCD500746B98 /* PresentingAnimationController.m in Sources */ = {isa = PBXBuildFile; fileRef = F4C812551A47BCD500746B98 /* PresentingAnimationController.m */; };
		F4C812591A47C44700746B98 /* DismissingAnimationController.m in Sources */ = {isa = PBXBuildFile; fileRef = F4C812581A47C44700746B98 /* DismissingAnimationController.m */; };
		F4EB566B1A4417CC00F8A956 /* InfoPlist.strings in Resources */ = {isa = PBXBuildFile; fileRef = F4EB56331A4417CC00F8A956 /* InfoPlist.strings */; };
		F4EB566C1A4417CC00F8A956 /* pop-Info.plist in Resources */ = {isa = PBXBuildFile; fileRef = F4EB56351A4417CC00F8A956 /* pop-Info.plist */; };
		F4EB566D1A4417CC00F8A956 /* POPAnimatableProperty.mm in Sources */ = {isa = PBXBuildFile; fileRef = F4EB563A1A4417CC00F8A956 /* POPAnimatableProperty.mm */; };
		F4EB566E1A4417CC00F8A956 /* POPAnimation.mm in Sources */ = {isa = PBXBuildFile; fileRef = F4EB563C1A4417CC00F8A956 /* POPAnimation.mm */; };
		F4EB566F1A4417CC00F8A956 /* POPAnimationEvent.mm in Sources */ = {isa = PBXBuildFile; fileRef = F4EB563E1A4417CC00F8A956 /* POPAnimationEvent.mm */; };
		F4EB56701A4417CC00F8A956 /* POPAnimationExtras.mm in Sources */ = {isa = PBXBuildFile; fileRef = F4EB56411A4417CC00F8A956 /* POPAnimationExtras.mm */; };
		F4EB56711A4417CC00F8A956 /* POPAnimationRuntime.mm in Sources */ = {isa = PBXBuildFile; fileRef = F4EB56451A4417CC00F8A956 /* POPAnimationRuntime.mm */; };
		F4EB56721A4417CC00F8A956 /* POPAnimationTracer.mm in Sources */ = {isa = PBXBuildFile; fileRef = F4EB56471A4417CC00F8A956 /* POPAnimationTracer.mm */; };
		F4EB56731A4417CC00F8A956 /* POPAnimator.mm in Sources */ = {isa = PBXBuildFile; fileRef = F4EB564A1A4417CC00F8A956 /* POPAnimator.mm */; };
		F4EB56741A4417CC00F8A956 /* POPBasicAnimation.mm in Sources */ = {isa = PBXBuildFile; fileRef = F4EB564D1A4417CC00F8A956 /* POPBasicAnimation.mm */; };
		F4EB56751A4417CC00F8A956 /* POPCGUtils.mm in Sources */ = {isa = PBXBuildFile; fileRef = F4EB56501A4417CC00F8A956 /* POPCGUtils.mm */; };
		F4EB56761A4417CC00F8A956 /* POPCustomAnimation.mm in Sources */ = {isa = PBXBuildFile; fileRef = F4EB56521A4417CC00F8A956 /* POPCustomAnimation.mm */; };
		F4EB56771A4417CC00F8A956 /* POPDecayAnimation.mm in Sources */ = {isa = PBXBuildFile; fileRef = F4EB56541A4417CC00F8A956 /* POPDecayAnimation.mm */; };
		F4EB56781A4417CC00F8A956 /* POPGeometry.mm in Sources */ = {isa = PBXBuildFile; fileRef = F4EB56581A4417CC00F8A956 /* POPGeometry.mm */; };
		F4EB56791A4417CC00F8A956 /* POPLayerExtras.mm in Sources */ = {isa = PBXBuildFile; fileRef = F4EB565A1A4417CC00F8A956 /* POPLayerExtras.mm */; };
		F4EB567A1A4417CC00F8A956 /* POPMath.mm in Sources */ = {isa = PBXBuildFile; fileRef = F4EB565C1A4417CC00F8A956 /* POPMath.mm */; };
		F4EB567B1A4417CC00F8A956 /* POPPropertyAnimation.mm in Sources */ = {isa = PBXBuildFile; fileRef = F4EB565E1A4417CC00F8A956 /* POPPropertyAnimation.mm */; };
		F4EB567C1A4417CC00F8A956 /* POPSpringAnimation.mm in Sources */ = {isa = PBXBuildFile; fileRef = F4EB56611A4417CC00F8A956 /* POPSpringAnimation.mm */; };
		F4EB567D1A4417CC00F8A956 /* POPVector.mm in Sources */ = {isa = PBXBuildFile; fileRef = F4EB56651A4417CC00F8A956 /* POPVector.mm */; };
		F4EB567E1A4417CC00F8A956 /* TransformationMatrix.cpp in Sources */ = {isa = PBXBuildFile; fileRef = F4EB56681A4417CC00F8A956 /* TransformationMatrix.cpp */; };
/* End PBXBuildFile section */

/* Begin PBXContainerItemProxy section */
		F41D1AE41A43BE0200DB6970 /* PBXContainerItemProxy */ = {
			isa = PBXContainerItemProxy;
			containerPortal = F41D1AC21A43BE0200DB6970 /* Project object */;
			proxyType = 1;
			remoteGlobalIDString = F41D1AC91A43BE0200DB6970;
			remoteInfo = POPDemo;
		};
/* End PBXContainerItemProxy section */

/* Begin PBXFileReference section */
		F41D1ACA1A43BE0200DB6970 /* POPDemo.app */ = {isa = PBXFileReference; explicitFileType = wrapper.application; includeInIndex = 0; path = POPDemo.app; sourceTree = BUILT_PRODUCTS_DIR; };
		F41D1ACE1A43BE0200DB6970 /* Info.plist */ = {isa = PBXFileReference; lastKnownFileType = text.plist.xml; path = Info.plist; sourceTree = "<group>"; };
		F41D1ACF1A43BE0200DB6970 /* main.m */ = {isa = PBXFileReference; lastKnownFileType = sourcecode.c.objc; path = main.m; sourceTree = "<group>"; };
		F41D1AD11A43BE0200DB6970 /* AppDelegate.h */ = {isa = PBXFileReference; lastKnownFileType = sourcecode.c.h; path = AppDelegate.h; sourceTree = "<group>"; };
		F41D1AD21A43BE0200DB6970 /* AppDelegate.m */ = {isa = PBXFileReference; lastKnownFileType = sourcecode.c.objc; path = AppDelegate.m; sourceTree = "<group>"; };
		F41D1AD81A43BE0200DB6970 /* Base */ = {isa = PBXFileReference; lastKnownFileType = file.storyboard; name = Base; path = Base.lproj/Main.storyboard; sourceTree = "<group>"; };
		F41D1ADA1A43BE0200DB6970 /* Images.xcassets */ = {isa = PBXFileReference; lastKnownFileType = folder.assetcatalog; path = Images.xcassets; sourceTree = "<group>"; };
		F41D1ADD1A43BE0200DB6970 /* Base */ = {isa = PBXFileReference; lastKnownFileType = file.xib; name = Base; path = Base.lproj/LaunchScreen.xib; sourceTree = "<group>"; };
		F41D1AE31A43BE0200DB6970 /* POPDemoTests.xctest */ = {isa = PBXFileReference; explicitFileType = wrapper.cfbundle; includeInIndex = 0; path = POPDemoTests.xctest; sourceTree = BUILT_PRODUCTS_DIR; };
		F41D1AE81A43BE0200DB6970 /* Info.plist */ = {isa = PBXFileReference; lastKnownFileType = text.plist.xml; path = Info.plist; sourceTree = "<group>"; };
		F41D1AE91A43BE0200DB6970 /* POPDemoTests.m */ = {isa = PBXFileReference; lastKnownFileType = sourcecode.c.objc; path = POPDemoTests.m; sourceTree = "<group>"; };
		F41D1B421A43D0A900DB6970 /* ExamplesListViewController.h */ = {isa = PBXFileReference; fileEncoding = 4; lastKnownFileType = sourcecode.c.h; path = ExamplesListViewController.h; sourceTree = "<group>"; };
		F41D1B431A43D0A900DB6970 /* ExamplesListViewController.m */ = {isa = PBXFileReference; fileEncoding = 4; lastKnownFileType = sourcecode.c.objc; path = ExamplesListViewController.m; sourceTree = "<group>"; };
		F41D1B461A43D38C00DB6970 /* ExampleCell.h */ = {isa = PBXFileReference; fileEncoding = 4; lastKnownFileType = sourcecode.c.h; path = ExampleCell.h; sourceTree = "<group>"; };
		F41D1B471A43D38C00DB6970 /* ExampleCell.m */ = {isa = PBXFileReference; fileEncoding = 4; lastKnownFileType = sourcecode.c.objc; path = ExampleCell.m; sourceTree = "<group>"; };
		F4C812441A469F0D00746B98 /* FacebookButtonAnimationViewController.h */ = {isa = PBXFileReference; fileEncoding = 4; lastKnownFileType = sourcecode.c.h; path = FacebookButtonAnimationViewController.h; sourceTree = "<group>"; };
		F4C812451A469F0D00746B98 /* FacebookButtonAnimationViewController.m */ = {isa = PBXFileReference; fileEncoding = 4; lastKnownFileType = sourcecode.c.objc; path = FacebookButtonAnimationViewController.m; sourceTree = "<group>"; };
		F4C812491A4734FC00746B98 /* WrongPasswordViewController.h */ = {isa = PBXFileReference; fileEncoding = 4; lastKnownFileType = sourcecode.c.h; path = WrongPasswordViewController.h; sourceTree = "<group>"; };
		F4C8124A1A4734FC00746B98 /* WrongPasswordViewController.m */ = {isa = PBXFileReference; fileEncoding = 4; lastKnownFileType = sourcecode.c.objc; path = WrongPasswordViewController.m; sourceTree = "<group>"; };
		F4C8124D1A47AD8B00746B98 /* CustomVCTransitionViewController.h */ = {isa = PBXFileReference; fileEncoding = 4; lastKnownFileType = sourcecode.c.h; path = CustomVCTransitionViewController.h; sourceTree = "<group>"; };
		F4C8124E1A47AD8B00746B98 /* CustomVCTransitionViewController.m */ = {isa = PBXFileReference; fileEncoding = 4; lastKnownFileType = sourcecode.c.objc; path = CustomVCTransitionViewController.m; sourceTree = "<group>"; };
		F4C812511A47ADCD00746B98 /* CustomModalViewController.h */ = {isa = PBXFileReference; fileEncoding = 4; lastKnownFileType = sourcecode.c.h; path = CustomModalViewController.h; sourceTree = "<group>"; };
		F4C812521A47ADCD00746B98 /* CustomModalViewController.m */ = {isa = PBXFileReference; fileEncoding = 4; lastKnownFileType = sourcecode.c.objc; path = CustomModalViewController.m; sourceTree = "<group>"; };
		F4C812541A47BCD500746B98 /* PresentingAnimationController.h */ = {isa = PBXFileReference; fileEncoding = 4; lastKnownFileType = sourcecode.c.h; path = PresentingAnimationController.h; sourceTree = "<group>"; };
		F4C812551A47BCD500746B98 /* PresentingAnimationController.m */ = {isa = PBXFileReference; fileEncoding = 4; lastKnownFileType = sourcecode.c.objc; path = PresentingAnimationController.m; sourceTree = "<group>"; };
		F4C812571A47C44700746B98 /* DismissingAnimationController.h */ = {isa = PBXFileReference; fileEncoding = 4; lastKnownFileType = sourcecode.c.h; path = DismissingAnimationController.h; sourceTree = "<group>"; };
		F4C812581A47C44700746B98 /* DismissingAnimationController.m */ = {isa = PBXFileReference; fileEncoding = 4; lastKnownFileType = sourcecode.c.objc; path = DismissingAnimationController.m; sourceTree = "<group>"; };
		F4EB56341A4417CC00F8A956 /* en */ = {isa = PBXFileReference; lastKnownFileType = text.plist.strings; name = en; path = en.lproj/InfoPlist.strings; sourceTree = "<group>"; };
		F4EB56351A4417CC00F8A956 /* pop-Info.plist */ = {isa = PBXFileReference; fileEncoding = 4; lastKnownFileType = text.plist.xml; path = "pop-Info.plist"; sourceTree = "<group>"; };
		F4EB56361A4417CC00F8A956 /* pop-Prefix.pch */ = {isa = PBXFileReference; fileEncoding = 4; lastKnownFileType = sourcecode.c.h; path = "pop-Prefix.pch"; sourceTree = "<group>"; };
		F4EB56371A4417CC00F8A956 /* POP.h */ = {isa = PBXFileReference; fileEncoding = 4; lastKnownFileType = sourcecode.c.h; path = POP.h; sourceTree = "<group>"; };
		F4EB56381A4417CC00F8A956 /* POPAction.h */ = {isa = PBXFileReference; fileEncoding = 4; lastKnownFileType = sourcecode.c.h; path = POPAction.h; sourceTree = "<group>"; };
		F4EB56391A4417CC00F8A956 /* POPAnimatableProperty.h */ = {isa = PBXFileReference; fileEncoding = 4; lastKnownFileType = sourcecode.c.h; path = POPAnimatableProperty.h; sourceTree = "<group>"; };
		F4EB563A1A4417CC00F8A956 /* POPAnimatableProperty.mm */ = {isa = PBXFileReference; fileEncoding = 4; lastKnownFileType = sourcecode.cpp.objcpp; path = POPAnimatableProperty.mm; sourceTree = "<group>"; };
		F4EB563B1A4417CC00F8A956 /* POPAnimation.h */ = {isa = PBXFileReference; fileEncoding = 4; lastKnownFileType = sourcecode.c.h; path = POPAnimation.h; sourceTree = "<group>"; };
		F4EB563C1A4417CC00F8A956 /* POPAnimation.mm */ = {isa = PBXFileReference; fileEncoding = 4; lastKnownFileType = sourcecode.cpp.objcpp; path = POPAnimation.mm; sourceTree = "<group>"; };
		F4EB563D1A4417CC00F8A956 /* POPAnimationEvent.h */ = {isa = PBXFileReference; fileEncoding = 4; lastKnownFileType = sourcecode.c.h; path = POPAnimationEvent.h; sourceTree = "<group>"; };
		F4EB563E1A4417CC00F8A956 /* POPAnimationEvent.mm */ = {isa = PBXFileReference; fileEncoding = 4; lastKnownFileType = sourcecode.cpp.objcpp; path = POPAnimationEvent.mm; sourceTree = "<group>"; };
		F4EB563F1A4417CC00F8A956 /* POPAnimationEventInternal.h */ = {isa = PBXFileReference; fileEncoding = 4; lastKnownFileType = sourcecode.c.h; path = POPAnimationEventInternal.h; sourceTree = "<group>"; };
		F4EB56401A4417CC00F8A956 /* POPAnimationExtras.h */ = {isa = PBXFileReference; fileEncoding = 4; lastKnownFileType = sourcecode.c.h; path = POPAnimationExtras.h; sourceTree = "<group>"; };
		F4EB56411A4417CC00F8A956 /* POPAnimationExtras.mm */ = {isa = PBXFileReference; fileEncoding = 4; lastKnownFileType = sourcecode.cpp.objcpp; path = POPAnimationExtras.mm; sourceTree = "<group>"; };
		F4EB56421A4417CC00F8A956 /* POPAnimationInternal.h */ = {isa = PBXFileReference; fileEncoding = 4; lastKnownFileType = sourcecode.c.h; path = POPAnimationInternal.h; sourceTree = "<group>"; };
		F4EB56431A4417CC00F8A956 /* POPAnimationPrivate.h */ = {isa = PBXFileReference; fileEncoding = 4; lastKnownFileType = sourcecode.c.h; path = POPAnimationPrivate.h; sourceTree = "<group>"; };
		F4EB56441A4417CC00F8A956 /* POPAnimationRuntime.h */ = {isa = PBXFileReference; fileEncoding = 4; lastKnownFileType = sourcecode.c.h; path = POPAnimationRuntime.h; sourceTree = "<group>"; };
		F4EB56451A4417CC00F8A956 /* POPAnimationRuntime.mm */ = {isa = PBXFileReference; fileEncoding = 4; lastKnownFileType = sourcecode.cpp.objcpp; path = POPAnimationRuntime.mm; sourceTree = "<group>"; };
		F4EB56461A4417CC00F8A956 /* POPAnimationTracer.h */ = {isa = PBXFileReference; fileEncoding = 4; lastKnownFileType = sourcecode.c.h; path = POPAnimationTracer.h; sourceTree = "<group>"; };
		F4EB56471A4417CC00F8A956 /* POPAnimationTracer.mm */ = {isa = PBXFileReference; fileEncoding = 4; lastKnownFileType = sourcecode.cpp.objcpp; path = POPAnimationTracer.mm; sourceTree = "<group>"; };
		F4EB56481A4417CC00F8A956 /* POPAnimationTracerInternal.h */ = {isa = PBXFileReference; fileEncoding = 4; lastKnownFileType = sourcecode.c.h; path = POPAnimationTracerInternal.h; sourceTree = "<group>"; };
		F4EB56491A4417CC00F8A956 /* POPAnimator.h */ = {isa = PBXFileReference; fileEncoding = 4; lastKnownFileType = sourcecode.c.h; path = POPAnimator.h; sourceTree = "<group>"; };
		F4EB564A1A4417CC00F8A956 /* POPAnimator.mm */ = {isa = PBXFileReference; fileEncoding = 4; lastKnownFileType = sourcecode.cpp.objcpp; path = POPAnimator.mm; sourceTree = "<group>"; };
		F4EB564B1A4417CC00F8A956 /* POPAnimatorPrivate.h */ = {isa = PBXFileReference; fileEncoding = 4; lastKnownFileType = sourcecode.c.h; path = POPAnimatorPrivate.h; sourceTree = "<group>"; };
		F4EB564C1A4417CC00F8A956 /* POPBasicAnimation.h */ = {isa = PBXFileReference; fileEncoding = 4; lastKnownFileType = sourcecode.c.h; path = POPBasicAnimation.h; sourceTree = "<group>"; };
		F4EB564D1A4417CC00F8A956 /* POPBasicAnimation.mm */ = {isa = PBXFileReference; fileEncoding = 4; lastKnownFileType = sourcecode.cpp.objcpp; path = POPBasicAnimation.mm; sourceTree = "<group>"; };
		F4EB564E1A4417CC00F8A956 /* POPBasicAnimationInternal.h */ = {isa = PBXFileReference; fileEncoding = 4; lastKnownFileType = sourcecode.c.h; path = POPBasicAnimationInternal.h; sourceTree = "<group>"; };
		F4EB564F1A4417CC00F8A956 /* POPCGUtils.h */ = {isa = PBXFileReference; fileEncoding = 4; lastKnownFileType = sourcecode.c.h; path = POPCGUtils.h; sourceTree = "<group>"; };
		F4EB56501A4417CC00F8A956 /* POPCGUtils.mm */ = {isa = PBXFileReference; fileEncoding = 4; lastKnownFileType = sourcecode.cpp.objcpp; path = POPCGUtils.mm; sourceTree = "<group>"; };
		F4EB56511A4417CC00F8A956 /* POPCustomAnimation.h */ = {isa = PBXFileReference; fileEncoding = 4; lastKnownFileType = sourcecode.c.h; path = POPCustomAnimation.h; sourceTree = "<group>"; };
		F4EB56521A4417CC00F8A956 /* POPCustomAnimation.mm */ = {isa = PBXFileReference; fileEncoding = 4; lastKnownFileType = sourcecode.cpp.objcpp; path = POPCustomAnimation.mm; sourceTree = "<group>"; };
		F4EB56531A4417CC00F8A956 /* POPDecayAnimation.h */ = {isa = PBXFileReference; fileEncoding = 4; lastKnownFileType = sourcecode.c.h; path = POPDecayAnimation.h; sourceTree = "<group>"; };
		F4EB56541A4417CC00F8A956 /* POPDecayAnimation.mm */ = {isa = PBXFileReference; fileEncoding = 4; lastKnownFileType = sourcecode.cpp.objcpp; path = POPDecayAnimation.mm; sourceTree = "<group>"; };
		F4EB56551A4417CC00F8A956 /* POPDecayAnimationInternal.h */ = {isa = PBXFileReference; fileEncoding = 4; lastKnownFileType = sourcecode.c.h; path = POPDecayAnimationInternal.h; sourceTree = "<group>"; };
		F4EB56561A4417CC00F8A956 /* POPDefines.h */ = {isa = PBXFileReference; fileEncoding = 4; lastKnownFileType = sourcecode.c.h; path = POPDefines.h; sourceTree = "<group>"; };
		F4EB56571A4417CC00F8A956 /* POPGeometry.h */ = {isa = PBXFileReference; fileEncoding = 4; lastKnownFileType = sourcecode.c.h; path = POPGeometry.h; sourceTree = "<group>"; };
		F4EB56581A4417CC00F8A956 /* POPGeometry.mm */ = {isa = PBXFileReference; fileEncoding = 4; lastKnownFileType = sourcecode.cpp.objcpp; path = POPGeometry.mm; sourceTree = "<group>"; };
		F4EB56591A4417CC00F8A956 /* POPLayerExtras.h */ = {isa = PBXFileReference; fileEncoding = 4; lastKnownFileType = sourcecode.c.h; path = POPLayerExtras.h; sourceTree = "<group>"; };
		F4EB565A1A4417CC00F8A956 /* POPLayerExtras.mm */ = {isa = PBXFileReference; fileEncoding = 4; lastKnownFileType = sourcecode.cpp.objcpp; path = POPLayerExtras.mm; sourceTree = "<group>"; };
		F4EB565B1A4417CC00F8A956 /* POPMath.h */ = {isa = PBXFileReference; fileEncoding = 4; lastKnownFileType = sourcecode.c.h; path = POPMath.h; sourceTree = "<group>"; };
		F4EB565C1A4417CC00F8A956 /* POPMath.mm */ = {isa = PBXFileReference; fileEncoding = 4; lastKnownFileType = sourcecode.cpp.objcpp; path = POPMath.mm; sourceTree = "<group>"; };
		F4EB565D1A4417CC00F8A956 /* POPPropertyAnimation.h */ = {isa = PBXFileReference; fileEncoding = 4; lastKnownFileType = sourcecode.c.h; path = POPPropertyAnimation.h; sourceTree = "<group>"; };
		F4EB565E1A4417CC00F8A956 /* POPPropertyAnimation.mm */ = {isa = PBXFileReference; fileEncoding = 4; lastKnownFileType = sourcecode.cpp.objcpp; path = POPPropertyAnimation.mm; sourceTree = "<group>"; };
		F4EB565F1A4417CC00F8A956 /* POPPropertyAnimationInternal.h */ = {isa = PBXFileReference; fileEncoding = 4; lastKnownFileType = sourcecode.c.h; path = POPPropertyAnimationInternal.h; sourceTree = "<group>"; };
		F4EB56601A4417CC00F8A956 /* POPSpringAnimation.h */ = {isa = PBXFileReference; fileEncoding = 4; lastKnownFileType = sourcecode.c.h; path = POPSpringAnimation.h; sourceTree = "<group>"; };
		F4EB56611A4417CC00F8A956 /* POPSpringAnimation.mm */ = {isa = PBXFileReference; fileEncoding = 4; lastKnownFileType = sourcecode.cpp.objcpp; path = POPSpringAnimation.mm; sourceTree = "<group>"; };
		F4EB56621A4417CC00F8A956 /* POPSpringAnimationInternal.h */ = {isa = PBXFileReference; fileEncoding = 4; lastKnownFileType = sourcecode.c.h; path = POPSpringAnimationInternal.h; sourceTree = "<group>"; };
		F4EB56631A4417CC00F8A956 /* POPSpringSolver.h */ = {isa = PBXFileReference; fileEncoding = 4; lastKnownFileType = sourcecode.c.h; path = POPSpringSolver.h; sourceTree = "<group>"; };
		F4EB56641A4417CC00F8A956 /* POPVector.h */ = {isa = PBXFileReference; fileEncoding = 4; lastKnownFileType = sourcecode.c.h; path = POPVector.h; sourceTree = "<group>"; };
		F4EB56651A4417CC00F8A956 /* POPVector.mm */ = {isa = PBXFileReference; fileEncoding = 4; lastKnownFileType = sourcecode.cpp.objcpp; path = POPVector.mm; sourceTree = "<group>"; };
		F4EB56671A4417CC00F8A956 /* FloatConversion.h */ = {isa = PBXFileReference; fileEncoding = 4; lastKnownFileType = sourcecode.c.h; path = FloatConversion.h; sourceTree = "<group>"; };
		F4EB56681A4417CC00F8A956 /* TransformationMatrix.cpp */ = {isa = PBXFileReference; fileEncoding = 4; lastKnownFileType = sourcecode.cpp.cpp; path = TransformationMatrix.cpp; sourceTree = "<group>"; };
		F4EB56691A4417CC00F8A956 /* TransformationMatrix.h */ = {isa = PBXFileReference; fileEncoding = 4; lastKnownFileType = sourcecode.c.h; path = TransformationMatrix.h; sourceTree = "<group>"; };
		F4EB566A1A4417CC00F8A956 /* UnitBezier.h */ = {isa = PBXFileReference; fileEncoding = 4; lastKnownFileType = sourcecode.c.h; path = UnitBezier.h; sourceTree = "<group>"; };
/* End PBXFileReference section */

/* Begin PBXFrameworksBuildPhase section */
		F41D1AC71A43BE0200DB6970 /* Frameworks */ = {
			isa = PBXFrameworksBuildPhase;
			buildActionMask = 2147483647;
			files = (
			);
			runOnlyForDeploymentPostprocessing = 0;
		};
		F41D1AE01A43BE0200DB6970 /* Frameworks */ = {
			isa = PBXFrameworksBuildPhase;
			buildActionMask = 2147483647;
			files = (
			);
			runOnlyForDeploymentPostprocessing = 0;
		};
/* End PBXFrameworksBuildPhase section */

/* Begin PBXGroup section */
		F41D1AC11A43BE0200DB6970 = {
			isa = PBXGroup;
			children = (
				F41D1ACC1A43BE0200DB6970 /* POPDemo */,
				F41D1AE61A43BE0200DB6970 /* POPDemoTests */,
				F41D1ACB1A43BE0200DB6970 /* Products */,
			);
			sourceTree = "<group>";
		};
		F41D1ACB1A43BE0200DB6970 /* Products */ = {
			isa = PBXGroup;
			children = (
				F41D1ACA1A43BE0200DB6970 /* POPDemo.app */,
				F41D1AE31A43BE0200DB6970 /* POPDemoTests.xctest */,
			);
			name = Products;
			sourceTree = "<group>";
		};
		F41D1ACC1A43BE0200DB6970 /* POPDemo */ = {
			isa = PBXGroup;
			children = (
				F4EB56321A4417CC00F8A956 /* pop */,
				F41D1B451A43D0DA00DB6970 /* ViewControllers */,
				F41D1AD11A43BE0200DB6970 /* AppDelegate.h */,
				F41D1AD21A43BE0200DB6970 /* AppDelegate.m */,
				F41D1AD71A43BE0200DB6970 /* Main.storyboard */,
				F41D1ADA1A43BE0200DB6970 /* Images.xcassets */,
				F41D1ADC1A43BE0200DB6970 /* LaunchScreen.xib */,
				F41D1ACD1A43BE0200DB6970 /* Supporting Files */,
			);
			path = POPDemo;
			sourceTree = "<group>";
		};
		F41D1ACD1A43BE0200DB6970 /* Supporting Files */ = {
			isa = PBXGroup;
			children = (
				F41D1ACE1A43BE0200DB6970 /* Info.plist */,
				F41D1ACF1A43BE0200DB6970 /* main.m */,
			);
			name = "Supporting Files";
			sourceTree = "<group>";
		};
		F41D1AE61A43BE0200DB6970 /* POPDemoTests */ = {
			isa = PBXGroup;
			children = (
				F41D1AE91A43BE0200DB6970 /* POPDemoTests.m */,
				F41D1AE71A43BE0200DB6970 /* Supporting Files */,
			);
			path = POPDemoTests;
			sourceTree = "<group>";
		};
		F41D1AE71A43BE0200DB6970 /* Supporting Files */ = {
			isa = PBXGroup;
			children = (
				F41D1AE81A43BE0200DB6970 /* Info.plist */,
			);
			name = "Supporting Files";
			sourceTree = "<group>";
		};
		F41D1B451A43D0DA00DB6970 /* ViewControllers */ = {
			isa = PBXGroup;
			children = (
				F4C812501A47AD9D00746B98 /* CustomVCTransition */,
				F4C8124C1A47352000746B98 /* WrongPasswordViewController */,
				F4C812481A469F3A00746B98 /* FBButtonViewController */,
				F4C812471A469F2B00746B98 /* ExamplesListViewController */,
			);
			name = ViewControllers;
			sourceTree = "<group>";
		};
		F4C812471A469F2B00746B98 /* ExamplesListViewController */ = {
			isa = PBXGroup;
			children = (
				F41D1B421A43D0A900DB6970 /* ExamplesListViewController.h */,
				F41D1B431A43D0A900DB6970 /* ExamplesListViewController.m */,
				F41D1B461A43D38C00DB6970 /* ExampleCell.h */,
				F41D1B471A43D38C00DB6970 /* ExampleCell.m */,
			);
			name = ExamplesListViewController;
			sourceTree = "<group>";
		};
		F4C812481A469F3A00746B98 /* FBButtonViewController */ = {
			isa = PBXGroup;
			children = (
				F4C812441A469F0D00746B98 /* FacebookButtonAnimationViewController.h */,
				F4C812451A469F0D00746B98 /* FacebookButtonAnimationViewController.m */,
			);
			name = FBButtonViewController;
			sourceTree = "<group>";
		};
		F4C8124C1A47352000746B98 /* WrongPasswordViewController */ = {
			isa = PBXGroup;
			children = (
				F4C812491A4734FC00746B98 /* WrongPasswordViewController.h */,
				F4C8124A1A4734FC00746B98 /* WrongPasswordViewController.m */,
			);
			name = WrongPasswordViewController;
			sourceTree = "<group>";
		};
		F4C812501A47AD9D00746B98 /* CustomVCTransition */ = {
			isa = PBXGroup;
			children = (
				F4C8124D1A47AD8B00746B98 /* CustomVCTransitionViewController.h */,
				F4C8124E1A47AD8B00746B98 /* CustomVCTransitionViewController.m */,
				F4C812511A47ADCD00746B98 /* CustomModalViewController.h */,
				F4C812521A47ADCD00746B98 /* CustomModalViewController.m */,
				F4C812541A47BCD500746B98 /* PresentingAnimationController.h */,
				F4C812551A47BCD500746B98 /* PresentingAnimationController.m */,
				F4C812571A47C44700746B98 /* DismissingAnimationController.h */,
				F4C812581A47C44700746B98 /* DismissingAnimationController.m */,
			);
			name = CustomVCTransition;
			sourceTree = "<group>";
		};
		F4EB56321A4417CC00F8A956 /* pop */ = {
			isa = PBXGroup;
			children = (
				F4EB56331A4417CC00F8A956 /* InfoPlist.strings */,
				F4EB56351A4417CC00F8A956 /* pop-Info.plist */,
				F4EB56361A4417CC00F8A956 /* pop-Prefix.pch */,
				F4EB56371A4417CC00F8A956 /* POP.h */,
				F4EB56381A4417CC00F8A956 /* POPAction.h */,
				F4EB56391A4417CC00F8A956 /* POPAnimatableProperty.h */,
				F4EB563A1A4417CC00F8A956 /* POPAnimatableProperty.mm */,
				F4EB563B1A4417CC00F8A956 /* POPAnimation.h */,
				F4EB563C1A4417CC00F8A956 /* POPAnimation.mm */,
				F4EB563D1A4417CC00F8A956 /* POPAnimationEvent.h */,
				F4EB563E1A4417CC00F8A956 /* POPAnimationEvent.mm */,
				F4EB563F1A4417CC00F8A956 /* POPAnimationEventInternal.h */,
				F4EB56401A4417CC00F8A956 /* POPAnimationExtras.h */,
				F4EB56411A4417CC00F8A956 /* POPAnimationExtras.mm */,
				F4EB56421A4417CC00F8A956 /* POPAnimationInternal.h */,
				F4EB56431A4417CC00F8A956 /* POPAnimationPrivate.h */,
				F4EB56441A4417CC00F8A956 /* POPAnimationRuntime.h */,
				F4EB56451A4417CC00F8A956 /* POPAnimationRuntime.mm */,
				F4EB56461A4417CC00F8A956 /* POPAnimationTracer.h */,
				F4EB56471A4417CC00F8A956 /* POPAnimationTracer.mm */,
				F4EB56481A4417CC00F8A956 /* POPAnimationTracerInternal.h */,
				F4EB56491A4417CC00F8A956 /* POPAnimator.h */,
				F4EB564A1A4417CC00F8A956 /* POPAnimator.mm */,
				F4EB564B1A4417CC00F8A956 /* POPAnimatorPrivate.h */,
				F4EB564C1A4417CC00F8A956 /* POPBasicAnimation.h */,
				F4EB564D1A4417CC00F8A956 /* POPBasicAnimation.mm */,
				F4EB564E1A4417CC00F8A956 /* POPBasicAnimationInternal.h */,
				F4EB564F1A4417CC00F8A956 /* POPCGUtils.h */,
				F4EB56501A4417CC00F8A956 /* POPCGUtils.mm */,
				F4EB56511A4417CC00F8A956 /* POPCustomAnimation.h */,
				F4EB56521A4417CC00F8A956 /* POPCustomAnimation.mm */,
				F4EB56531A4417CC00F8A956 /* POPDecayAnimation.h */,
				F4EB56541A4417CC00F8A956 /* POPDecayAnimation.mm */,
				F4EB56551A4417CC00F8A956 /* POPDecayAnimationInternal.h */,
				F4EB56561A4417CC00F8A956 /* POPDefines.h */,
				F4EB56571A4417CC00F8A956 /* POPGeometry.h */,
				F4EB56581A4417CC00F8A956 /* POPGeometry.mm */,
				F4EB56591A4417CC00F8A956 /* POPLayerExtras.h */,
				F4EB565A1A4417CC00F8A956 /* POPLayerExtras.mm */,
				F4EB565B1A4417CC00F8A956 /* POPMath.h */,
				F4EB565C1A4417CC00F8A956 /* POPMath.mm */,
				F4EB565D1A4417CC00F8A956 /* POPPropertyAnimation.h */,
				F4EB565E1A4417CC00F8A956 /* POPPropertyAnimation.mm */,
				F4EB565F1A4417CC00F8A956 /* POPPropertyAnimationInternal.h */,
				F4EB56601A4417CC00F8A956 /* POPSpringAnimation.h */,
				F4EB56611A4417CC00F8A956 /* POPSpringAnimation.mm */,
				F4EB56621A4417CC00F8A956 /* POPSpringAnimationInternal.h */,
				F4EB56631A4417CC00F8A956 /* POPSpringSolver.h */,
				F4EB56641A4417CC00F8A956 /* POPVector.h */,
				F4EB56651A4417CC00F8A956 /* POPVector.mm */,
				F4EB56661A4417CC00F8A956 /* WebCore */,
			);
			name = pop;
			path = Library/pop;
			sourceTree = SOURCE_ROOT;
		};
		F4EB56661A4417CC00F8A956 /* WebCore */ = {
			isa = PBXGroup;
			children = (
				F4EB56671A4417CC00F8A956 /* FloatConversion.h */,
				F4EB56681A4417CC00F8A956 /* TransformationMatrix.cpp */,
				F4EB56691A4417CC00F8A956 /* TransformationMatrix.h */,
				F4EB566A1A4417CC00F8A956 /* UnitBezier.h */,
			);
			path = WebCore;
			sourceTree = "<group>";
		};
/* End PBXGroup section */

/* Begin PBXNativeTarget section */
		F41D1AC91A43BE0200DB6970 /* POPDemo */ = {
			isa = PBXNativeTarget;
			buildConfigurationList = F41D1AED1A43BE0200DB6970 /* Build configuration list for PBXNativeTarget "POPDemo" */;
			buildPhases = (
				F41D1AC61A43BE0200DB6970 /* Sources */,
				F41D1AC71A43BE0200DB6970 /* Frameworks */,
				F41D1AC81A43BE0200DB6970 /* Resources */,
			);
			buildRules = (
			);
			dependencies = (
			);
			name = POPDemo;
			productName = POPDemo;
			productReference = F41D1ACA1A43BE0200DB6970 /* POPDemo.app */;
			productType = "com.apple.product-type.application";
		};
		F41D1AE21A43BE0200DB6970 /* POPDemoTests */ = {
			isa = PBXNativeTarget;
			buildConfigurationList = F41D1AF01A43BE0200DB6970 /* Build configuration list for PBXNativeTarget "POPDemoTests" */;
			buildPhases = (
				F41D1ADF1A43BE0200DB6970 /* Sources */,
				F41D1AE01A43BE0200DB6970 /* Frameworks */,
				F41D1AE11A43BE0200DB6970 /* Resources */,
			);
			buildRules = (
			);
			dependencies = (
				F41D1AE51A43BE0200DB6970 /* PBXTargetDependency */,
			);
			name = POPDemoTests;
			productName = POPDemoTests;
			productReference = F41D1AE31A43BE0200DB6970 /* POPDemoTests.xctest */;
			productType = "com.apple.product-type.bundle.unit-test";
		};
/* End PBXNativeTarget section */

/* Begin PBXProject section */
		F41D1AC21A43BE0200DB6970 /* Project object */ = {
			isa = PBXProject;
			attributes = {
				LastUpgradeCheck = 0610;
				ORGANIZATIONNAME = AppCoda;
				TargetAttributes = {
					F41D1AC91A43BE0200DB6970 = {
						CreatedOnToolsVersion = 6.1.1;
					};
					F41D1AE21A43BE0200DB6970 = {
						CreatedOnToolsVersion = 6.1.1;
						TestTargetID = F41D1AC91A43BE0200DB6970;
					};
				};
			};
			buildConfigurationList = F41D1AC51A43BE0200DB6970 /* Build configuration list for PBXProject "POPDemo" */;
			compatibilityVersion = "Xcode 3.2";
			developmentRegion = English;
			hasScannedForEncodings = 0;
			knownRegions = (
				en,
				Base,
			);
			mainGroup = F41D1AC11A43BE0200DB6970;
			productRefGroup = F41D1ACB1A43BE0200DB6970 /* Products */;
			projectDirPath = "";
			projectRoot = "";
			targets = (
				F41D1AC91A43BE0200DB6970 /* POPDemo */,
				F41D1AE21A43BE0200DB6970 /* POPDemoTests */,
			);
		};
/* End PBXProject section */

/* Begin PBXResourcesBuildPhase section */
		F41D1AC81A43BE0200DB6970 /* Resources */ = {
			isa = PBXResourcesBuildPhase;
			buildActionMask = 2147483647;
			files = (
				F41D1AD91A43BE0200DB6970 /* Main.storyboard in Resources */,
				F4EB566B1A4417CC00F8A956 /* InfoPlist.strings in Resources */,
				F41D1ADE1A43BE0200DB6970 /* LaunchScreen.xib in Resources */,
				F4EB566C1A4417CC00F8A956 /* pop-Info.plist in Resources */,
				F41D1ADB1A43BE0200DB6970 /* Images.xcassets in Resources */,
			);
			runOnlyForDeploymentPostprocessing = 0;
		};
		F41D1AE11A43BE0200DB6970 /* Resources */ = {
			isa = PBXResourcesBuildPhase;
			buildActionMask = 2147483647;
			files = (
			);
			runOnlyForDeploymentPostprocessing = 0;
		};
/* End PBXResourcesBuildPhase section */

/* Begin PBXSourcesBuildPhase section */
		F41D1AC61A43BE0200DB6970 /* Sources */ = {
			isa = PBXSourcesBuildPhase;
			buildActionMask = 2147483647;
			files = (
				F4EB56771A4417CC00F8A956 /* POPDecayAnimation.mm in Sources */,
				F4EB567A1A4417CC00F8A956 /* POPMath.mm in Sources */,
				F4EB56781A4417CC00F8A956 /* POPGeometry.mm in Sources */,
				F4EB567B1A4417CC00F8A956 /* POPPropertyAnimation.mm in Sources */,
				F4EB56791A4417CC00F8A956 /* POPLayerExtras.mm in Sources */,
				F4EB567E1A4417CC00F8A956 /* TransformationMatrix.cpp in Sources */,
				F4C8124F1A47AD8B00746B98 /* CustomVCTransitionViewController.m in Sources */,
				F4EB566E1A4417CC00F8A956 /* POPAnimation.mm in Sources */,
				F4C8124B1A4734FC00746B98 /* WrongPasswordViewController.m in Sources */,
				F41D1B481A43D38C00DB6970 /* ExampleCell.m in Sources */,
				F41D1B441A43D0A900DB6970 /* ExamplesListViewController.m in Sources */,
				F4EB56701A4417CC00F8A956 /* POPAnimationExtras.mm in Sources */,
				F41D1AD31A43BE0200DB6970 /* AppDelegate.m in Sources */,
				F4EB56761A4417CC00F8A956 /* POPCustomAnimation.mm in Sources */,
				F4EB567C1A4417CC00F8A956 /* POPSpringAnimation.mm in Sources */,
				F4C812531A47ADCD00746B98 /* CustomModalViewController.m in Sources */,
				F4EB56741A4417CC00F8A956 /* POPBasicAnimation.mm in Sources */,
				F4EB566F1A4417CC00F8A956 /* POPAnimationEvent.mm in Sources */,
				F4EB567D1A4417CC00F8A956 /* POPVector.mm in Sources */,
				F4C812561A47BCD500746B98 /* PresentingAnimationController.m in Sources */,
				F4EB56711A4417CC00F8A956 /* POPAnimationRuntime.mm in Sources */,
				F4EB56721A4417CC00F8A956 /* POPAnimationTracer.mm in Sources */,
				F41D1AD01A43BE0200DB6970 /* main.m in Sources */,
				F4EB56751A4417CC00F8A956 /* POPCGUtils.mm in Sources */,
				F4C812591A47C44700746B98 /* DismissingAnimationController.m in Sources */,
				F4EB56731A4417CC00F8A956 /* POPAnimator.mm in Sources */,
				F4EB566D1A4417CC00F8A956 /* POPAnimatableProperty.mm in Sources */,
				F4C812461A469F0D00746B98 /* FacebookButtonAnimationViewController.m in Sources */,
			);
			runOnlyForDeploymentPostprocessing = 0;
		};
		F41D1ADF1A43BE0200DB6970 /* Sources */ = {
			isa = PBXSourcesBuildPhase;
			buildActionMask = 2147483647;
			files = (
				F41D1AEA1A43BE0200DB6970 /* POPDemoTests.m in Sources */,
			);
			runOnlyForDeploymentPostprocessing = 0;
		};
/* End PBXSourcesBuildPhase section */

/* Begin PBXTargetDependency section */
		F41D1AE51A43BE0200DB6970 /* PBXTargetDependency */ = {
			isa = PBXTargetDependency;
			target = F41D1AC91A43BE0200DB6970 /* POPDemo */;
			targetProxy = F41D1AE41A43BE0200DB6970 /* PBXContainerItemProxy */;
		};
/* End PBXTargetDependency section */

/* Begin PBXVariantGroup section */
		F41D1AD71A43BE0200DB6970 /* Main.storyboard */ = {
			isa = PBXVariantGroup;
			children = (
				F41D1AD81A43BE0200DB6970 /* Base */,
			);
			name = Main.storyboard;
			sourceTree = "<group>";
		};
		F41D1ADC1A43BE0200DB6970 /* LaunchScreen.xib */ = {
			isa = PBXVariantGroup;
			children = (
				F41D1ADD1A43BE0200DB6970 /* Base */,
			);
			name = LaunchScreen.xib;
			sourceTree = "<group>";
		};
		F4EB56331A4417CC00F8A956 /* InfoPlist.strings */ = {
			isa = PBXVariantGroup;
			children = (
				F4EB56341A4417CC00F8A956 /* en */,
			);
			name = InfoPlist.strings;
			sourceTree = "<group>";
		};
/* End PBXVariantGroup section */

/* Begin XCBuildConfiguration section */
		F41D1AEB1A43BE0200DB6970 /* Debug */ = {
			isa = XCBuildConfiguration;
			buildSettings = {
				ALWAYS_SEARCH_USER_PATHS = NO;
				CLANG_CXX_LANGUAGE_STANDARD = "gnu++0x";
				CLANG_CXX_LIBRARY = "libc++";
				CLANG_ENABLE_MODULES = YES;
				CLANG_ENABLE_OBJC_ARC = YES;
				CLANG_WARN_BOOL_CONVERSION = YES;
				CLANG_WARN_CONSTANT_CONVERSION = YES;
				CLANG_WARN_DIRECT_OBJC_ISA_USAGE = YES_ERROR;
				CLANG_WARN_EMPTY_BODY = YES;
				CLANG_WARN_ENUM_CONVERSION = YES;
				CLANG_WARN_INT_CONVERSION = YES;
				CLANG_WARN_OBJC_ROOT_CLASS = YES_ERROR;
				CLANG_WARN_UNREACHABLE_CODE = YES;
				CLANG_WARN__DUPLICATE_METHOD_MATCH = YES;
				"CODE_SIGN_IDENTITY[sdk=iphoneos*]" = "iPhone Developer";
				COPY_PHASE_STRIP = NO;
				ENABLE_STRICT_OBJC_MSGSEND = YES;
				GCC_C_LANGUAGE_STANDARD = gnu99;
				GCC_DYNAMIC_NO_PIC = NO;
				GCC_OPTIMIZATION_LEVEL = 0;
				GCC_PREPROCESSOR_DEFINITIONS = (
					"DEBUG=1",
					"$(inherited)",
				);
				GCC_SYMBOLS_PRIVATE_EXTERN = NO;
				GCC_WARN_64_TO_32_BIT_CONVERSION = YES;
				GCC_WARN_ABOUT_RETURN_TYPE = YES_ERROR;
				GCC_WARN_UNDECLARED_SELECTOR = YES;
				GCC_WARN_UNINITIALIZED_AUTOS = YES_AGGRESSIVE;
				GCC_WARN_UNUSED_FUNCTION = YES;
				GCC_WARN_UNUSED_VARIABLE = YES;
				HEADER_SEARCH_PATHS = (
					"$(inherited)",
					/Applications/Xcode.app/Contents/Developer/Toolchains/XcodeDefault.xctoolchain/usr/include,
					"\"/Users/simon/Documents/iOS Projects/POPDemo/POPDemo/Library\"",
				);
				IPHONEOS_DEPLOYMENT_TARGET = 8.1;
				MTL_ENABLE_DEBUG_INFO = YES;
				ONLY_ACTIVE_ARCH = YES;
				OTHER_LDFLAGS = "-lc++";
				PUBLIC_HEADERS_FOLDER_PATH = "";
				SDKROOT = iphoneos;
				USER_HEADER_SEARCH_PATHS = "";
			};
			name = Debug;
		};
		F41D1AEC1A43BE0200DB6970 /* Release */ = {
			isa = XCBuildConfiguration;
			buildSettings = {
				ALWAYS_SEARCH_USER_PATHS = NO;
				CLANG_CXX_LANGUAGE_STANDARD = "gnu++0x";
				CLANG_CXX_LIBRARY = "libc++";
				CLANG_ENABLE_MODULES = YES;
				CLANG_ENABLE_OBJC_ARC = YES;
				CLANG_WARN_BOOL_CONVERSION = YES;
				CLANG_WARN_CONSTANT_CONVERSION = YES;
				CLANG_WARN_DIRECT_OBJC_ISA_USAGE = YES_ERROR;
				CLANG_WARN_EMPTY_BODY = YES;
				CLANG_WARN_ENUM_CONVERSION = YES;
				CLANG_WARN_INT_CONVERSION = YES;
				CLANG_WARN_OBJC_ROOT_CLASS = YES_ERROR;
				CLANG_WARN_UNREACHABLE_CODE = YES;
				CLANG_WARN__DUPLICATE_METHOD_MATCH = YES;
				"CODE_SIGN_IDENTITY[sdk=iphoneos*]" = "iPhone Developer";
				COPY_PHASE_STRIP = YES;
				ENABLE_NS_ASSERTIONS = NO;
				ENABLE_STRICT_OBJC_MSGSEND = YES;
				GCC_C_LANGUAGE_STANDARD = gnu99;
				GCC_WARN_64_TO_32_BIT_CONVERSION = YES;
				GCC_WARN_ABOUT_RETURN_TYPE = YES_ERROR;
				GCC_WARN_UNDECLARED_SELECTOR = YES;
				GCC_WARN_UNINITIALIZED_AUTOS = YES_AGGRESSIVE;
				GCC_WARN_UNUSED_FUNCTION = YES;
				GCC_WARN_UNUSED_VARIABLE = YES;
				HEADER_SEARCH_PATHS = (
					"$(inherited)",
					/Applications/Xcode.app/Contents/Developer/Toolchains/XcodeDefault.xctoolchain/usr/include,
					"\"/Users/simon/Documents/iOS Projects/POPDemo/POPDemo/Library\"",
				);
				IPHONEOS_DEPLOYMENT_TARGET = 8.1;
				MTL_ENABLE_DEBUG_INFO = NO;
				OTHER_LDFLAGS = "-lc++";
				PUBLIC_HEADERS_FOLDER_PATH = "";
				SDKROOT = iphoneos;
				USER_HEADER_SEARCH_PATHS = "";
				VALIDATE_PRODUCT = YES;
			};
			name = Release;
		};
		F41D1AEE1A43BE0200DB6970 /* Debug */ = {
			isa = XCBuildConfiguration;
			buildSettings = {
				ASSETCATALOG_COMPILER_APPICON_NAME = AppIcon;
				HEADER_SEARCH_PATHS = (
					"$(inherited)",
					/Applications/Xcode.app/Contents/Developer/Toolchains/XcodeDefault.xctoolchain/usr/include,
					"$(SRCROOT)/Library",
				);
				INFOPLIST_FILE = POPDemo/Info.plist;
				LD_RUNPATH_SEARCH_PATHS = "$(inherited) @executable_path/Frameworks";
				PRODUCT_NAME = "$(TARGET_NAME)";
			};
			name = Debug;
		};
		F41D1AEF1A43BE0200DB6970 /* Release */ = {
			isa = XCBuildConfiguration;
			buildSettings = {
				ASSETCATALOG_COMPILER_APPICON_NAME = AppIcon;
				HEADER_SEARCH_PATHS = (
					"$(inherited)",
					/Applications/Xcode.app/Contents/Developer/Toolchains/XcodeDefault.xctoolchain/usr/include,
					"$(SRCROOT)/Library",
				);
				INFOPLIST_FILE = POPDemo/Info.plist;
				LD_RUNPATH_SEARCH_PATHS = "$(inherited) @executable_path/Frameworks";
				PRODUCT_NAME = "$(TARGET_NAME)";
			};
			name = Release;
		};
		F41D1AF11A43BE0200DB6970 /* Debug */ = {
			isa = XCBuildConfiguration;
			buildSettings = {
				BUNDLE_LOADER = "$(TEST_HOST)";
				FRAMEWORK_SEARCH_PATHS = (
					"$(SDKROOT)/Developer/Library/Frameworks",
					"$(inherited)",
				);
				GCC_PREPROCESSOR_DEFINITIONS = (
					"DEBUG=1",
					"$(inherited)",
				);
				INFOPLIST_FILE = POPDemoTests/Info.plist;
				LD_RUNPATH_SEARCH_PATHS = "$(inherited) @executable_path/Frameworks @loader_path/Frameworks";
				PRODUCT_NAME = "$(TARGET_NAME)";
				TEST_HOST = "$(BUILT_PRODUCTS_DIR)/POPDemo.app/POPDemo";
			};
			name = Debug;
		};
		F41D1AF21A43BE0200DB6970 /* Release */ = {
			isa = XCBuildConfiguration;
			buildSettings = {
				BUNDLE_LOADER = "$(TEST_HOST)";
				FRAMEWORK_SEARCH_PATHS = (
					"$(SDKROOT)/Developer/Library/Frameworks",
					"$(inherited)",
				);
				INFOPLIST_FILE = POPDemoTests/Info.plist;
				LD_RUNPATH_SEARCH_PATHS = "$(inherited) @executable_path/Frameworks @loader_path/Frameworks";
				PRODUCT_NAME = "$(TARGET_NAME)";
				TEST_HOST = "$(BUILT_PRODUCTS_DIR)/POPDemo.app/POPDemo";
			};
			name = Release;
		};
/* End XCBuildConfiguration section */

/* Begin XCConfigurationList section */
		F41D1AC51A43BE0200DB6970 /* Build configuration list for PBXProject "POPDemo" */ = {
			isa = XCConfigurationList;
			buildConfigurations = (
				F41D1AEB1A43BE0200DB6970 /* Debug */,
				F41D1AEC1A43BE0200DB6970 /* Release */,
			);
			defaultConfigurationIsVisible = 0;
			defaultConfigurationName = Release;
		};
		F41D1AED1A43BE0200DB6970 /* Build configuration list for PBXNativeTarget "POPDemo" */ = {
			isa = XCConfigurationList;
			buildConfigurations = (
				F41D1AEE1A43BE0200DB6970 /* Debug */,
				F41D1AEF1A43BE0200DB6970 /* Release */,
			);
			defaultConfigurationIsVisible = 0;
			defaultConfigurationName = Release;
		};
		F41D1AF01A43BE0200DB6970 /* Build configuration list for PBXNativeTarget "POPDemoTests" */ = {
			isa = XCConfigurationList;
			buildConfigurations = (
				F41D1AF11A43BE0200DB6970 /* Debug */,
				F41D1AF21A43BE0200DB6970 /* Release */,
			);
			defaultConfigurationIsVisible = 0;
			defaultConfigurationName = Release;
		};
/* End XCConfigurationList section */
	};
	rootObject = F41D1AC21A43BE0200DB6970 /* Project object */;
}
