// !$*UTF8*$!
{
	archiveVersion = 1;
	classes = {
	};
	objectVersion = 46;
	objects = {

/* Begin PBXBuildFile section */
		C009E9D3188BB4AA003618AF /* Foundation.framework in Frameworks */ = {isa = PBXBuildFile; fileRef = C009E9D2188BB4AA003618AF /* Foundation.framework */; };
		C009E9D5188BB4AA003618AF /* CoreGraphics.framework in Frameworks */ = {isa = PBXBuildFile; fileRef = C009E9D4188BB4AA003618AF /* CoreGraphics.framework */; };
		C009E9D7188BB4AA003618AF /* UIKit.framework in Frameworks */ = {isa = PBXBuildFile; fileRef = C009E9D6188BB4AA003618AF /* UIKit.framework */; };
		C009E9DD188BB4AA003618AF /* InfoPlist.strings in Resources */ = {isa = PBXBuildFile; fileRef = C009E9DB188BB4AA003618AF /* InfoPlist.strings */; };
		C009E9DF188BB4AA003618AF /* main.m in Sources */ = {isa = PBXBuildFile; fileRef = C009E9DE188BB4AA003618AF /* main.m */; };
		C009E9E3188BB4AA003618AF /* AppDelegate.m in Sources */ = {isa = PBXBuildFile; fileRef = C009E9E2188BB4AA003618AF /* AppDelegate.m */; };
		C009E9E6188BB4AA003618AF /* Main.storyboard in Resources */ = {isa = PBXBuildFile; fileRef = C009E9E4188BB4AA003618AF /* Main.storyboard */; };
		C009E9E9188BB4AA003618AF /* ViewController.m in Sources */ = {isa = PBXBuildFile; fileRef = C009E9E8188BB4AA003618AF /* ViewController.m */; };
		C009E9EB188BB4AA003618AF /* Images.xcassets in Resources */ = {isa = PBXBuildFile; fileRef = C009E9EA188BB4AA003618AF /* Images.xcassets */; };
		C009E9F2188BB4AA003618AF /* XCTest.framework in Frameworks */ = {isa = PBXBuildFile; fileRef = C009E9F1188BB4AA003618AF /* XCTest.framework */; };
		C009E9F3188BB4AA003618AF /* Foundation.framework in Frameworks */ = {isa = PBXBuildFile; fileRef = C009E9D2188BB4AA003618AF /* Foundation.framework */; };
		C009E9F4188BB4AA003618AF /* UIKit.framework in Frameworks */ = {isa = PBXBuildFile; fileRef = C009E9D6188BB4AA003618AF /* UIKit.framework */; };
		C009E9FC188BB4AA003618AF /* InfoPlist.strings in Resources */ = {isa = PBXBuildFile; fileRef = C009E9FA188BB4AA003618AF /* InfoPlist.strings */; };
		C009E9FE188BB4AA003618AF /* BlockDemoTests.m in Sources */ = {isa = PBXBuildFile; fileRef = C009E9FD188BB4AA003618AF /* BlockDemoTests.m */; };
		C0E9E6C5189038BC0049024D /* CustomActionSheet.m in Sources */ = {isa = PBXBuildFile; fileRef = C0E9E6C4189038BC0049024D /* CustomActionSheet.m */; };
/* End PBXBuildFile section */

/* Begin PBXContainerItemProxy section */
		C009E9F5188BB4AA003618AF /* PBXContainerItemProxy */ = {
			isa = PBXContainerItemProxy;
			containerPortal = C009E9C7188BB4AA003618AF /* Project object */;
			proxyType = 1;
			remoteGlobalIDString = C009E9CE188BB4AA003618AF;
			remoteInfo = BlockDemo;
		};
/* End PBXContainerItemProxy section */

/* Begin PBXFileReference section */
		C009E9CF188BB4AA003618AF /* BlockDemo.app */ = {isa = PBXFileReference; explicitFileType = wrapper.application; includeInIndex = 0; path = BlockDemo.app; sourceTree = BUILT_PRODUCTS_DIR; };
		C009E9D2188BB4AA003618AF /* Foundation.framework */ = {isa = PBXFileReference; lastKnownFileType = wrapper.framework; name = Foundation.framework; path = System/Library/Frameworks/Foundation.framework; sourceTree = SDKROOT; };
		C009E9D4188BB4AA003618AF /* CoreGraphics.framework */ = {isa = PBXFileReference; lastKnownFileType = wrapper.framework; name = CoreGraphics.framework; path = System/Library/Frameworks/CoreGraphics.framework; sourceTree = SDKROOT; };
		C009E9D6188BB4AA003618AF /* UIKit.framework */ = {isa = PBXFileReference; lastKnownFileType = wrapper.framework; name = UIKit.framework; path = System/Library/Frameworks/UIKit.framework; sourceTree = SDKROOT; };
		C009E9DA188BB4AA003618AF /* BlockDemo-Info.plist */ = {isa = PBXFileReference; lastKnownFileType = text.plist.xml; path = "BlockDemo-Info.plist"; sourceTree = "<group>"; };
		C009E9DC188BB4AA003618AF /* en */ = {isa = PBXFileReference; lastKnownFileType = text.plist.strings; name = en; path = en.lproj/InfoPlist.strings; sourceTree = "<group>"; };
		C009E9DE188BB4AA003618AF /* main.m */ = {isa = PBXFileReference; lastKnownFileType = sourcecode.c.objc; path = main.m; sourceTree = "<group>"; };
		C009E9E0188BB4AA003618AF /* BlockDemo-Prefix.pch */ = {isa = PBXFileReference; lastKnownFileType = sourcecode.c.h; path = "BlockDemo-Prefix.pch"; sourceTree = "<group>"; };
		C009E9E1188BB4AA003618AF /* AppDelegate.h */ = {isa = PBXFileReference; lastKnownFileType = sourcecode.c.h; path = AppDelegate.h; sourceTree = "<group>"; };
		C009E9E2188BB4AA003618AF /* AppDelegate.m */ = {isa = PBXFileReference; lastKnownFileType = sourcecode.c.objc; path = AppDelegate.m; sourceTree = "<group>"; };
		C009E9E5188BB4AA003618AF /* Base */ = {isa = PBXFileReference; lastKnownFileType = file.storyboard; name = Base; path = Base.lproj/Main.storyboard; sourceTree = "<group>"; };
		C009E9E7188BB4AA003618AF /* ViewController.h */ = {isa = PBXFileReference; lastKnownFileType = sourcecode.c.h; path = ViewController.h; sourceTree = "<group>"; };
		C009E9E8188BB4AA003618AF /* ViewController.m */ = {isa = PBXFileReference; lastKnownFileType = sourcecode.c.objc; path = ViewController.m; sourceTree = "<group>"; };
		C009E9EA188BB4AA003618AF /* Images.xcassets */ = {isa = PBXFileReference; lastKnownFileType = folder.assetcatalog; path = Images.xcassets; sourceTree = "<group>"; };
		C009E9F0188BB4AA003618AF /* BlockDemoTests.xctest */ = {isa = PBXFileReference; explicitFileType = wrapper.cfbundle; includeInIndex = 0; path = BlockDemoTests.xctest; sourceTree = BUILT_PRODUCTS_DIR; };
		C009E9F1188BB4AA003618AF /* XCTest.framework */ = {isa = PBXFileReference; lastKnownFileType = wrapper.framework; name = XCTest.framework; path = Library/Frameworks/XCTest.framework; sourceTree = DEVELOPER_DIR; };
		C009E9F9188BB4AA003618AF /* BlockDemoTests-Info.plist */ = {isa = PBXFileReference; lastKnownFileType = text.plist.xml; path = "BlockDemoTests-Info.plist"; sourceTree = "<group>"; };
		C009E9FB188BB4AA003618AF /* en */ = {isa = PBXFileReference; lastKnownFileType = text.plist.strings; name = en; path = en.lproj/InfoPlist.strings; sourceTree = "<group>"; };
		C009E9FD188BB4AA003618AF /* BlockDemoTests.m */ = {isa = PBXFileReference; lastKnownFileType = sourcecode.c.objc; path = BlockDemoTests.m; sourceTree = "<group>"; };
		C0E9E6C3189038BC0049024D /* CustomActionSheet.h */ = {isa = PBXFileReference; fileEncoding = 4; lastKnownFileType = sourcecode.c.h; path = CustomActionSheet.h; sourceTree = "<group>"; };
		C0E9E6C4189038BC0049024D /* CustomActionSheet.m */ = {isa = PBXFileReference; fileEncoding = 4; lastKnownFileType = sourcecode.c.objc; path = CustomActionSheet.m; sourceTree = "<group>"; };
/* End PBXFileReference section */

/* Begin PBXFrameworksBuildPhase section */
		C009E9CC188BB4AA003618AF /* Frameworks */ = {
			isa = PBXFrameworksBuildPhase;
			buildActionMask = 2147483647;
			files = (
				C009E9D5188BB4AA003618AF /* CoreGraphics.framework in Frameworks */,
				C009E9D7188BB4AA003618AF /* UIKit.framework in Frameworks */,
				C009E9D3188BB4AA003618AF /* Foundation.framework in Frameworks */,
			);
			runOnlyForDeploymentPostprocessing = 0;
		};
		C009E9ED188BB4AA003618AF /* Frameworks */ = {
			isa = PBXFrameworksBuildPhase;
			buildActionMask = 2147483647;
			files = (
				C009E9F2188BB4AA003618AF /* XCTest.framework in Frameworks */,
				C009E9F4188BB4AA003618AF /* UIKit.framework in Frameworks */,
				C009E9F3188BB4AA003618AF /* Foundation.framework in Frameworks */,
			);
			runOnlyForDeploymentPostprocessing = 0;
		};
/* End PBXFrameworksBuildPhase section */

/* Begin PBXGroup section */
		C009E9C6188BB4AA003618AF = {
			isa = PBXGroup;
			children = (
				C009E9D8188BB4AA003618AF /* BlockDemo */,
				C009E9F7188BB4AA003618AF /* BlockDemoTests */,
				C009E9D1188BB4AA003618AF /* Frameworks */,
				C009E9D0188BB4AA003618AF /* Products */,
			);
			sourceTree = "<group>";
		};
		C009E9D0188BB4AA003618AF /* Products */ = {
			isa = PBXGroup;
			children = (
				C009E9CF188BB4AA003618AF /* BlockDemo.app */,
				C009E9F0188BB4AA003618AF /* BlockDemoTests.xctest */,
			);
			name = Products;
			sourceTree = "<group>";
		};
		C009E9D1188BB4AA003618AF /* Frameworks */ = {
			isa = PBXGroup;
			children = (
				C009E9D2188BB4AA003618AF /* Foundation.framework */,
				C009E9D4188BB4AA003618AF /* CoreGraphics.framework */,
				C009E9D6188BB4AA003618AF /* UIKit.framework */,
				C009E9F1188BB4AA003618AF /* XCTest.framework */,
			);
			name = Frameworks;
			sourceTree = "<group>";
		};
		C009E9D8188BB4AA003618AF /* BlockDemo */ = {
			isa = PBXGroup;
			children = (
				C009E9E1188BB4AA003618AF /* AppDelegate.h */,
				C009E9E2188BB4AA003618AF /* AppDelegate.m */,
				C009E9E4188BB4AA003618AF /* Main.storyboard */,
				C009E9E7188BB4AA003618AF /* ViewController.h */,
				C009E9E8188BB4AA003618AF /* ViewController.m */,
				C0E9E6C3189038BC0049024D /* CustomActionSheet.h */,
				C0E9E6C4189038BC0049024D /* CustomActionSheet.m */,
				C009E9EA188BB4AA003618AF /* Images.xcassets */,
				C009E9D9188BB4AA003618AF /* Supporting Files */,
			);
			path = BlockDemo;
			sourceTree = "<group>";
		};
		C009E9D9188BB4AA003618AF /* Supporting Files */ = {
			isa = PBXGroup;
			children = (
				C009E9DA188BB4AA003618AF /* BlockDemo-Info.plist */,
				C009E9DB188BB4AA003618AF /* InfoPlist.strings */,
				C009E9DE188BB4AA003618AF /* main.m */,
				C009E9E0188BB4AA003618AF /* BlockDemo-Prefix.pch */,
			);
			name = "Supporting Files";
			sourceTree = "<group>";
		};
		C009E9F7188BB4AA003618AF /* BlockDemoTests */ = {
			isa = PBXGroup;
			children = (
				C009E9FD188BB4AA003618AF /* BlockDemoTests.m */,
				C009E9F8188BB4AA003618AF /* Supporting Files */,
			);
			path = BlockDemoTests;
			sourceTree = "<group>";
		};
		C009E9F8188BB4AA003618AF /* Supporting Files */ = {
			isa = PBXGroup;
			children = (
				C009E9F9188BB4AA003618AF /* BlockDemoTests-Info.plist */,
				C009E9FA188BB4AA003618AF /* InfoPlist.strings */,
			);
			name = "Supporting Files";
			sourceTree = "<group>";
		};
/* End PBXGroup section */

/* Begin PBXNativeTarget section */
		C009E9CE188BB4AA003618AF /* BlockDemo */ = {
			isa = PBXNativeTarget;
			buildConfigurationList = C009EA01188BB4AA003618AF /* Build configuration list for PBXNativeTarget "BlockDemo" */;
			buildPhases = (
				C009E9CB188BB4AA003618AF /* Sources */,
				C009E9CC188BB4AA003618AF /* Frameworks */,
				C009E9CD188BB4AA003618AF /* Resources */,
			);
			buildRules = (
			);
			dependencies = (
			);
			name = BlockDemo;
			productName = BlockDemo;
			productReference = C009E9CF188BB4AA003618AF /* BlockDemo.app */;
			productType = "com.apple.product-type.application";
		};
		C009E9EF188BB4AA003618AF /* BlockDemoTests */ = {
			isa = PBXNativeTarget;
			buildConfigurationList = C009EA04188BB4AA003618AF /* Build configuration list for PBXNativeTarget "BlockDemoTests" */;
			buildPhases = (
				C009E9EC188BB4AA003618AF /* Sources */,
				C009E9ED188BB4AA003618AF /* Frameworks */,
				C009E9EE188BB4AA003618AF /* Resources */,
			);
			buildRules = (
			);
			dependencies = (
				C009E9F6188BB4AA003618AF /* PBXTargetDependency */,
			);
			name = BlockDemoTests;
			productName = BlockDemoTests;
			productReference = C009E9F0188BB4AA003618AF /* BlockDemoTests.xctest */;
			productType = "com.apple.product-type.bundle.unit-test";
		};
/* End PBXNativeTarget section */

/* Begin PBXProject section */
		C009E9C7188BB4AA003618AF /* Project object */ = {
			isa = PBXProject;
			attributes = {
				LastUpgradeCheck = 0500;
				ORGANIZATIONNAME = AppCoda;
				TargetAttributes = {
					C009E9EF188BB4AA003618AF = {
						TestTargetID = C009E9CE188BB4AA003618AF;
					};
				};
			};
			buildConfigurationList = C009E9CA188BB4AA003618AF /* Build configuration list for PBXProject "BlockDemo" */;
			compatibilityVersion = "Xcode 3.2";
			developmentRegion = English;
			hasScannedForEncodings = 0;
			knownRegions = (
				en,
				Base,
			);
			mainGroup = C009E9C6188BB4AA003618AF;
			productRefGroup = C009E9D0188BB4AA003618AF /* Products */;
			projectDirPath = "";
			projectRoot = "";
			targets = (
				C009E9CE188BB4AA003618AF /* BlockDemo */,
				C009E9EF188BB4AA003618AF /* BlockDemoTests */,
			);
		};
/* End PBXProject section */

/* Begin PBXResourcesBuildPhase section */
		C009E9CD188BB4AA003618AF /* Resources */ = {
			isa = PBXResourcesBuildPhase;
			buildActionMask = 2147483647;
			files = (
				C009E9EB188BB4AA003618AF /* Images.xcassets in Resources */,
				C009E9DD188BB4AA003618AF /* InfoPlist.strings in Resources */,
				C009E9E6188BB4AA003618AF /* Main.storyboard in Resources */,
			);
			runOnlyForDeploymentPostprocessing = 0;
		};
		C009E9EE188BB4AA003618AF /* Resources */ = {
			isa = PBXResourcesBuildPhase;
			buildActionMask = 2147483647;
			files = (
				C009E9FC188BB4AA003618AF /* InfoPlist.strings in Resources */,
			);
			runOnlyForDeploymentPostprocessing = 0;
		};
/* End PBXResourcesBuildPhase section */

/* Begin PBXSourcesBuildPhase section */
		C009E9CB188BB4AA003618AF /* Sources */ = {
			isa = PBXSourcesBuildPhase;
			buildActionMask = 2147483647;
			files = (
				C0E9E6C5189038BC0049024D /* CustomActionSheet.m in Sources */,
				C009E9E9188BB4AA003618AF /* ViewController.m in Sources */,
				C009E9E3188BB4AA003618AF /* AppDelegate.m in Sources */,
				C009E9DF188BB4AA003618AF /* main.m in Sources */,
			);
			runOnlyForDeploymentPostprocessing = 0;
		};
		C009E9EC188BB4AA003618AF /* Sources */ = {
			isa = PBXSourcesBuildPhase;
			buildActionMask = 2147483647;
			files = (
				C009E9FE188BB4AA003618AF /* BlockDemoTests.m in Sources */,
			);
			runOnlyForDeploymentPostprocessing = 0;
		};
/* End PBXSourcesBuildPhase section */

/* Begin PBXTargetDependency section */
		C009E9F6188BB4AA003618AF /* PBXTargetDependency */ = {
			isa = PBXTargetDependency;
			target = C009E9CE188BB4AA003618AF /* BlockDemo */;
			targetProxy = C009E9F5188BB4AA003618AF /* PBXContainerItemProxy */;
		};
/* End PBXTargetDependency section */

/* Begin PBXVariantGroup section */
		C009E9DB188BB4AA003618AF /* InfoPlist.strings */ = {
			isa = PBXVariantGroup;
			children = (
				C009E9DC188BB4AA003618AF /* en */,
			);
			name = InfoPlist.strings;
			sourceTree = "<group>";
		};
		C009E9E4188BB4AA003618AF /* Main.storyboard */ = {
			isa = PBXVariantGroup;
			children = (
				C009E9E5188BB4AA003618AF /* Base */,
			);
			name = Main.storyboard;
			sourceTree = "<group>";
		};
		C009E9FA188BB4AA003618AF /* InfoPlist.strings */ = {
			isa = PBXVariantGroup;
			children = (
				C009E9FB188BB4AA003618AF /* en */,
			);
			name = InfoPlist.strings;
			sourceTree = "<group>";
		};
/* End PBXVariantGroup section */

/* Begin XCBuildConfiguration section */
		C009E9FF188BB4AA003618AF /* Debug */ = {
			isa = XCBuildConfiguration;
			buildSettings = {
				ALWAYS_SEARCH_USER_PATHS = NO;
				ARCHS = "$(ARCHS_STANDARD_INCLUDING_64_BIT)";
				CLANG_CXX_LANGUAGE_STANDARD = "gnu++0x";
				CLANG_CXX_LIBRARY = "libc++";
				CLANG_ENABLE_MODULES = YES;
				CLANG_ENABLE_OBJC_ARC = YES;
				CLANG_WARN_BOOL_CONVERSION = YES;
				CLANG_WARN_CONSTANT_CONVERSION = YES;
				CLANG_WARN_DIRECT_OBJC_ISA_USAGE = YES_ERROR;
				CLANG_WARN_EMPTY_BODY = YES;
				CLANG_WARN_ENUM_CONVERSION = YES;
				CLANG_WARN_INT_CONVERSION = YES;
				CLANG_WARN_OBJC_ROOT_CLASS = YES_ERROR;
				CLANG_WARN__DUPLICATE_METHOD_MATCH = YES;
				"CODE_SIGN_IDENTITY[sdk=iphoneos*]" = "iPhone Developer";
				COPY_PHASE_STRIP = NO;
				GCC_C_LANGUAGE_STANDARD = gnu99;
				GCC_DYNAMIC_NO_PIC = NO;
				GCC_OPTIMIZATION_LEVEL = 0;
				GCC_PREPROCESSOR_DEFINITIONS = (
					"DEBUG=1",
					"$(inherited)",
				);
				GCC_SYMBOLS_PRIVATE_EXTERN = NO;
				GCC_WARN_64_TO_32_BIT_CONVERSION = YES;
				GCC_WARN_ABOUT_RETURN_TYPE = YES_ERROR;
				GCC_WARN_UNDECLARED_SELECTOR = YES;
				GCC_WARN_UNINITIALIZED_AUTOS = YES;
				GCC_WARN_UNUSED_FUNCTION = YES;
				GCC_WARN_UNUSED_VARIABLE = YES;
				IPHONEOS_DEPLOYMENT_TARGET = 7.0;
				ONLY_ACTIVE_ARCH = YES;
				SDKROOT = iphoneos;
			};
			name = Debug;
		};
		C009EA00188BB4AA003618AF /* Release */ = {
			isa = XCBuildConfiguration;
			buildSettings = {
				ALWAYS_SEARCH_USER_PATHS = NO;
				ARCHS = "$(ARCHS_STANDARD_INCLUDING_64_BIT)";
				CLANG_CXX_LANGUAGE_STANDARD = "gnu++0x";
				CLANG_CXX_LIBRARY = "libc++";
				CLANG_ENABLE_MODULES = YES;
				CLANG_ENABLE_OBJC_ARC = YES;
				CLANG_WARN_BOOL_CONVERSION = YES;
				CLANG_WARN_CONSTANT_CONVERSION = YES;
				CLANG_WARN_DIRECT_OBJC_ISA_USAGE = YES_ERROR;
				CLANG_WARN_EMPTY_BODY = YES;
				CLANG_WARN_ENUM_CONVERSION = YES;
				CLANG_WARN_INT_CONVERSION = YES;
				CLANG_WARN_OBJC_ROOT_CLASS = YES_ERROR;
				CLANG_WARN__DUPLICATE_METHOD_MATCH = YES;
				"CODE_SIGN_IDENTITY[sdk=iphoneos*]" = "iPhone Developer";
				COPY_PHASE_STRIP = YES;
				ENABLE_NS_ASSERTIONS = NO;
				GCC_C_LANGUAGE_STANDARD = gnu99;
				GCC_WARN_64_TO_32_BIT_CONVERSION = YES;
				GCC_WARN_ABOUT_RETURN_TYPE = YES_ERROR;
				GCC_WARN_UNDECLARED_SELECTOR = YES;
				GCC_WARN_UNINITIALIZED_AUTOS = YES;
				GCC_WARN_UNUSED_FUNCTION = YES;
				GCC_WARN_UNUSED_VARIABLE = YES;
				IPHONEOS_DEPLOYMENT_TARGET = 7.0;
				SDKROOT = iphoneos;
				VALIDATE_PRODUCT = YES;
			};
			name = Release;
		};
		C009EA02188BB4AA003618AF /* Debug */ = {
			isa = XCBuildConfiguration;
			buildSettings = {
				ASSETCATALOG_COMPILER_APPICON_NAME = AppIcon;
				ASSETCATALOG_COMPILER_LAUNCHIMAGE_NAME = LaunchImage;
				GCC_PRECOMPILE_PREFIX_HEADER = YES;
				GCC_PREFIX_HEADER = "BlockDemo/BlockDemo-Prefix.pch";
				INFOPLIST_FILE = "BlockDemo/BlockDemo-Info.plist";
				PRODUCT_NAME = "$(TARGET_NAME)";
				WRAPPER_EXTENSION = app;
			};
			name = Debug;
		};
		C009EA03188BB4AA003618AF /* Release */ = {
			isa = XCBuildConfiguration;
			buildSettings = {
				ASSETCATALOG_COMPILER_APPICON_NAME = AppIcon;
				ASSETCATALOG_COMPILER_LAUNCHIMAGE_NAME = LaunchImage;
				GCC_PRECOMPILE_PREFIX_HEADER = YES;
				GCC_PREFIX_HEADER = "BlockDemo/BlockDemo-Prefix.pch";
				INFOPLIST_FILE = "BlockDemo/BlockDemo-Info.plist";
				PRODUCT_NAME = "$(TARGET_NAME)";
				WRAPPER_EXTENSION = app;
			};
			name = Release;
		};
		C009EA05188BB4AA003618AF /* Debug */ = {
			isa = XCBuildConfiguration;
			buildSettings = {
				ARCHS = "$(ARCHS_STANDARD_INCLUDING_64_BIT)";
				BUNDLE_LOADER = "$(BUILT_PRODUCTS_DIR)/BlockDemo.app/BlockDemo";
				FRAMEWORK_SEARCH_PATHS = (
					"$(SDKROOT)/Developer/Library/Frameworks",
					"$(inherited)",
					"$(DEVELOPER_FRAMEWORKS_DIR)",
				);
				GCC_PRECOMPILE_PREFIX_HEADER = YES;
				GCC_PREFIX_HEADER = "BlockDemo/BlockDemo-Prefix.pch";
				GCC_PREPROCESSOR_DEFINITIONS = (
					"DEBUG=1",
					"$(inherited)",
				);
				INFOPLIST_FILE = "BlockDemoTests/BlockDemoTests-Info.plist";
				PRODUCT_NAME = "$(TARGET_NAME)";
				TEST_HOST = "$(BUNDLE_LOADER)";
				WRAPPER_EXTENSION = xctest;
			};
			name = Debug;
		};
		C009EA06188BB4AA003618AF /* Release */ = {
			isa = XCBuildConfiguration;
			buildSettings = {
				ARCHS = "$(ARCHS_STANDARD_INCLUDING_64_BIT)";
				BUNDLE_LOADER = "$(BUILT_PRODUCTS_DIR)/BlockDemo.app/BlockDemo";
				FRAMEWORK_SEARCH_PATHS = (
					"$(SDKROOT)/Developer/Library/Frameworks",
					"$(inherited)",
					"$(DEVELOPER_FRAMEWORKS_DIR)",
				);
				GCC_PRECOMPILE_PREFIX_HEADER = YES;
				GCC_PREFIX_HEADER = "BlockDemo/BlockDemo-Prefix.pch";
				INFOPLIST_FILE = "BlockDemoTests/BlockDemoTests-Info.plist";
				PRODUCT_NAME = "$(TARGET_NAME)";
				TEST_HOST = "$(BUNDLE_LOADER)";
				WRAPPER_EXTENSION = xctest;
			};
			name = Release;
		};
/* End XCBuildConfiguration section */

/* Begin XCConfigurationList section */
		C009E9CA188BB4AA003618AF /* Build configuration list for PBXProject "BlockDemo" */ = {
			isa = XCConfigurationList;
			buildConfigurations = (
				C009E9FF188BB4AA003618AF /* Debug */,
				C009EA00188BB4AA003618AF /* Release */,
			);
			defaultConfigurationIsVisible = 0;
			defaultConfigurationName = Release;
		};
		C009EA01188BB4AA003618AF /* Build configuration list for PBXNativeTarget "BlockDemo" */ = {
			isa = XCConfigurationList;
			buildConfigurations = (
				C009EA02188BB4AA003618AF /* Debug */,
				C009EA03188BB4AA003618AF /* Release */,
			);
			defaultConfigurationIsVisible = 0;
			defaultConfigurationName = Release;
		};
		C009EA04188BB4AA003618AF /* Build configuration list for PBXNativeTarget "BlockDemoTests" */ = {
			isa = XCConfigurationList;
			buildConfigurations = (
				C009EA05188BB4AA003618AF /* Debug */,
				C009EA06188BB4AA003618AF /* Release */,
			);
			defaultConfigurationIsVisible = 0;
			defaultConfigurationName = Release;
		};
/* End XCConfigurationList section */
	};
	rootObject = C009E9C7188BB4AA003618AF /* Project object */;
}
