// !$*UTF8*$!
{
	archiveVersion = 1;
	classes = {
	};
	objectVersion = 46;
	objects = {

/* Begin PBXBuildFile section */
		C0B47DD61908021E00897BCC /* Foundation.framework in Frameworks */ = {isa = PBXBuildFile; fileRef = C0B47DD51908021E00897BCC /* Foundation.framework */; };
		C0B47DD81908021E00897BCC /* CoreGraphics.framework in Frameworks */ = {isa = PBXBuildFile; fileRef = C0B47DD71908021E00897BCC /* CoreGraphics.framework */; };
		C0B47DDA1908021E00897BCC /* UIKit.framework in Frameworks */ = {isa = PBXBuildFile; fileRef = C0B47DD91908021E00897BCC /* UIKit.framework */; };
		C0B47DE01908021E00897BCC /* InfoPlist.strings in Resources */ = {isa = PBXBuildFile; fileRef = C0B47DDE1908021E00897BCC /* InfoPlist.strings */; };
		C0B47DE21908021E00897BCC /* main.m in Sources */ = {isa = PBXBuildFile; fileRef = C0B47DE11908021E00897BCC /* main.m */; };
		C0B47DE61908021E00897BCC /* AppDelegate.m in Sources */ = {isa = PBXBuildFile; fileRef = C0B47DE51908021E00897BCC /* AppDelegate.m */; };
		C0B47DE91908021E00897BCC /* Main_iPhone.storyboard in Resources */ = {isa = PBXBuildFile; fileRef = C0B47DE71908021E00897BCC /* Main_iPhone.storyboard */; };
		C0B47DEC1908021E00897BCC /* Main_iPad.storyboard in Resources */ = {isa = PBXBuildFile; fileRef = C0B47DEA1908021E00897BCC /* Main_iPad.storyboard */; };
		C0B47DEF1908021E00897BCC /* ViewController.m in Sources */ = {isa = PBXBuildFile; fileRef = C0B47DEE1908021E00897BCC /* ViewController.m */; };
		C0B47DF11908021E00897BCC /* Images.xcassets in Resources */ = {isa = PBXBuildFile; fileRef = C0B47DF01908021E00897BCC /* Images.xcassets */; };
		C0B47DF81908021E00897BCC /* XCTest.framework in Frameworks */ = {isa = PBXBuildFile; fileRef = C0B47DF71908021E00897BCC /* XCTest.framework */; };
		C0B47DF91908021E00897BCC /* Foundation.framework in Frameworks */ = {isa = PBXBuildFile; fileRef = C0B47DD51908021E00897BCC /* Foundation.framework */; };
		C0B47DFA1908021E00897BCC /* UIKit.framework in Frameworks */ = {isa = PBXBuildFile; fileRef = C0B47DD91908021E00897BCC /* UIKit.framework */; };
		C0B47E021908021E00897BCC /* InfoPlist.strings in Resources */ = {isa = PBXBuildFile; fileRef = C0B47E001908021E00897BCC /* InfoPlist.strings */; };
		C0B47E041908021F00897BCC /* ActionSheetDemoTests.m in Sources */ = {isa = PBXBuildFile; fileRef = C0B47E031908021F00897BCC /* ActionSheetDemoTests.m */; };
		C0B47E101908168200897BCC /* TestViewController.m in Sources */ = {isa = PBXBuildFile; fileRef = C0B47E0E1908168200897BCC /* TestViewController.m */; };
		C0B47E111908168200897BCC /* TestViewController.xib in Resources */ = {isa = PBXBuildFile; fileRef = C0B47E0F1908168200897BCC /* TestViewController.xib */; };
/* End PBXBuildFile section */

/* Begin PBXContainerItemProxy section */
		C0B47DFB1908021E00897BCC /* PBXContainerItemProxy */ = {
			isa = PBXContainerItemProxy;
			containerPortal = C0B47DCA1908021E00897BCC /* Project object */;
			proxyType = 1;
			remoteGlobalIDString = C0B47DD11908021E00897BCC;
			remoteInfo = ActionSheetDemo;
		};
/* End PBXContainerItemProxy section */

/* Begin PBXFileReference section */
		C0B47DD21908021E00897BCC /* ActionSheetDemo.app */ = {isa = PBXFileReference; explicitFileType = wrapper.application; includeInIndex = 0; path = ActionSheetDemo.app; sourceTree = BUILT_PRODUCTS_DIR; };
		C0B47DD51908021E00897BCC /* Foundation.framework */ = {isa = PBXFileReference; lastKnownFileType = wrapper.framework; name = Foundation.framework; path = System/Library/Frameworks/Foundation.framework; sourceTree = SDKROOT; };
		C0B47DD71908021E00897BCC /* CoreGraphics.framework */ = {isa = PBXFileReference; lastKnownFileType = wrapper.framework; name = CoreGraphics.framework; path = System/Library/Frameworks/CoreGraphics.framework; sourceTree = SDKROOT; };
		C0B47DD91908021E00897BCC /* UIKit.framework */ = {isa = PBXFileReference; lastKnownFileType = wrapper.framework; name = UIKit.framework; path = System/Library/Frameworks/UIKit.framework; sourceTree = SDKROOT; };
		C0B47DDD1908021E00897BCC /* ActionSheetDemo-Info.plist */ = {isa = PBXFileReference; lastKnownFileType = text.plist.xml; path = "ActionSheetDemo-Info.plist"; sourceTree = "<group>"; };
		C0B47DDF1908021E00897BCC /* en */ = {isa = PBXFileReference; lastKnownFileType = text.plist.strings; name = en; path = en.lproj/InfoPlist.strings; sourceTree = "<group>"; };
		C0B47DE11908021E00897BCC /* main.m */ = {isa = PBXFileReference; lastKnownFileType = sourcecode.c.objc; path = main.m; sourceTree = "<group>"; };
		C0B47DE31908021E00897BCC /* ActionSheetDemo-Prefix.pch */ = {isa = PBXFileReference; lastKnownFileType = sourcecode.c.h; path = "ActionSheetDemo-Prefix.pch"; sourceTree = "<group>"; };
		C0B47DE41908021E00897BCC /* AppDelegate.h */ = {isa = PBXFileReference; lastKnownFileType = sourcecode.c.h; path = AppDelegate.h; sourceTree = "<group>"; };
		C0B47DE51908021E00897BCC /* AppDelegate.m */ = {isa = PBXFileReference; lastKnownFileType = sourcecode.c.objc; path = AppDelegate.m; sourceTree = "<group>"; };
		C0B47DE81908021E00897BCC /* Base */ = {isa = PBXFileReference; lastKnownFileType = file.storyboard; name = Base; path = Base.lproj/Main_iPhone.storyboard; sourceTree = "<group>"; };
		C0B47DEB1908021E00897BCC /* Base */ = {isa = PBXFileReference; lastKnownFileType = file.storyboard; name = Base; path = Base.lproj/Main_iPad.storyboard; sourceTree = "<group>"; };
		C0B47DED1908021E00897BCC /* ViewController.h */ = {isa = PBXFileReference; lastKnownFileType = sourcecode.c.h; path = ViewController.h; sourceTree = "<group>"; };
		C0B47DEE1908021E00897BCC /* ViewController.m */ = {isa = PBXFileReference; lastKnownFileType = sourcecode.c.objc; path = ViewController.m; sourceTree = "<group>"; };
		C0B47DF01908021E00897BCC /* Images.xcassets */ = {isa = PBXFileReference; lastKnownFileType = folder.assetcatalog; path = Images.xcassets; sourceTree = "<group>"; };
		C0B47DF61908021E00897BCC /* ActionSheetDemoTests.xctest */ = {isa = PBXFileReference; explicitFileType = wrapper.cfbundle; includeInIndex = 0; path = ActionSheetDemoTests.xctest; sourceTree = BUILT_PRODUCTS_DIR; };
		C0B47DF71908021E00897BCC /* XCTest.framework */ = {isa = PBXFileReference; lastKnownFileType = wrapper.framework; name = XCTest.framework; path = Library/Frameworks/XCTest.framework; sourceTree = DEVELOPER_DIR; };
		C0B47DFF1908021E00897BCC /* ActionSheetDemoTests-Info.plist */ = {isa = PBXFileReference; lastKnownFileType = text.plist.xml; path = "ActionSheetDemoTests-Info.plist"; sourceTree = "<group>"; };
		C0B47E011908021E00897BCC /* en */ = {isa = PBXFileReference; lastKnownFileType = text.plist.strings; name = en; path = en.lproj/InfoPlist.strings; sourceTree = "<group>"; };
		C0B47E031908021F00897BCC /* ActionSheetDemoTests.m */ = {isa = PBXFileReference; lastKnownFileType = sourcecode.c.objc; path = ActionSheetDemoTests.m; sourceTree = "<group>"; };
		C0B47E0D1908168200897BCC /* TestViewController.h */ = {isa = PBXFileReference; fileEncoding = 4; lastKnownFileType = sourcecode.c.h; path = TestViewController.h; sourceTree = "<group>"; };
		C0B47E0E1908168200897BCC /* TestViewController.m */ = {isa = PBXFileReference; fileEncoding = 4; lastKnownFileType = sourcecode.c.objc; path = TestViewController.m; sourceTree = "<group>"; };
		C0B47E0F1908168200897BCC /* TestViewController.xib */ = {isa = PBXFileReference; fileEncoding = 4; lastKnownFileType = file.xib; path = TestViewController.xib; sourceTree = "<group>"; };
/* End PBXFileReference section */

/* Begin PBXFrameworksBuildPhase section */
		C0B47DCF1908021E00897BCC /* Frameworks */ = {
			isa = PBXFrameworksBuildPhase;
			buildActionMask = 2147483647;
			files = (
				C0B47DD81908021E00897BCC /* CoreGraphics.framework in Frameworks */,
				C0B47DDA1908021E00897BCC /* UIKit.framework in Frameworks */,
				C0B47DD61908021E00897BCC /* Foundation.framework in Frameworks */,
			);
			runOnlyForDeploymentPostprocessing = 0;
		};
		C0B47DF31908021E00897BCC /* Frameworks */ = {
			isa = PBXFrameworksBuildPhase;
			buildActionMask = 2147483647;
			files = (
				C0B47DF81908021E00897BCC /* XCTest.framework in Frameworks */,
				C0B47DFA1908021E00897BCC /* UIKit.framework in Frameworks */,
				C0B47DF91908021E00897BCC /* Foundation.framework in Frameworks */,
			);
			runOnlyForDeploymentPostprocessing = 0;
		};
/* End PBXFrameworksBuildPhase section */

/* Begin PBXGroup section */
		C0B47DC91908021E00897BCC = {
			isa = PBXGroup;
			children = (
				C0B47DDB1908021E00897BCC /* ActionSheetDemo */,
				C0B47DFD1908021E00897BCC /* ActionSheetDemoTests */,
				C0B47DD41908021E00897BCC /* Frameworks */,
				C0B47DD31908021E00897BCC /* Products */,
			);
			sourceTree = "<group>";
		};
		C0B47DD31908021E00897BCC /* Products */ = {
			isa = PBXGroup;
			children = (
				C0B47DD21908021E00897BCC /* ActionSheetDemo.app */,
				C0B47DF61908021E00897BCC /* ActionSheetDemoTests.xctest */,
			);
			name = Products;
			sourceTree = "<group>";
		};
		C0B47DD41908021E00897BCC /* Frameworks */ = {
			isa = PBXGroup;
			children = (
				C0B47DD51908021E00897BCC /* Foundation.framework */,
				C0B47DD71908021E00897BCC /* CoreGraphics.framework */,
				C0B47DD91908021E00897BCC /* UIKit.framework */,
				C0B47DF71908021E00897BCC /* XCTest.framework */,
			);
			name = Frameworks;
			sourceTree = "<group>";
		};
		C0B47DDB1908021E00897BCC /* ActionSheetDemo */ = {
			isa = PBXGroup;
			children = (
				C0B47DE41908021E00897BCC /* AppDelegate.h */,
				C0B47DE51908021E00897BCC /* AppDelegate.m */,
				C0B47DE71908021E00897BCC /* Main_iPhone.storyboard */,
				C0B47DEA1908021E00897BCC /* Main_iPad.storyboard */,
				C0B47DED1908021E00897BCC /* ViewController.h */,
				C0B47DEE1908021E00897BCC /* ViewController.m */,
				C0B47E0D1908168200897BCC /* TestViewController.h */,
				C0B47E0E1908168200897BCC /* TestViewController.m */,
				C0B47E0F1908168200897BCC /* TestViewController.xib */,
				C0B47DF01908021E00897BCC /* Images.xcassets */,
				C0B47DDC1908021E00897BCC /* Supporting Files */,
			);
			path = ActionSheetDemo;
			sourceTree = "<group>";
		};
		C0B47DDC1908021E00897BCC /* Supporting Files */ = {
			isa = PBXGroup;
			children = (
				C0B47DDD1908021E00897BCC /* ActionSheetDemo-Info.plist */,
				C0B47DDE1908021E00897BCC /* InfoPlist.strings */,
				C0B47DE11908021E00897BCC /* main.m */,
				C0B47DE31908021E00897BCC /* ActionSheetDemo-Prefix.pch */,
			);
			name = "Supporting Files";
			sourceTree = "<group>";
		};
		C0B47DFD1908021E00897BCC /* ActionSheetDemoTests */ = {
			isa = PBXGroup;
			children = (
				C0B47E031908021F00897BCC /* ActionSheetDemoTests.m */,
				C0B47DFE1908021E00897BCC /* Supporting Files */,
			);
			path = ActionSheetDemoTests;
			sourceTree = "<group>";
		};
		C0B47DFE1908021E00897BCC /* Supporting Files */ = {
			isa = PBXGroup;
			children = (
				C0B47DFF1908021E00897BCC /* ActionSheetDemoTests-Info.plist */,
				C0B47E001908021E00897BCC /* InfoPlist.strings */,
			);
			name = "Supporting Files";
			sourceTree = "<group>";
		};
/* End PBXGroup section */

/* Begin PBXNativeTarget section */
		C0B47DD11908021E00897BCC /* ActionSheetDemo */ = {
			isa = PBXNativeTarget;
			buildConfigurationList = C0B47E071908021F00897BCC /* Build configuration list for PBXNativeTarget "ActionSheetDemo" */;
			buildPhases = (
				C0B47DCE1908021E00897BCC /* Sources */,
				C0B47DCF1908021E00897BCC /* Frameworks */,
				C0B47DD01908021E00897BCC /* Resources */,
			);
			buildRules = (
			);
			dependencies = (
			);
			name = ActionSheetDemo;
			productName = ActionSheetDemo;
			productReference = C0B47DD21908021E00897BCC /* ActionSheetDemo.app */;
			productType = "com.apple.product-type.application";
		};
		C0B47DF51908021E00897BCC /* ActionSheetDemoTests */ = {
			isa = PBXNativeTarget;
			buildConfigurationList = C0B47E0A1908021F00897BCC /* Build configuration list for PBXNativeTarget "ActionSheetDemoTests" */;
			buildPhases = (
				C0B47DF21908021E00897BCC /* Sources */,
				C0B47DF31908021E00897BCC /* Frameworks */,
				C0B47DF41908021E00897BCC /* Resources */,
			);
			buildRules = (
			);
			dependencies = (
				C0B47DFC1908021E00897BCC /* PBXTargetDependency */,
			);
			name = ActionSheetDemoTests;
			productName = ActionSheetDemoTests;
			productReference = C0B47DF61908021E00897BCC /* ActionSheetDemoTests.xctest */;
			productType = "com.apple.product-type.bundle.unit-test";
		};
/* End PBXNativeTarget section */

/* Begin PBXProject section */
		C0B47DCA1908021E00897BCC /* Project object */ = {
			isa = PBXProject;
			attributes = {
				LastUpgradeCheck = 0510;
				ORGANIZATIONNAME = Appcoda;
				TargetAttributes = {
					C0B47DF51908021E00897BCC = {
						TestTargetID = C0B47DD11908021E00897BCC;
					};
				};
			};
			buildConfigurationList = C0B47DCD1908021E00897BCC /* Build configuration list for PBXProject "ActionSheetDemo" */;
			compatibilityVersion = "Xcode 3.2";
			developmentRegion = English;
			hasScannedForEncodings = 0;
			knownRegions = (
				en,
				Base,
			);
			mainGroup = C0B47DC91908021E00897BCC;
			productRefGroup = C0B47DD31908021E00897BCC /* Products */;
			projectDirPath = "";
			projectRoot = "";
			targets = (
				C0B47DD11908021E00897BCC /* ActionSheetDemo */,
				C0B47DF51908021E00897BCC /* ActionSheetDemoTests */,
			);
		};
/* End PBXProject section */

/* Begin PBXResourcesBuildPhase section */
		C0B47DD01908021E00897BCC /* Resources */ = {
			isa = PBXResourcesBuildPhase;
			buildActionMask = 2147483647;
			files = (
				C0B47DEC1908021E00897BCC /* Main_iPad.storyboard in Resources */,
				C0B47E111908168200897BCC /* TestViewController.xib in Resources */,
				C0B47DF11908021E00897BCC /* Images.xcassets in Resources */,
				C0B47DE91908021E00897BCC /* Main_iPhone.storyboard in Resources */,
				C0B47DE01908021E00897BCC /* InfoPlist.strings in Resources */,
			);
			runOnlyForDeploymentPostprocessing = 0;
		};
		C0B47DF41908021E00897BCC /* Resources */ = {
			isa = PBXResourcesBuildPhase;
			buildActionMask = 2147483647;
			files = (
				C0B47E021908021E00897BCC /* InfoPlist.strings in Resources */,
			);
			runOnlyForDeploymentPostprocessing = 0;
		};
/* End PBXResourcesBuildPhase section */

/* Begin PBXSourcesBuildPhase section */
		C0B47DCE1908021E00897BCC /* Sources */ = {
			isa = PBXSourcesBuildPhase;
			buildActionMask = 2147483647;
			files = (
				C0B47DEF1908021E00897BCC /* ViewController.m in Sources */,
				C0B47DE61908021E00897BCC /* AppDelegate.m in Sources */,
				C0B47E101908168200897BCC /* TestViewController.m in Sources */,
				C0B47DE21908021E00897BCC /* main.m in Sources */,
			);
			runOnlyForDeploymentPostprocessing = 0;
		};
		C0B47DF21908021E00897BCC /* Sources */ = {
			isa = PBXSourcesBuildPhase;
			buildActionMask = 2147483647;
			files = (
				C0B47E041908021F00897BCC /* ActionSheetDemoTests.m in Sources */,
			);
			runOnlyForDeploymentPostprocessing = 0;
		};
/* End PBXSourcesBuildPhase section */

/* Begin PBXTargetDependency section */
		C0B47DFC1908021E00897BCC /* PBXTargetDependency */ = {
			isa = PBXTargetDependency;
			target = C0B47DD11908021E00897BCC /* ActionSheetDemo */;
			targetProxy = C0B47DFB1908021E00897BCC /* PBXContainerItemProxy */;
		};
/* End PBXTargetDependency section */

/* Begin PBXVariantGroup section */
		C0B47DDE1908021E00897BCC /* InfoPlist.strings */ = {
			isa = PBXVariantGroup;
			children = (
				C0B47DDF1908021E00897BCC /* en */,
			);
			name = InfoPlist.strings;
			sourceTree = "<group>";
		};
		C0B47DE71908021E00897BCC /* Main_iPhone.storyboard */ = {
			isa = PBXVariantGroup;
			children = (
				C0B47DE81908021E00897BCC /* Base */,
			);
			name = Main_iPhone.storyboard;
			sourceTree = "<group>";
		};
		C0B47DEA1908021E00897BCC /* Main_iPad.storyboard */ = {
			isa = PBXVariantGroup;
			children = (
				C0B47DEB1908021E00897BCC /* Base */,
			);
			name = Main_iPad.storyboard;
			sourceTree = "<group>";
		};
		C0B47E001908021E00897BCC /* InfoPlist.strings */ = {
			isa = PBXVariantGroup;
			children = (
				C0B47E011908021E00897BCC /* en */,
			);
			name = InfoPlist.strings;
			sourceTree = "<group>";
		};
/* End PBXVariantGroup section */

/* Begin XCBuildConfiguration section */
		C0B47E051908021F00897BCC /* Debug */ = {
			isa = XCBuildConfiguration;
			buildSettings = {
				ALWAYS_SEARCH_USER_PATHS = NO;
				CLANG_CXX_LANGUAGE_STANDARD = "gnu++0x";
				CLANG_CXX_LIBRARY = "libc++";
				CLANG_ENABLE_MODULES = YES;
				CLANG_ENABLE_OBJC_ARC = YES;
				CLANG_WARN_BOOL_CONVERSION = YES;
				CLANG_WARN_CONSTANT_CONVERSION = YES;
				CLANG_WARN_DIRECT_OBJC_ISA_USAGE = YES_ERROR;
				CLANG_WARN_EMPTY_BODY = YES;
				CLANG_WARN_ENUM_CONVERSION = YES;
				CLANG_WARN_INT_CONVERSION = YES;
				CLANG_WARN_OBJC_ROOT_CLASS = YES_ERROR;
				CLANG_WARN__DUPLICATE_METHOD_MATCH = YES;
				"CODE_SIGN_IDENTITY[sdk=iphoneos*]" = "iPhone Developer";
				COPY_PHASE_STRIP = NO;
				GCC_C_LANGUAGE_STANDARD = gnu99;
				GCC_DYNAMIC_NO_PIC = NO;
				GCC_OPTIMIZATION_LEVEL = 0;
				GCC_PREPROCESSOR_DEFINITIONS = (
					"DEBUG=1",
					"$(inherited)",
				);
				GCC_SYMBOLS_PRIVATE_EXTERN = NO;
				GCC_WARN_64_TO_32_BIT_CONVERSION = YES;
				GCC_WARN_ABOUT_RETURN_TYPE = YES_ERROR;
				GCC_WARN_UNDECLARED_SELECTOR = YES;
				GCC_WARN_UNINITIALIZED_AUTOS = YES_AGGRESSIVE;
				GCC_WARN_UNUSED_FUNCTION = YES;
				GCC_WARN_UNUSED_VARIABLE = YES;
				IPHONEOS_DEPLOYMENT_TARGET = 7.1;
				ONLY_ACTIVE_ARCH = YES;
				SDKROOT = iphoneos;
				TARGETED_DEVICE_FAMILY = "1,2";
			};
			name = Debug;
		};
		C0B47E061908021F00897BCC /* Release */ = {
			isa = XCBuildConfiguration;
			buildSettings = {
				ALWAYS_SEARCH_USER_PATHS = NO;
				CLANG_CXX_LANGUAGE_STANDARD = "gnu++0x";
				CLANG_CXX_LIBRARY = "libc++";
				CLANG_ENABLE_MODULES = YES;
				CLANG_ENABLE_OBJC_ARC = YES;
				CLANG_WARN_BOOL_CONVERSION = YES;
				CLANG_WARN_CONSTANT_CONVERSION = YES;
				CLANG_WARN_DIRECT_OBJC_ISA_USAGE = YES_ERROR;
				CLANG_WARN_EMPTY_BODY = YES;
				CLANG_WARN_ENUM_CONVERSION = YES;
				CLANG_WARN_INT_CONVERSION = YES;
				CLANG_WARN_OBJC_ROOT_CLASS = YES_ERROR;
				CLANG_WARN__DUPLICATE_METHOD_MATCH = YES;
				"CODE_SIGN_IDENTITY[sdk=iphoneos*]" = "iPhone Developer";
				COPY_PHASE_STRIP = YES;
				ENABLE_NS_ASSERTIONS = NO;
				GCC_C_LANGUAGE_STANDARD = gnu99;
				GCC_WARN_64_TO_32_BIT_CONVERSION = YES;
				GCC_WARN_ABOUT_RETURN_TYPE = YES_ERROR;
				GCC_WARN_UNDECLARED_SELECTOR = YES;
				GCC_WARN_UNINITIALIZED_AUTOS = YES_AGGRESSIVE;
				GCC_WARN_UNUSED_FUNCTION = YES;
				GCC_WARN_UNUSED_VARIABLE = YES;
				IPHONEOS_DEPLOYMENT_TARGET = 7.1;
				SDKROOT = iphoneos;
				TARGETED_DEVICE_FAMILY = "1,2";
				VALIDATE_PRODUCT = YES;
			};
			name = Release;
		};
		C0B47E081908021F00897BCC /* Debug */ = {
			isa = XCBuildConfiguration;
			buildSettings = {
				ASSETCATALOG_COMPILER_APPICON_NAME = AppIcon;
				ASSETCATALOG_COMPILER_LAUNCHIMAGE_NAME = LaunchImage;
				GCC_PRECOMPILE_PREFIX_HEADER = YES;
				GCC_PREFIX_HEADER = "ActionSheetDemo/ActionSheetDemo-Prefix.pch";
				INFOPLIST_FILE = "ActionSheetDemo/ActionSheetDemo-Info.plist";
				PRODUCT_NAME = "$(TARGET_NAME)";
				WRAPPER_EXTENSION = app;
			};
			name = Debug;
		};
		C0B47E091908021F00897BCC /* Release */ = {
			isa = XCBuildConfiguration;
			buildSettings = {
				ASSETCATALOG_COMPILER_APPICON_NAME = AppIcon;
				ASSETCATALOG_COMPILER_LAUNCHIMAGE_NAME = LaunchImage;
				GCC_PRECOMPILE_PREFIX_HEADER = YES;
				GCC_PREFIX_HEADER = "ActionSheetDemo/ActionSheetDemo-Prefix.pch";
				INFOPLIST_FILE = "ActionSheetDemo/ActionSheetDemo-Info.plist";
				PRODUCT_NAME = "$(TARGET_NAME)";
				WRAPPER_EXTENSION = app;
			};
			name = Release;
		};
		C0B47E0B1908021F00897BCC /* Debug */ = {
			isa = XCBuildConfiguration;
			buildSettings = {
				BUNDLE_LOADER = "$(BUILT_PRODUCTS_DIR)/ActionSheetDemo.app/ActionSheetDemo";
				FRAMEWORK_SEARCH_PATHS = (
					"$(SDKROOT)/Developer/Library/Frameworks",
					"$(inherited)",
					"$(DEVELOPER_FRAMEWORKS_DIR)",
				);
				GCC_PRECOMPILE_PREFIX_HEADER = YES;
				GCC_PREFIX_HEADER = "ActionSheetDemo/ActionSheetDemo-Prefix.pch";
				GCC_PREPROCESSOR_DEFINITIONS = (
					"DEBUG=1",
					"$(inherited)",
				);
				INFOPLIST_FILE = "ActionSheetDemoTests/ActionSheetDemoTests-Info.plist";
				PRODUCT_NAME = "$(TARGET_NAME)";
				TEST_HOST = "$(BUNDLE_LOADER)";
				WRAPPER_EXTENSION = xctest;
			};
			name = Debug;
		};
		C0B47E0C1908021F00897BCC /* Release */ = {
			isa = XCBuildConfiguration;
			buildSettings = {
				BUNDLE_LOADER = "$(BUILT_PRODUCTS_DIR)/ActionSheetDemo.app/ActionSheetDemo";
				FRAMEWORK_SEARCH_PATHS = (
					"$(SDKROOT)/Developer/Library/Frameworks",
					"$(inherited)",
					"$(DEVELOPER_FRAMEWORKS_DIR)",
				);
				GCC_PRECOMPILE_PREFIX_HEADER = YES;
				GCC_PREFIX_HEADER = "ActionSheetDemo/ActionSheetDemo-Prefix.pch";
				INFOPLIST_FILE = "ActionSheetDemoTests/ActionSheetDemoTests-Info.plist";
				PRODUCT_NAME = "$(TARGET_NAME)";
				TEST_HOST = "$(BUNDLE_LOADER)";
				WRAPPER_EXTENSION = xctest;
			};
			name = Release;
		};
/* End XCBuildConfiguration section */

/* Begin XCConfigurationList section */
		C0B47DCD1908021E00897BCC /* Build configuration list for PBXProject "ActionSheetDemo" */ = {
			isa = XCConfigurationList;
			buildConfigurations = (
				C0B47E051908021F00897BCC /* Debug */,
				C0B47E061908021F00897BCC /* Release */,
			);
			defaultConfigurationIsVisible = 0;
			defaultConfigurationName = Release;
		};
		C0B47E071908021F00897BCC /* Build configuration list for PBXNativeTarget "ActionSheetDemo" */ = {
			isa = XCConfigurationList;
			buildConfigurations = (
				C0B47E081908021F00897BCC /* Debug */,
				C0B47E091908021F00897BCC /* Release */,
			);
			defaultConfigurationIsVisible = 0;
		};
		C0B47E0A1908021F00897BCC /* Build configuration list for PBXNativeTarget "ActionSheetDemoTests" */ = {
			isa = XCConfigurationList;
			buildConfigurations = (
				C0B47E0B1908021F00897BCC /* Debug */,
				C0B47E0C1908021F00897BCC /* Release */,
			);
			defaultConfigurationIsVisible = 0;
		};
/* End XCConfigurationList section */
	};
	rootObject = C0B47DCA1908021E00897BCC /* Project object */;
}
