// !$*UTF8*$!
{
	archiveVersion = 1;
	classes = {
	};
	objectVersion = 46;
	objects = {

/* Begin PBXBuildFile section */
		F404BF861706C786002568F1 /* UIKit.framework in Frameworks */ = {isa = PBXBuildFile; fileRef = F404BF851706C786002568F1 /* UIKit.framework */; };
		F404BF881706C786002568F1 /* Foundation.framework in Frameworks */ = {isa = PBXBuildFile; fileRef = F404BF871706C786002568F1 /* Foundation.framework */; };
		F404BF8A1706C786002568F1 /* CoreGraphics.framework in Frameworks */ = {isa = PBXBuildFile; fileRef = F404BF891706C786002568F1 /* CoreGraphics.framework */; };
		F404BF901706C786002568F1 /* InfoPlist.strings in Resources */ = {isa = PBXBuildFile; fileRef = F404BF8E1706C786002568F1 /* InfoPlist.strings */; };
		F404BF921706C786002568F1 /* main.m in Sources */ = {isa = PBXBuildFile; fileRef = F404BF911706C786002568F1 /* main.m */; };
		F404BF961706C786002568F1 /* AppDelegate.m in Sources */ = {isa = PBXBuildFile; fileRef = F404BF951706C786002568F1 /* AppDelegate.m */; };
		F404BF981706C786002568F1 /* Default.png in Resources */ = {isa = PBXBuildFile; fileRef = F404BF971706C786002568F1 /* Default.png */; };
		F404BF9A1706C786002568F1 /* Default@2x.png in Resources */ = {isa = PBXBuildFile; fileRef = F404BF991706C786002568F1 /* Default@2x.png */; };
		F404BF9C1706C786002568F1 /* Default-568h@2x.png in Resources */ = {isa = PBXBuildFile; fileRef = F404BF9B1706C786002568F1 /* Default-568h@2x.png */; };
		F404BF9F1706C786002568F1 /* MainStoryboard.storyboard in Resources */ = {isa = PBXBuildFile; fileRef = F404BF9D1706C786002568F1 /* MainStoryboard.storyboard */; };
		F404BFA21706C786002568F1 /* ViewController.m in Sources */ = {isa = PBXBuildFile; fileRef = F404BFA11706C786002568F1 /* ViewController.m */; };
		F404BFB91706E97A002568F1 /* win_1.png in Resources */ = {isa = PBXBuildFile; fileRef = F404BFA91706E97A002568F1 /* win_1.png */; };
		F404BFBA1706E97A002568F1 /* win_2.png in Resources */ = {isa = PBXBuildFile; fileRef = F404BFAA1706E97A002568F1 /* win_2.png */; };
		F404BFBB1706E97A002568F1 /* win_3.png in Resources */ = {isa = PBXBuildFile; fileRef = F404BFAB1706E97A002568F1 /* win_3.png */; };
		F404BFBC1706E97A002568F1 /* win_4.png in Resources */ = {isa = PBXBuildFile; fileRef = F404BFAC1706E97A002568F1 /* win_4.png */; };
		F404BFBD1706E97A002568F1 /* win_5.png in Resources */ = {isa = PBXBuildFile; fileRef = F404BFAD1706E97A002568F1 /* win_5.png */; };
		F404BFBE1706E97A002568F1 /* win_6.png in Resources */ = {isa = PBXBuildFile; fileRef = F404BFAE1706E97A002568F1 /* win_6.png */; };
		F404BFBF1706E97A002568F1 /* win_7.png in Resources */ = {isa = PBXBuildFile; fileRef = F404BFAF1706E97A002568F1 /* win_7.png */; };
		F404BFC01706E97A002568F1 /* win_8.png in Resources */ = {isa = PBXBuildFile; fileRef = F404BFB01706E97A002568F1 /* win_8.png */; };
		F404BFC11706E97A002568F1 /* win_9.png in Resources */ = {isa = PBXBuildFile; fileRef = F404BFB11706E97A002568F1 /* win_9.png */; };
		F404BFC21706E97A002568F1 /* win_10.png in Resources */ = {isa = PBXBuildFile; fileRef = F404BFB21706E97A002568F1 /* win_10.png */; };
		F404BFC31706E97A002568F1 /* win_11.png in Resources */ = {isa = PBXBuildFile; fileRef = F404BFB31706E97A002568F1 /* win_11.png */; };
		F404BFC41706E97A002568F1 /* win_12.png in Resources */ = {isa = PBXBuildFile; fileRef = F404BFB41706E97A002568F1 /* win_12.png */; };
		F404BFC51706E97A002568F1 /* win_13.png in Resources */ = {isa = PBXBuildFile; fileRef = F404BFB51706E97A002568F1 /* win_13.png */; };
		F404BFC61706E97A002568F1 /* win_14.png in Resources */ = {isa = PBXBuildFile; fileRef = F404BFB61706E97A002568F1 /* win_14.png */; };
		F404BFC71706E97A002568F1 /* win_15.png in Resources */ = {isa = PBXBuildFile; fileRef = F404BFB71706E97A002568F1 /* win_15.png */; };
		F404BFC81706E97A002568F1 /* win_16.png in Resources */ = {isa = PBXBuildFile; fileRef = F404BFB81706E97A002568F1 /* win_16.png */; };
/* End PBXBuildFile section */

/* Begin PBXFileReference section */
		F404BF821706C786002568F1 /* SimpleAnimation.app */ = {isa = PBXFileReference; explicitFileType = wrapper.application; includeInIndex = 0; path = SimpleAnimation.app; sourceTree = BUILT_PRODUCTS_DIR; };
		F404BF851706C786002568F1 /* UIKit.framework */ = {isa = PBXFileReference; lastKnownFileType = wrapper.framework; name = UIKit.framework; path = System/Library/Frameworks/UIKit.framework; sourceTree = SDKROOT; };
		F404BF871706C786002568F1 /* Foundation.framework */ = {isa = PBXFileReference; lastKnownFileType = wrapper.framework; name = Foundation.framework; path = System/Library/Frameworks/Foundation.framework; sourceTree = SDKROOT; };
		F404BF891706C786002568F1 /* CoreGraphics.framework */ = {isa = PBXFileReference; lastKnownFileType = wrapper.framework; name = CoreGraphics.framework; path = System/Library/Frameworks/CoreGraphics.framework; sourceTree = SDKROOT; };
		F404BF8D1706C786002568F1 /* SimpleAnimation-Info.plist */ = {isa = PBXFileReference; lastKnownFileType = text.plist.xml; path = "SimpleAnimation-Info.plist"; sourceTree = "<group>"; };
		F404BF8F1706C786002568F1 /* en */ = {isa = PBXFileReference; lastKnownFileType = text.plist.strings; name = en; path = en.lproj/InfoPlist.strings; sourceTree = "<group>"; };
		F404BF911706C786002568F1 /* main.m */ = {isa = PBXFileReference; lastKnownFileType = sourcecode.c.objc; path = main.m; sourceTree = "<group>"; };
		F404BF931706C786002568F1 /* SimpleAnimation-Prefix.pch */ = {isa = PBXFileReference; lastKnownFileType = sourcecode.c.h; path = "SimpleAnimation-Prefix.pch"; sourceTree = "<group>"; };
		F404BF941706C786002568F1 /* AppDelegate.h */ = {isa = PBXFileReference; lastKnownFileType = sourcecode.c.h; path = AppDelegate.h; sourceTree = "<group>"; };
		F404BF951706C786002568F1 /* AppDelegate.m */ = {isa = PBXFileReference; lastKnownFileType = sourcecode.c.objc; path = AppDelegate.m; sourceTree = "<group>"; };
		F404BF971706C786002568F1 /* Default.png */ = {isa = PBXFileReference; lastKnownFileType = image.png; path = Default.png; sourceTree = "<group>"; };
		F404BF991706C786002568F1 /* Default@2x.png */ = {isa = PBXFileReference; lastKnownFileType = image.png; path = "Default@2x.png"; sourceTree = "<group>"; };
		F404BF9B1706C786002568F1 /* Default-568h@2x.png */ = {isa = PBXFileReference; lastKnownFileType = image.png; path = "Default-568h@2x.png"; sourceTree = "<group>"; };
		F404BF9E1706C786002568F1 /* en */ = {isa = PBXFileReference; lastKnownFileType = file.storyboard; name = en; path = en.lproj/MainStoryboard.storyboard; sourceTree = "<group>"; };
		F404BFA01706C786002568F1 /* ViewController.h */ = {isa = PBXFileReference; lastKnownFileType = sourcecode.c.h; path = ViewController.h; sourceTree = "<group>"; };
		F404BFA11706C786002568F1 /* ViewController.m */ = {isa = PBXFileReference; lastKnownFileType = sourcecode.c.objc; path = ViewController.m; sourceTree = "<group>"; };
		F404BFA91706E97A002568F1 /* win_1.png */ = {isa = PBXFileReference; lastKnownFileType = image.png; path = win_1.png; sourceTree = "<group>"; };
		F404BFAA1706E97A002568F1 /* win_2.png */ = {isa = PBXFileReference; lastKnownFileType = image.png; path = win_2.png; sourceTree = "<group>"; };
		F404BFAB1706E97A002568F1 /* win_3.png */ = {isa = PBXFileReference; lastKnownFileType = image.png; path = win_3.png; sourceTree = "<group>"; };
		F404BFAC1706E97A002568F1 /* win_4.png */ = {isa = PBXFileReference; lastKnownFileType = image.png; path = win_4.png; sourceTree = "<group>"; };
		F404BFAD1706E97A002568F1 /* win_5.png */ = {isa = PBXFileReference; lastKnownFileType = image.png; path = win_5.png; sourceTree = "<group>"; };
		F404BFAE1706E97A002568F1 /* win_6.png */ = {isa = PBXFileReference; lastKnownFileType = image.png; path = win_6.png; sourceTree = "<group>"; };
		F404BFAF1706E97A002568F1 /* win_7.png */ = {isa = PBXFileReference; lastKnownFileType = image.png; path = win_7.png; sourceTree = "<group>"; };
		F404BFB01706E97A002568F1 /* win_8.png */ = {isa = PBXFileReference; lastKnownFileType = image.png; path = win_8.png; sourceTree = "<group>"; };
		F404BFB11706E97A002568F1 /* win_9.png */ = {isa = PBXFileReference; lastKnownFileType = image.png; path = win_9.png; sourceTree = "<group>"; };
		F404BFB21706E97A002568F1 /* win_10.png */ = {isa = PBXFileReference; lastKnownFileType = image.png; path = win_10.png; sourceTree = "<group>"; };
		F404BFB31706E97A002568F1 /* win_11.png */ = {isa = PBXFileReference; lastKnownFileType = image.png; path = win_11.png; sourceTree = "<group>"; };
		F404BFB41706E97A002568F1 /* win_12.png */ = {isa = PBXFileReference; lastKnownFileType = image.png; path = win_12.png; sourceTree = "<group>"; };
		F404BFB51706E97A002568F1 /* win_13.png */ = {isa = PBXFileReference; lastKnownFileType = image.png; path = win_13.png; sourceTree = "<group>"; };
		F404BFB61706E97A002568F1 /* win_14.png */ = {isa = PBXFileReference; lastKnownFileType = image.png; path = win_14.png; sourceTree = "<group>"; };
		F404BFB71706E97A002568F1 /* win_15.png */ = {isa = PBXFileReference; lastKnownFileType = image.png; path = win_15.png; sourceTree = "<group>"; };
		F404BFB81706E97A002568F1 /* win_16.png */ = {isa = PBXFileReference; lastKnownFileType = image.png; path = win_16.png; sourceTree = "<group>"; };
/* End PBXFileReference section */

/* Begin PBXFrameworksBuildPhase section */
		F404BF7F1706C786002568F1 /* Frameworks */ = {
			isa = PBXFrameworksBuildPhase;
			buildActionMask = 2147483647;
			files = (
				F404BF861706C786002568F1 /* UIKit.framework in Frameworks */,
				F404BF881706C786002568F1 /* Foundation.framework in Frameworks */,
				F404BF8A1706C786002568F1 /* CoreGraphics.framework in Frameworks */,
			);
			runOnlyForDeploymentPostprocessing = 0;
		};
/* End PBXFrameworksBuildPhase section */

/* Begin PBXGroup section */
		F404BF791706C786002568F1 = {
			isa = PBXGroup;
			children = (
				F404BF8B1706C786002568F1 /* SimpleAnimation */,
				F404BF841706C786002568F1 /* Frameworks */,
				F404BF831706C786002568F1 /* Products */,
			);
			sourceTree = "<group>";
		};
		F404BF831706C786002568F1 /* Products */ = {
			isa = PBXGroup;
			children = (
				F404BF821706C786002568F1 /* SimpleAnimation.app */,
			);
			name = Products;
			sourceTree = "<group>";
		};
		F404BF841706C786002568F1 /* Frameworks */ = {
			isa = PBXGroup;
			children = (
				F404BF851706C786002568F1 /* UIKit.framework */,
				F404BF871706C786002568F1 /* Foundation.framework */,
				F404BF891706C786002568F1 /* CoreGraphics.framework */,
			);
			name = Frameworks;
			sourceTree = "<group>";
		};
		F404BF8B1706C786002568F1 /* SimpleAnimation */ = {
			isa = PBXGroup;
			children = (
				F404BFA81706E96D002568F1 /* images */,
				F404BF941706C786002568F1 /* AppDelegate.h */,
				F404BF951706C786002568F1 /* AppDelegate.m */,
				F404BF9D1706C786002568F1 /* MainStoryboard.storyboard */,
				F404BFA01706C786002568F1 /* ViewController.h */,
				F404BFA11706C786002568F1 /* ViewController.m */,
				F404BF8C1706C786002568F1 /* Supporting Files */,
			);
			path = SimpleAnimation;
			sourceTree = "<group>";
		};
		F404BF8C1706C786002568F1 /* Supporting Files */ = {
			isa = PBXGroup;
			children = (
				F404BF8D1706C786002568F1 /* SimpleAnimation-Info.plist */,
				F404BF8E1706C786002568F1 /* InfoPlist.strings */,
				F404BF911706C786002568F1 /* main.m */,
				F404BF931706C786002568F1 /* SimpleAnimation-Prefix.pch */,
				F404BF971706C786002568F1 /* Default.png */,
				F404BF991706C786002568F1 /* Default@2x.png */,
				F404BF9B1706C786002568F1 /* Default-568h@2x.png */,
			);
			name = "Supporting Files";
			sourceTree = "<group>";
		};
		F404BFA81706E96D002568F1 /* images */ = {
			isa = PBXGroup;
			children = (
				F404BFA91706E97A002568F1 /* win_1.png */,
				F404BFAA1706E97A002568F1 /* win_2.png */,
				F404BFAB1706E97A002568F1 /* win_3.png */,
				F404BFAC1706E97A002568F1 /* win_4.png */,
				F404BFAD1706E97A002568F1 /* win_5.png */,
				F404BFAE1706E97A002568F1 /* win_6.png */,
				F404BFAF1706E97A002568F1 /* win_7.png */,
				F404BFB01706E97A002568F1 /* win_8.png */,
				F404BFB11706E97A002568F1 /* win_9.png */,
				F404BFB21706E97A002568F1 /* win_10.png */,
				F404BFB31706E97A002568F1 /* win_11.png */,
				F404BFB41706E97A002568F1 /* win_12.png */,
				F404BFB51706E97A002568F1 /* win_13.png */,
				F404BFB61706E97A002568F1 /* win_14.png */,
				F404BFB71706E97A002568F1 /* win_15.png */,
				F404BFB81706E97A002568F1 /* win_16.png */,
			);
			name = images;
			sourceTree = "<group>";
		};
/* End PBXGroup section */

/* Begin PBXNativeTarget section */
		F404BF811706C786002568F1 /* SimpleAnimation */ = {
			isa = PBXNativeTarget;
			buildConfigurationList = F404BFA51706C786002568F1 /* Build configuration list for PBXNativeTarget "SimpleAnimation" */;
			buildPhases = (
				F404BF7E1706C786002568F1 /* Sources */,
				F404BF7F1706C786002568F1 /* Frameworks */,
				F404BF801706C786002568F1 /* Resources */,
			);
			buildRules = (
			);
			dependencies = (
			);
			name = SimpleAnimation;
			productName = SimpleAnimation;
			productReference = F404BF821706C786002568F1 /* SimpleAnimation.app */;
			productType = "com.apple.product-type.application";
		};
/* End PBXNativeTarget section */

/* Begin PBXProject section */
		F404BF7A1706C786002568F1 /* Project object */ = {
			isa = PBXProject;
			attributes = {
				LastUpgradeCheck = 0460;
				ORGANIZATIONNAME = Appcoda;
			};
			buildConfigurationList = F404BF7D1706C786002568F1 /* Build configuration list for PBXProject "SimpleAnimation" */;
			compatibilityVersion = "Xcode 3.2";
			developmentRegion = English;
			hasScannedForEncodings = 0;
			knownRegions = (
				en,
			);
			mainGroup = F404BF791706C786002568F1;
			productRefGroup = F404BF831706C786002568F1 /* Products */;
			projectDirPath = "";
			projectRoot = "";
			targets = (
				F404BF811706C786002568F1 /* SimpleAnimation */,
			);
		};
/* End PBXProject section */

/* Begin PBXResourcesBuildPhase section */
		F404BF801706C786002568F1 /* Resources */ = {
			isa = PBXResourcesBuildPhase;
			buildActionMask = 2147483647;
			files = (
				F404BF901706C786002568F1 /* InfoPlist.strings in Resources */,
				F404BF981706C786002568F1 /* Default.png in Resources */,
				F404BF9A1706C786002568F1 /* Default@2x.png in Resources */,
				F404BF9C1706C786002568F1 /* Default-568h@2x.png in Resources */,
				F404BF9F1706C786002568F1 /* MainStoryboard.storyboard in Resources */,
				F404BFB91706E97A002568F1 /* win_1.png in Resources */,
				F404BFBA1706E97A002568F1 /* win_2.png in Resources */,
				F404BFBB1706E97A002568F1 /* win_3.png in Resources */,
				F404BFBC1706E97A002568F1 /* win_4.png in Resources */,
				F404BFBD1706E97A002568F1 /* win_5.png in Resources */,
				F404BFBE1706E97A002568F1 /* win_6.png in Resources */,
				F404BFBF1706E97A002568F1 /* win_7.png in Resources */,
				F404BFC01706E97A002568F1 /* win_8.png in Resources */,
				F404BFC11706E97A002568F1 /* win_9.png in Resources */,
				F404BFC21706E97A002568F1 /* win_10.png in Resources */,
				F404BFC31706E97A002568F1 /* win_11.png in Resources */,
				F404BFC41706E97A002568F1 /* win_12.png in Resources */,
				F404BFC51706E97A002568F1 /* win_13.png in Resources */,
				F404BFC61706E97A002568F1 /* win_14.png in Resources */,
				F404BFC71706E97A002568F1 /* win_15.png in Resources */,
				F404BFC81706E97A002568F1 /* win_16.png in Resources */,
			);
			runOnlyForDeploymentPostprocessing = 0;
		};
/* End PBXResourcesBuildPhase section */

/* Begin PBXSourcesBuildPhase section */
		F404BF7E1706C786002568F1 /* Sources */ = {
			isa = PBXSourcesBuildPhase;
			buildActionMask = 2147483647;
			files = (
				F404BF921706C786002568F1 /* main.m in Sources */,
				F404BF961706C786002568F1 /* AppDelegate.m in Sources */,
				F404BFA21706C786002568F1 /* ViewController.m in Sources */,
			);
			runOnlyForDeploymentPostprocessing = 0;
		};
/* End PBXSourcesBuildPhase section */

/* Begin PBXVariantGroup section */
		F404BF8E1706C786002568F1 /* InfoPlist.strings */ = {
			isa = PBXVariantGroup;
			children = (
				F404BF8F1706C786002568F1 /* en */,
			);
			name = InfoPlist.strings;
			sourceTree = "<group>";
		};
		F404BF9D1706C786002568F1 /* MainStoryboard.storyboard */ = {
			isa = PBXVariantGroup;
			children = (
				F404BF9E1706C786002568F1 /* en */,
			);
			name = MainStoryboard.storyboard;
			sourceTree = "<group>";
		};
/* End PBXVariantGroup section */

/* Begin XCBuildConfiguration section */
		F404BFA31706C786002568F1 /* Debug */ = {
			isa = XCBuildConfiguration;
			buildSettings = {
				ALWAYS_SEARCH_USER_PATHS = NO;
				CLANG_CXX_LANGUAGE_STANDARD = "gnu++0x";
				CLANG_CXX_LIBRARY = "libc++";
				CLANG_ENABLE_OBJC_ARC = YES;
				CLANG_WARN_CONSTANT_CONVERSION = YES;
				CLANG_WARN_EMPTY_BODY = YES;
				CLANG_WARN_ENUM_CONVERSION = YES;
				CLANG_WARN_INT_CONVERSION = YES;
				CLANG_WARN__DUPLICATE_METHOD_MATCH = YES;
				"CODE_SIGN_IDENTITY[sdk=iphoneos*]" = "iPhone Developer";
				COPY_PHASE_STRIP = NO;
				GCC_C_LANGUAGE_STANDARD = gnu99;
				GCC_DYNAMIC_NO_PIC = NO;
				GCC_OPTIMIZATION_LEVEL = 0;
				GCC_PREPROCESSOR_DEFINITIONS = (
					"DEBUG=1",
					"$(inherited)",
				);
				GCC_SYMBOLS_PRIVATE_EXTERN = NO;
				GCC_WARN_ABOUT_RETURN_TYPE = YES;
				GCC_WARN_UNINITIALIZED_AUTOS = YES;
				GCC_WARN_UNUSED_VARIABLE = YES;
				IPHONEOS_DEPLOYMENT_TARGET = 6.1;
				ONLY_ACTIVE_ARCH = YES;
				SDKROOT = iphoneos;
			};
			name = Debug;
		};
		F404BFA41706C786002568F1 /* Release */ = {
			isa = XCBuildConfiguration;
			buildSettings = {
				ALWAYS_SEARCH_USER_PATHS = NO;
				CLANG_CXX_LANGUAGE_STANDARD = "gnu++0x";
				CLANG_CXX_LIBRARY = "libc++";
				CLANG_ENABLE_OBJC_ARC = YES;
				CLANG_WARN_CONSTANT_CONVERSION = YES;
				CLANG_WARN_EMPTY_BODY = YES;
				CLANG_WARN_ENUM_CONVERSION = YES;
				CLANG_WARN_INT_CONVERSION = YES;
				CLANG_WARN__DUPLICATE_METHOD_MATCH = YES;
				"CODE_SIGN_IDENTITY[sdk=iphoneos*]" = "iPhone Developer";
				COPY_PHASE_STRIP = YES;
				GCC_C_LANGUAGE_STANDARD = gnu99;
				GCC_WARN_ABOUT_RETURN_TYPE = YES;
				GCC_WARN_UNINITIALIZED_AUTOS = YES;
				GCC_WARN_UNUSED_VARIABLE = YES;
				IPHONEOS_DEPLOYMENT_TARGET = 6.1;
				OTHER_CFLAGS = "-DNS_BLOCK_ASSERTIONS=1";
				SDKROOT = iphoneos;
				VALIDATE_PRODUCT = YES;
			};
			name = Release;
		};
		F404BFA61706C786002568F1 /* Debug */ = {
			isa = XCBuildConfiguration;
			buildSettings = {
				GCC_PRECOMPILE_PREFIX_HEADER = YES;
				GCC_PREFIX_HEADER = "SimpleAnimation/SimpleAnimation-Prefix.pch";
				INFOPLIST_FILE = "SimpleAnimation/SimpleAnimation-Info.plist";
				PRODUCT_NAME = "$(TARGET_NAME)";
				WRAPPER_EXTENSION = app;
			};
			name = Debug;
		};
		F404BFA71706C786002568F1 /* Release */ = {
			isa = XCBuildConfiguration;
			buildSettings = {
				GCC_PRECOMPILE_PREFIX_HEADER = YES;
				GCC_PREFIX_HEADER = "SimpleAnimation/SimpleAnimation-Prefix.pch";
				INFOPLIST_FILE = "SimpleAnimation/SimpleAnimation-Info.plist";
				PRODUCT_NAME = "$(TARGET_NAME)";
				WRAPPER_EXTENSION = app;
			};
			name = Release;
		};
/* End XCBuildConfiguration section */

/* Begin XCConfigurationList section */
		F404BF7D1706C786002568F1 /* Build configuration list for PBXProject "SimpleAnimation" */ = {
			isa = XCConfigurationList;
			buildConfigurations = (
				F404BFA31706C786002568F1 /* Debug */,
				F404BFA41706C786002568F1 /* Release */,
			);
			defaultConfigurationIsVisible = 0;
			defaultConfigurationName = Release;
		};
		F404BFA51706C786002568F1 /* Build configuration list for PBXNativeTarget "SimpleAnimation" */ = {
			isa = XCConfigurationList;
			buildConfigurations = (
				F404BFA61706C786002568F1 /* Debug */,
				F404BFA71706C786002568F1 /* Release */,
			);
			defaultConfigurationIsVisible = 0;
		};
/* End XCConfigurationList section */
	};
	rootObject = F404BF7A1706C786002568F1 /* Project object */;
}
