// !$*UTF8*$!
{
	archiveVersion = 1;
	classes = {
	};
	objectVersion = 46;
	objects = {

/* Begin PBXBuildFile section */
		C0EFE085186567820009BD38 /* Foundation.framework in Frameworks */ = {isa = PBXBuildFile; fileRef = C0EFE084186567820009BD38 /* Foundation.framework */; };
		C0EFE087186567820009BD38 /* CoreGraphics.framework in Frameworks */ = {isa = PBXBuildFile; fileRef = C0EFE086186567820009BD38 /* CoreGraphics.framework */; };
		C0EFE089186567820009BD38 /* UIKit.framework in Frameworks */ = {isa = PBXBuildFile; fileRef = C0EFE088186567820009BD38 /* UIKit.framework */; };
		C0EFE08F186567820009BD38 /* InfoPlist.strings in Resources */ = {isa = PBXBuildFile; fileRef = C0EFE08D186567820009BD38 /* InfoPlist.strings */; };
		C0EFE091186567820009BD38 /* main.m in Sources */ = {isa = PBXBuildFile; fileRef = C0EFE090186567820009BD38 /* main.m */; };
		C0EFE095186567820009BD38 /* AppDelegate.m in Sources */ = {isa = PBXBuildFile; fileRef = C0EFE094186567820009BD38 /* AppDelegate.m */; };
		C0EFE098186567820009BD38 /* Main.storyboard in Resources */ = {isa = PBXBuildFile; fileRef = C0EFE096186567820009BD38 /* Main.storyboard */; };
		C0EFE09B186567820009BD38 /* FirstViewController.m in Sources */ = {isa = PBXBuildFile; fileRef = C0EFE09A186567820009BD38 /* FirstViewController.m */; };
		C0EFE09E186567820009BD38 /* SecondViewController.m in Sources */ = {isa = PBXBuildFile; fileRef = C0EFE09D186567820009BD38 /* SecondViewController.m */; };
		C0EFE0A0186567820009BD38 /* Images.xcassets in Resources */ = {isa = PBXBuildFile; fileRef = C0EFE09F186567820009BD38 /* Images.xcassets */; };
		C0EFE0A7186567820009BD38 /* XCTest.framework in Frameworks */ = {isa = PBXBuildFile; fileRef = C0EFE0A6186567820009BD38 /* XCTest.framework */; };
		C0EFE0A8186567820009BD38 /* Foundation.framework in Frameworks */ = {isa = PBXBuildFile; fileRef = C0EFE084186567820009BD38 /* Foundation.framework */; };
		C0EFE0A9186567820009BD38 /* UIKit.framework in Frameworks */ = {isa = PBXBuildFile; fileRef = C0EFE088186567820009BD38 /* UIKit.framework */; };
		C0EFE0B1186567820009BD38 /* InfoPlist.strings in Resources */ = {isa = PBXBuildFile; fileRef = C0EFE0AF186567820009BD38 /* InfoPlist.strings */; };
		C0EFE0B3186567820009BD38 /* TextKitDemoTests.m in Sources */ = {isa = PBXBuildFile; fileRef = C0EFE0B2186567820009BD38 /* TextKitDemoTests.m */; };
/* End PBXBuildFile section */

/* Begin PBXContainerItemProxy section */
		C0EFE0AA186567820009BD38 /* PBXContainerItemProxy */ = {
			isa = PBXContainerItemProxy;
			containerPortal = C0EFE079186567820009BD38 /* Project object */;
			proxyType = 1;
			remoteGlobalIDString = C0EFE080186567820009BD38;
			remoteInfo = TextKitDemo;
		};
/* End PBXContainerItemProxy section */

/* Begin PBXFileReference section */
		C0EFE081186567820009BD38 /* TextKitDemo.app */ = {isa = PBXFileReference; explicitFileType = wrapper.application; includeInIndex = 0; path = TextKitDemo.app; sourceTree = BUILT_PRODUCTS_DIR; };
		C0EFE084186567820009BD38 /* Foundation.framework */ = {isa = PBXFileReference; lastKnownFileType = wrapper.framework; name = Foundation.framework; path = System/Library/Frameworks/Foundation.framework; sourceTree = SDKROOT; };
		C0EFE086186567820009BD38 /* CoreGraphics.framework */ = {isa = PBXFileReference; lastKnownFileType = wrapper.framework; name = CoreGraphics.framework; path = System/Library/Frameworks/CoreGraphics.framework; sourceTree = SDKROOT; };
		C0EFE088186567820009BD38 /* UIKit.framework */ = {isa = PBXFileReference; lastKnownFileType = wrapper.framework; name = UIKit.framework; path = System/Library/Frameworks/UIKit.framework; sourceTree = SDKROOT; };
		C0EFE08C186567820009BD38 /* TextKitDemo-Info.plist */ = {isa = PBXFileReference; lastKnownFileType = text.plist.xml; path = "TextKitDemo-Info.plist"; sourceTree = "<group>"; };
		C0EFE08E186567820009BD38 /* en */ = {isa = PBXFileReference; lastKnownFileType = text.plist.strings; name = en; path = en.lproj/InfoPlist.strings; sourceTree = "<group>"; };
		C0EFE090186567820009BD38 /* main.m */ = {isa = PBXFileReference; lastKnownFileType = sourcecode.c.objc; path = main.m; sourceTree = "<group>"; };
		C0EFE092186567820009BD38 /* TextKitDemo-Prefix.pch */ = {isa = PBXFileReference; lastKnownFileType = sourcecode.c.h; path = "TextKitDemo-Prefix.pch"; sourceTree = "<group>"; };
		C0EFE093186567820009BD38 /* AppDelegate.h */ = {isa = PBXFileReference; lastKnownFileType = sourcecode.c.h; path = AppDelegate.h; sourceTree = "<group>"; };
		C0EFE094186567820009BD38 /* AppDelegate.m */ = {isa = PBXFileReference; lastKnownFileType = sourcecode.c.objc; path = AppDelegate.m; sourceTree = "<group>"; };
		C0EFE097186567820009BD38 /* Base */ = {isa = PBXFileReference; lastKnownFileType = file.storyboard; name = Base; path = Base.lproj/Main.storyboard; sourceTree = "<group>"; };
		C0EFE099186567820009BD38 /* FirstViewController.h */ = {isa = PBXFileReference; lastKnownFileType = sourcecode.c.h; path = FirstViewController.h; sourceTree = "<group>"; };
		C0EFE09A186567820009BD38 /* FirstViewController.m */ = {isa = PBXFileReference; lastKnownFileType = sourcecode.c.objc; path = FirstViewController.m; sourceTree = "<group>"; };
		C0EFE09C186567820009BD38 /* SecondViewController.h */ = {isa = PBXFileReference; lastKnownFileType = sourcecode.c.h; path = SecondViewController.h; sourceTree = "<group>"; };
		C0EFE09D186567820009BD38 /* SecondViewController.m */ = {isa = PBXFileReference; lastKnownFileType = sourcecode.c.objc; path = SecondViewController.m; sourceTree = "<group>"; };
		C0EFE09F186567820009BD38 /* Images.xcassets */ = {isa = PBXFileReference; lastKnownFileType = folder.assetcatalog; path = Images.xcassets; sourceTree = "<group>"; };
		C0EFE0A5186567820009BD38 /* TextKitDemoTests.xctest */ = {isa = PBXFileReference; explicitFileType = wrapper.cfbundle; includeInIndex = 0; path = TextKitDemoTests.xctest; sourceTree = BUILT_PRODUCTS_DIR; };
		C0EFE0A6186567820009BD38 /* XCTest.framework */ = {isa = PBXFileReference; lastKnownFileType = wrapper.framework; name = XCTest.framework; path = Library/Frameworks/XCTest.framework; sourceTree = DEVELOPER_DIR; };
		C0EFE0AE186567820009BD38 /* TextKitDemoTests-Info.plist */ = {isa = PBXFileReference; lastKnownFileType = text.plist.xml; path = "TextKitDemoTests-Info.plist"; sourceTree = "<group>"; };
		C0EFE0B0186567820009BD38 /* en */ = {isa = PBXFileReference; lastKnownFileType = text.plist.strings; name = en; path = en.lproj/InfoPlist.strings; sourceTree = "<group>"; };
		C0EFE0B2186567820009BD38 /* TextKitDemoTests.m */ = {isa = PBXFileReference; lastKnownFileType = sourcecode.c.objc; path = TextKitDemoTests.m; sourceTree = "<group>"; };
/* End PBXFileReference section */

/* Begin PBXFrameworksBuildPhase section */
		C0EFE07E186567820009BD38 /* Frameworks */ = {
			isa = PBXFrameworksBuildPhase;
			buildActionMask = 2147483647;
			files = (
				C0EFE087186567820009BD38 /* CoreGraphics.framework in Frameworks */,
				C0EFE089186567820009BD38 /* UIKit.framework in Frameworks */,
				C0EFE085186567820009BD38 /* Foundation.framework in Frameworks */,
			);
			runOnlyForDeploymentPostprocessing = 0;
		};
		C0EFE0A2186567820009BD38 /* Frameworks */ = {
			isa = PBXFrameworksBuildPhase;
			buildActionMask = 2147483647;
			files = (
				C0EFE0A7186567820009BD38 /* XCTest.framework in Frameworks */,
				C0EFE0A9186567820009BD38 /* UIKit.framework in Frameworks */,
				C0EFE0A8186567820009BD38 /* Foundation.framework in Frameworks */,
			);
			runOnlyForDeploymentPostprocessing = 0;
		};
/* End PBXFrameworksBuildPhase section */

/* Begin PBXGroup section */
		C0EFE078186567820009BD38 = {
			isa = PBXGroup;
			children = (
				C0EFE08A186567820009BD38 /* TextKitDemo */,
				C0EFE0AC186567820009BD38 /* TextKitDemoTests */,
				C0EFE083186567820009BD38 /* Frameworks */,
				C0EFE082186567820009BD38 /* Products */,
			);
			sourceTree = "<group>";
		};
		C0EFE082186567820009BD38 /* Products */ = {
			isa = PBXGroup;
			children = (
				C0EFE081186567820009BD38 /* TextKitDemo.app */,
				C0EFE0A5186567820009BD38 /* TextKitDemoTests.xctest */,
			);
			name = Products;
			sourceTree = "<group>";
		};
		C0EFE083186567820009BD38 /* Frameworks */ = {
			isa = PBXGroup;
			children = (
				C0EFE084186567820009BD38 /* Foundation.framework */,
				C0EFE086186567820009BD38 /* CoreGraphics.framework */,
				C0EFE088186567820009BD38 /* UIKit.framework */,
				C0EFE0A6186567820009BD38 /* XCTest.framework */,
			);
			name = Frameworks;
			sourceTree = "<group>";
		};
		C0EFE08A186567820009BD38 /* TextKitDemo */ = {
			isa = PBXGroup;
			children = (
				C0EFE093186567820009BD38 /* AppDelegate.h */,
				C0EFE094186567820009BD38 /* AppDelegate.m */,
				C0EFE096186567820009BD38 /* Main.storyboard */,
				C0EFE099186567820009BD38 /* FirstViewController.h */,
				C0EFE09A186567820009BD38 /* FirstViewController.m */,
				C0EFE09C186567820009BD38 /* SecondViewController.h */,
				C0EFE09D186567820009BD38 /* SecondViewController.m */,
				C0EFE09F186567820009BD38 /* Images.xcassets */,
				C0EFE08B186567820009BD38 /* Supporting Files */,
			);
			path = TextKitDemo;
			sourceTree = "<group>";
		};
		C0EFE08B186567820009BD38 /* Supporting Files */ = {
			isa = PBXGroup;
			children = (
				C0EFE08C186567820009BD38 /* TextKitDemo-Info.plist */,
				C0EFE08D186567820009BD38 /* InfoPlist.strings */,
				C0EFE090186567820009BD38 /* main.m */,
				C0EFE092186567820009BD38 /* TextKitDemo-Prefix.pch */,
			);
			name = "Supporting Files";
			sourceTree = "<group>";
		};
		C0EFE0AC186567820009BD38 /* TextKitDemoTests */ = {
			isa = PBXGroup;
			children = (
				C0EFE0B2186567820009BD38 /* TextKitDemoTests.m */,
				C0EFE0AD186567820009BD38 /* Supporting Files */,
			);
			path = TextKitDemoTests;
			sourceTree = "<group>";
		};
		C0EFE0AD186567820009BD38 /* Supporting Files */ = {
			isa = PBXGroup;
			children = (
				C0EFE0AE186567820009BD38 /* TextKitDemoTests-Info.plist */,
				C0EFE0AF186567820009BD38 /* InfoPlist.strings */,
			);
			name = "Supporting Files";
			sourceTree = "<group>";
		};
/* End PBXGroup section */

/* Begin PBXNativeTarget section */
		C0EFE080186567820009BD38 /* TextKitDemo */ = {
			isa = PBXNativeTarget;
			buildConfigurationList = C0EFE0B6186567820009BD38 /* Build configuration list for PBXNativeTarget "TextKitDemo" */;
			buildPhases = (
				C0EFE07D186567820009BD38 /* Sources */,
				C0EFE07E186567820009BD38 /* Frameworks */,
				C0EFE07F186567820009BD38 /* Resources */,
			);
			buildRules = (
			);
			dependencies = (
			);
			name = TextKitDemo;
			productName = TextKitDemo;
			productReference = C0EFE081186567820009BD38 /* TextKitDemo.app */;
			productType = "com.apple.product-type.application";
		};
		C0EFE0A4186567820009BD38 /* TextKitDemoTests */ = {
			isa = PBXNativeTarget;
			buildConfigurationList = C0EFE0B9186567820009BD38 /* Build configuration list for PBXNativeTarget "TextKitDemoTests" */;
			buildPhases = (
				C0EFE0A1186567820009BD38 /* Sources */,
				C0EFE0A2186567820009BD38 /* Frameworks */,
				C0EFE0A3186567820009BD38 /* Resources */,
			);
			buildRules = (
			);
			dependencies = (
				C0EFE0AB186567820009BD38 /* PBXTargetDependency */,
			);
			name = TextKitDemoTests;
			productName = TextKitDemoTests;
			productReference = C0EFE0A5186567820009BD38 /* TextKitDemoTests.xctest */;
			productType = "com.apple.product-type.bundle.unit-test";
		};
/* End PBXNativeTarget section */

/* Begin PBXProject section */
		C0EFE079186567820009BD38 /* Project object */ = {
			isa = PBXProject;
			attributes = {
				LastUpgradeCheck = 0500;
				ORGANIZATIONNAME = Appcoda;
				TargetAttributes = {
					C0EFE0A4186567820009BD38 = {
						TestTargetID = C0EFE080186567820009BD38;
					};
				};
			};
			buildConfigurationList = C0EFE07C186567820009BD38 /* Build configuration list for PBXProject "TextKitDemo" */;
			compatibilityVersion = "Xcode 3.2";
			developmentRegion = English;
			hasScannedForEncodings = 0;
			knownRegions = (
				en,
				Base,
			);
			mainGroup = C0EFE078186567820009BD38;
			productRefGroup = C0EFE082186567820009BD38 /* Products */;
			projectDirPath = "";
			projectRoot = "";
			targets = (
				C0EFE080186567820009BD38 /* TextKitDemo */,
				C0EFE0A4186567820009BD38 /* TextKitDemoTests */,
			);
		};
/* End PBXProject section */

/* Begin PBXResourcesBuildPhase section */
		C0EFE07F186567820009BD38 /* Resources */ = {
			isa = PBXResourcesBuildPhase;
			buildActionMask = 2147483647;
			files = (
				C0EFE0A0186567820009BD38 /* Images.xcassets in Resources */,
				C0EFE08F186567820009BD38 /* InfoPlist.strings in Resources */,
				C0EFE098186567820009BD38 /* Main.storyboard in Resources */,
			);
			runOnlyForDeploymentPostprocessing = 0;
		};
		C0EFE0A3186567820009BD38 /* Resources */ = {
			isa = PBXResourcesBuildPhase;
			buildActionMask = 2147483647;
			files = (
				C0EFE0B1186567820009BD38 /* InfoPlist.strings in Resources */,
			);
			runOnlyForDeploymentPostprocessing = 0;
		};
/* End PBXResourcesBuildPhase section */

/* Begin PBXSourcesBuildPhase section */
		C0EFE07D186567820009BD38 /* Sources */ = {
			isa = PBXSourcesBuildPhase;
			buildActionMask = 2147483647;
			files = (
				C0EFE09E186567820009BD38 /* SecondViewController.m in Sources */,
				C0EFE095186567820009BD38 /* AppDelegate.m in Sources */,
				C0EFE09B186567820009BD38 /* FirstViewController.m in Sources */,
				C0EFE091186567820009BD38 /* main.m in Sources */,
			);
			runOnlyForDeploymentPostprocessing = 0;
		};
		C0EFE0A1186567820009BD38 /* Sources */ = {
			isa = PBXSourcesBuildPhase;
			buildActionMask = 2147483647;
			files = (
				C0EFE0B3186567820009BD38 /* TextKitDemoTests.m in Sources */,
			);
			runOnlyForDeploymentPostprocessing = 0;
		};
/* End PBXSourcesBuildPhase section */

/* Begin PBXTargetDependency section */
		C0EFE0AB186567820009BD38 /* PBXTargetDependency */ = {
			isa = PBXTargetDependency;
			target = C0EFE080186567820009BD38 /* TextKitDemo */;
			targetProxy = C0EFE0AA186567820009BD38 /* PBXContainerItemProxy */;
		};
/* End PBXTargetDependency section */

/* Begin PBXVariantGroup section */
		C0EFE08D186567820009BD38 /* InfoPlist.strings */ = {
			isa = PBXVariantGroup;
			children = (
				C0EFE08E186567820009BD38 /* en */,
			);
			name = InfoPlist.strings;
			sourceTree = "<group>";
		};
		C0EFE096186567820009BD38 /* Main.storyboard */ = {
			isa = PBXVariantGroup;
			children = (
				C0EFE097186567820009BD38 /* Base */,
			);
			name = Main.storyboard;
			sourceTree = "<group>";
		};
		C0EFE0AF186567820009BD38 /* InfoPlist.strings */ = {
			isa = PBXVariantGroup;
			children = (
				C0EFE0B0186567820009BD38 /* en */,
			);
			name = InfoPlist.strings;
			sourceTree = "<group>";
		};
/* End PBXVariantGroup section */

/* Begin XCBuildConfiguration section */
		C0EFE0B4186567820009BD38 /* Debug */ = {
			isa = XCBuildConfiguration;
			buildSettings = {
				ALWAYS_SEARCH_USER_PATHS = NO;
				ARCHS = "$(ARCHS_STANDARD_INCLUDING_64_BIT)";
				CLANG_CXX_LANGUAGE_STANDARD = "gnu++0x";
				CLANG_CXX_LIBRARY = "libc++";
				CLANG_ENABLE_MODULES = YES;
				CLANG_ENABLE_OBJC_ARC = YES;
				CLANG_WARN_BOOL_CONVERSION = YES;
				CLANG_WARN_CONSTANT_CONVERSION = YES;
				CLANG_WARN_DIRECT_OBJC_ISA_USAGE = YES_ERROR;
				CLANG_WARN_EMPTY_BODY = YES;
				CLANG_WARN_ENUM_CONVERSION = YES;
				CLANG_WARN_INT_CONVERSION = YES;
				CLANG_WARN_OBJC_ROOT_CLASS = YES_ERROR;
				CLANG_WARN__DUPLICATE_METHOD_MATCH = YES;
				"CODE_SIGN_IDENTITY[sdk=iphoneos*]" = "iPhone Developer";
				COPY_PHASE_STRIP = NO;
				GCC_C_LANGUAGE_STANDARD = gnu99;
				GCC_DYNAMIC_NO_PIC = NO;
				GCC_OPTIMIZATION_LEVEL = 0;
				GCC_PREPROCESSOR_DEFINITIONS = (
					"DEBUG=1",
					"$(inherited)",
				);
				GCC_SYMBOLS_PRIVATE_EXTERN = NO;
				GCC_WARN_64_TO_32_BIT_CONVERSION = YES;
				GCC_WARN_ABOUT_RETURN_TYPE = YES_ERROR;
				GCC_WARN_UNDECLARED_SELECTOR = YES;
				GCC_WARN_UNINITIALIZED_AUTOS = YES;
				GCC_WARN_UNUSED_FUNCTION = YES;
				GCC_WARN_UNUSED_VARIABLE = YES;
				IPHONEOS_DEPLOYMENT_TARGET = 7.0;
				ONLY_ACTIVE_ARCH = YES;
				SDKROOT = iphoneos;
			};
			name = Debug;
		};
		C0EFE0B5186567820009BD38 /* Release */ = {
			isa = XCBuildConfiguration;
			buildSettings = {
				ALWAYS_SEARCH_USER_PATHS = NO;
				ARCHS = "$(ARCHS_STANDARD_INCLUDING_64_BIT)";
				CLANG_CXX_LANGUAGE_STANDARD = "gnu++0x";
				CLANG_CXX_LIBRARY = "libc++";
				CLANG_ENABLE_MODULES = YES;
				CLANG_ENABLE_OBJC_ARC = YES;
				CLANG_WARN_BOOL_CONVERSION = YES;
				CLANG_WARN_CONSTANT_CONVERSION = YES;
				CLANG_WARN_DIRECT_OBJC_ISA_USAGE = YES_ERROR;
				CLANG_WARN_EMPTY_BODY = YES;
				CLANG_WARN_ENUM_CONVERSION = YES;
				CLANG_WARN_INT_CONVERSION = YES;
				CLANG_WARN_OBJC_ROOT_CLASS = YES_ERROR;
				CLANG_WARN__DUPLICATE_METHOD_MATCH = YES;
				"CODE_SIGN_IDENTITY[sdk=iphoneos*]" = "iPhone Developer";
				COPY_PHASE_STRIP = YES;
				ENABLE_NS_ASSERTIONS = NO;
				GCC_C_LANGUAGE_STANDARD = gnu99;
				GCC_WARN_64_TO_32_BIT_CONVERSION = YES;
				GCC_WARN_ABOUT_RETURN_TYPE = YES_ERROR;
				GCC_WARN_UNDECLARED_SELECTOR = YES;
				GCC_WARN_UNINITIALIZED_AUTOS = YES;
				GCC_WARN_UNUSED_FUNCTION = YES;
				GCC_WARN_UNUSED_VARIABLE = YES;
				IPHONEOS_DEPLOYMENT_TARGET = 7.0;
				SDKROOT = iphoneos;
				VALIDATE_PRODUCT = YES;
			};
			name = Release;
		};
		C0EFE0B7186567820009BD38 /* Debug */ = {
			isa = XCBuildConfiguration;
			buildSettings = {
				ASSETCATALOG_COMPILER_APPICON_NAME = AppIcon;
				ASSETCATALOG_COMPILER_LAUNCHIMAGE_NAME = LaunchImage;
				GCC_PRECOMPILE_PREFIX_HEADER = YES;
				GCC_PREFIX_HEADER = "TextKitDemo/TextKitDemo-Prefix.pch";
				INFOPLIST_FILE = "TextKitDemo/TextKitDemo-Info.plist";
				PRODUCT_NAME = "$(TARGET_NAME)";
				WRAPPER_EXTENSION = app;
			};
			name = Debug;
		};
		C0EFE0B8186567820009BD38 /* Release */ = {
			isa = XCBuildConfiguration;
			buildSettings = {
				ASSETCATALOG_COMPILER_APPICON_NAME = AppIcon;
				ASSETCATALOG_COMPILER_LAUNCHIMAGE_NAME = LaunchImage;
				GCC_PRECOMPILE_PREFIX_HEADER = YES;
				GCC_PREFIX_HEADER = "TextKitDemo/TextKitDemo-Prefix.pch";
				INFOPLIST_FILE = "TextKitDemo/TextKitDemo-Info.plist";
				PRODUCT_NAME = "$(TARGET_NAME)";
				WRAPPER_EXTENSION = app;
			};
			name = Release;
		};
		C0EFE0BA186567820009BD38 /* Debug */ = {
			isa = XCBuildConfiguration;
			buildSettings = {
				ARCHS = "$(ARCHS_STANDARD_INCLUDING_64_BIT)";
				BUNDLE_LOADER = "$(BUILT_PRODUCTS_DIR)/TextKitDemo.app/TextKitDemo";
				FRAMEWORK_SEARCH_PATHS = (
					"$(SDKROOT)/Developer/Library/Frameworks",
					"$(inherited)",
					"$(DEVELOPER_FRAMEWORKS_DIR)",
				);
				GCC_PRECOMPILE_PREFIX_HEADER = YES;
				GCC_PREFIX_HEADER = "TextKitDemo/TextKitDemo-Prefix.pch";
				GCC_PREPROCESSOR_DEFINITIONS = (
					"DEBUG=1",
					"$(inherited)",
				);
				INFOPLIST_FILE = "TextKitDemoTests/TextKitDemoTests-Info.plist";
				PRODUCT_NAME = "$(TARGET_NAME)";
				TEST_HOST = "$(BUNDLE_LOADER)";
				WRAPPER_EXTENSION = xctest;
			};
			name = Debug;
		};
		C0EFE0BB186567820009BD38 /* Release */ = {
			isa = XCBuildConfiguration;
			buildSettings = {
				ARCHS = "$(ARCHS_STANDARD_INCLUDING_64_BIT)";
				BUNDLE_LOADER = "$(BUILT_PRODUCTS_DIR)/TextKitDemo.app/TextKitDemo";
				FRAMEWORK_SEARCH_PATHS = (
					"$(SDKROOT)/Developer/Library/Frameworks",
					"$(inherited)",
					"$(DEVELOPER_FRAMEWORKS_DIR)",
				);
				GCC_PRECOMPILE_PREFIX_HEADER = YES;
				GCC_PREFIX_HEADER = "TextKitDemo/TextKitDemo-Prefix.pch";
				INFOPLIST_FILE = "TextKitDemoTests/TextKitDemoTests-Info.plist";
				PRODUCT_NAME = "$(TARGET_NAME)";
				TEST_HOST = "$(BUNDLE_LOADER)";
				WRAPPER_EXTENSION = xctest;
			};
			name = Release;
		};
/* End XCBuildConfiguration section */

/* Begin XCConfigurationList section */
		C0EFE07C186567820009BD38 /* Build configuration list for PBXProject "TextKitDemo" */ = {
			isa = XCConfigurationList;
			buildConfigurations = (
				C0EFE0B4186567820009BD38 /* Debug */,
				C0EFE0B5186567820009BD38 /* Release */,
			);
			defaultConfigurationIsVisible = 0;
			defaultConfigurationName = Release;
		};
		C0EFE0B6186567820009BD38 /* Build configuration list for PBXNativeTarget "TextKitDemo" */ = {
			isa = XCConfigurationList;
			buildConfigurations = (
				C0EFE0B7186567820009BD38 /* Debug */,
				C0EFE0B8186567820009BD38 /* Release */,
			);
			defaultConfigurationIsVisible = 0;
		};
		C0EFE0B9186567820009BD38 /* Build configuration list for PBXNativeTarget "TextKitDemoTests" */ = {
			isa = XCConfigurationList;
			buildConfigurations = (
				C0EFE0BA186567820009BD38 /* Debug */,
				C0EFE0BB186567820009BD38 /* Release */,
			);
			defaultConfigurationIsVisible = 0;
		};
/* End XCConfigurationList section */
	};
	rootObject = C0EFE079186567820009BD38 /* Project object */;
}
