// !$*UTF8*$!
{
	archiveVersion = 1;
	classes = {
	};
	objectVersion = 46;
	objects = {

/* Begin PBXBuildFile section */
		F40132C016F4B6F000466AD5 /* UIKit.framework in Frameworks */ = {isa = PBXBuildFile; fileRef = F40132BF16F4B6F000466AD5 /* UIKit.framework */; };
		F40132C216F4B6F000466AD5 /* Foundation.framework in Frameworks */ = {isa = PBXBuildFile; fileRef = F40132C116F4B6F000466AD5 /* Foundation.framework */; };
		F40132C416F4B6F000466AD5 /* CoreGraphics.framework in Frameworks */ = {isa = PBXBuildFile; fileRef = F40132C316F4B6F000466AD5 /* CoreGraphics.framework */; };
		F40132CA16F4B6F000466AD5 /* InfoPlist.strings in Resources */ = {isa = PBXBuildFile; fileRef = F40132C816F4B6F000466AD5 /* InfoPlist.strings */; };
		F40132CC16F4B6F000466AD5 /* main.m in Sources */ = {isa = PBXBuildFile; fileRef = F40132CB16F4B6F000466AD5 /* main.m */; };
		F40132D016F4B6F000466AD5 /* AppDelegate.m in Sources */ = {isa = PBXBuildFile; fileRef = F40132CF16F4B6F000466AD5 /* AppDelegate.m */; };
		F40132D216F4B6F000466AD5 /* Default.png in Resources */ = {isa = PBXBuildFile; fileRef = F40132D116F4B6F000466AD5 /* Default.png */; };
		F40132D416F4B6F000466AD5 /* Default@2x.png in Resources */ = {isa = PBXBuildFile; fileRef = F40132D316F4B6F000466AD5 /* Default@2x.png */; };
		F40132D616F4B6F000466AD5 /* Default-568h@2x.png in Resources */ = {isa = PBXBuildFile; fileRef = F40132D516F4B6F000466AD5 /* Default-568h@2x.png */; };
		F40132D916F4B6F000466AD5 /* MainStoryboard.storyboard in Resources */ = {isa = PBXBuildFile; fileRef = F40132D716F4B6F000466AD5 /* MainStoryboard.storyboard */; };
		F40132DC16F4B6F000466AD5 /* ViewController.m in Sources */ = {isa = PBXBuildFile; fileRef = F40132DB16F4B6F000466AD5 /* ViewController.m */; };
/* End PBXBuildFile section */

/* Begin PBXFileReference section */
		F40132BC16F4B6F000466AD5 /* StaticTableDemo.app */ = {isa = PBXFileReference; explicitFileType = wrapper.application; includeInIndex = 0; path = StaticTableDemo.app; sourceTree = BUILT_PRODUCTS_DIR; };
		F40132BF16F4B6F000466AD5 /* UIKit.framework */ = {isa = PBXFileReference; lastKnownFileType = wrapper.framework; name = UIKit.framework; path = System/Library/Frameworks/UIKit.framework; sourceTree = SDKROOT; };
		F40132C116F4B6F000466AD5 /* Foundation.framework */ = {isa = PBXFileReference; lastKnownFileType = wrapper.framework; name = Foundation.framework; path = System/Library/Frameworks/Foundation.framework; sourceTree = SDKROOT; };
		F40132C316F4B6F000466AD5 /* CoreGraphics.framework */ = {isa = PBXFileReference; lastKnownFileType = wrapper.framework; name = CoreGraphics.framework; path = System/Library/Frameworks/CoreGraphics.framework; sourceTree = SDKROOT; };
		F40132C716F4B6F000466AD5 /* StaticTableDemo-Info.plist */ = {isa = PBXFileReference; lastKnownFileType = text.plist.xml; path = "StaticTableDemo-Info.plist"; sourceTree = "<group>"; };
		F40132C916F4B6F000466AD5 /* en */ = {isa = PBXFileReference; lastKnownFileType = text.plist.strings; name = en; path = en.lproj/InfoPlist.strings; sourceTree = "<group>"; };
		F40132CB16F4B6F000466AD5 /* main.m */ = {isa = PBXFileReference; lastKnownFileType = sourcecode.c.objc; path = main.m; sourceTree = "<group>"; };
		F40132CD16F4B6F000466AD5 /* StaticTableDemo-Prefix.pch */ = {isa = PBXFileReference; lastKnownFileType = sourcecode.c.h; path = "StaticTableDemo-Prefix.pch"; sourceTree = "<group>"; };
		F40132CE16F4B6F000466AD5 /* AppDelegate.h */ = {isa = PBXFileReference; lastKnownFileType = sourcecode.c.h; path = AppDelegate.h; sourceTree = "<group>"; };
		F40132CF16F4B6F000466AD5 /* AppDelegate.m */ = {isa = PBXFileReference; lastKnownFileType = sourcecode.c.objc; path = AppDelegate.m; sourceTree = "<group>"; };
		F40132D116F4B6F000466AD5 /* Default.png */ = {isa = PBXFileReference; lastKnownFileType = image.png; path = Default.png; sourceTree = "<group>"; };
		F40132D316F4B6F000466AD5 /* Default@2x.png */ = {isa = PBXFileReference; lastKnownFileType = image.png; path = "Default@2x.png"; sourceTree = "<group>"; };
		F40132D516F4B6F000466AD5 /* Default-568h@2x.png */ = {isa = PBXFileReference; lastKnownFileType = image.png; path = "Default-568h@2x.png"; sourceTree = "<group>"; };
		F40132D816F4B6F000466AD5 /* en */ = {isa = PBXFileReference; lastKnownFileType = file.storyboard; name = en; path = en.lproj/MainStoryboard.storyboard; sourceTree = "<group>"; };
		F40132DA16F4B6F000466AD5 /* ViewController.h */ = {isa = PBXFileReference; lastKnownFileType = sourcecode.c.h; path = ViewController.h; sourceTree = "<group>"; };
		F40132DB16F4B6F000466AD5 /* ViewController.m */ = {isa = PBXFileReference; lastKnownFileType = sourcecode.c.objc; path = ViewController.m; sourceTree = "<group>"; };
/* End PBXFileReference section */

/* Begin PBXFrameworksBuildPhase section */
		F40132B916F4B6F000466AD5 /* Frameworks */ = {
			isa = PBXFrameworksBuildPhase;
			buildActionMask = 2147483647;
			files = (
				F40132C016F4B6F000466AD5 /* UIKit.framework in Frameworks */,
				F40132C216F4B6F000466AD5 /* Foundation.framework in Frameworks */,
				F40132C416F4B6F000466AD5 /* CoreGraphics.framework in Frameworks */,
			);
			runOnlyForDeploymentPostprocessing = 0;
		};
/* End PBXFrameworksBuildPhase section */

/* Begin PBXGroup section */
		F40132B316F4B6F000466AD5 = {
			isa = PBXGroup;
			children = (
				F40132C516F4B6F000466AD5 /* StaticTableDemo */,
				F40132BE16F4B6F000466AD5 /* Frameworks */,
				F40132BD16F4B6F000466AD5 /* Products */,
			);
			sourceTree = "<group>";
		};
		F40132BD16F4B6F000466AD5 /* Products */ = {
			isa = PBXGroup;
			children = (
				F40132BC16F4B6F000466AD5 /* StaticTableDemo.app */,
			);
			name = Products;
			sourceTree = "<group>";
		};
		F40132BE16F4B6F000466AD5 /* Frameworks */ = {
			isa = PBXGroup;
			children = (
				F40132BF16F4B6F000466AD5 /* UIKit.framework */,
				F40132C116F4B6F000466AD5 /* Foundation.framework */,
				F40132C316F4B6F000466AD5 /* CoreGraphics.framework */,
			);
			name = Frameworks;
			sourceTree = "<group>";
		};
		F40132C516F4B6F000466AD5 /* StaticTableDemo */ = {
			isa = PBXGroup;
			children = (
				F40132CE16F4B6F000466AD5 /* AppDelegate.h */,
				F40132CF16F4B6F000466AD5 /* AppDelegate.m */,
				F40132D716F4B6F000466AD5 /* MainStoryboard.storyboard */,
				F40132DA16F4B6F000466AD5 /* ViewController.h */,
				F40132DB16F4B6F000466AD5 /* ViewController.m */,
				F40132C616F4B6F000466AD5 /* Supporting Files */,
			);
			path = StaticTableDemo;
			sourceTree = "<group>";
		};
		F40132C616F4B6F000466AD5 /* Supporting Files */ = {
			isa = PBXGroup;
			children = (
				F40132C716F4B6F000466AD5 /* StaticTableDemo-Info.plist */,
				F40132C816F4B6F000466AD5 /* InfoPlist.strings */,
				F40132CB16F4B6F000466AD5 /* main.m */,
				F40132CD16F4B6F000466AD5 /* StaticTableDemo-Prefix.pch */,
				F40132D116F4B6F000466AD5 /* Default.png */,
				F40132D316F4B6F000466AD5 /* Default@2x.png */,
				F40132D516F4B6F000466AD5 /* Default-568h@2x.png */,
			);
			name = "Supporting Files";
			sourceTree = "<group>";
		};
/* End PBXGroup section */

/* Begin PBXNativeTarget section */
		F40132BB16F4B6F000466AD5 /* StaticTableDemo */ = {
			isa = PBXNativeTarget;
			buildConfigurationList = F40132DF16F4B6F000466AD5 /* Build configuration list for PBXNativeTarget "StaticTableDemo" */;
			buildPhases = (
				F40132B816F4B6F000466AD5 /* Sources */,
				F40132B916F4B6F000466AD5 /* Frameworks */,
				F40132BA16F4B6F000466AD5 /* Resources */,
			);
			buildRules = (
			);
			dependencies = (
			);
			name = StaticTableDemo;
			productName = StaticTableDemo;
			productReference = F40132BC16F4B6F000466AD5 /* StaticTableDemo.app */;
			productType = "com.apple.product-type.application";
		};
/* End PBXNativeTarget section */

/* Begin PBXProject section */
		F40132B416F4B6F000466AD5 /* Project object */ = {
			isa = PBXProject;
			attributes = {
				LastUpgradeCheck = 0460;
				ORGANIZATIONNAME = Appcoda;
			};
			buildConfigurationList = F40132B716F4B6F000466AD5 /* Build configuration list for PBXProject "StaticTableDemo" */;
			compatibilityVersion = "Xcode 3.2";
			developmentRegion = English;
			hasScannedForEncodings = 0;
			knownRegions = (
				en,
			);
			mainGroup = F40132B316F4B6F000466AD5;
			productRefGroup = F40132BD16F4B6F000466AD5 /* Products */;
			projectDirPath = "";
			projectRoot = "";
			targets = (
				F40132BB16F4B6F000466AD5 /* StaticTableDemo */,
			);
		};
/* End PBXProject section */

/* Begin PBXResourcesBuildPhase section */
		F40132BA16F4B6F000466AD5 /* Resources */ = {
			isa = PBXResourcesBuildPhase;
			buildActionMask = 2147483647;
			files = (
				F40132CA16F4B6F000466AD5 /* InfoPlist.strings in Resources */,
				F40132D216F4B6F000466AD5 /* Default.png in Resources */,
				F40132D416F4B6F000466AD5 /* Default@2x.png in Resources */,
				F40132D616F4B6F000466AD5 /* Default-568h@2x.png in Resources */,
				F40132D916F4B6F000466AD5 /* MainStoryboard.storyboard in Resources */,
			);
			runOnlyForDeploymentPostprocessing = 0;
		};
/* End PBXResourcesBuildPhase section */

/* Begin PBXSourcesBuildPhase section */
		F40132B816F4B6F000466AD5 /* Sources */ = {
			isa = PBXSourcesBuildPhase;
			buildActionMask = 2147483647;
			files = (
				F40132CC16F4B6F000466AD5 /* main.m in Sources */,
				F40132D016F4B6F000466AD5 /* AppDelegate.m in Sources */,
				F40132DC16F4B6F000466AD5 /* ViewController.m in Sources */,
			);
			runOnlyForDeploymentPostprocessing = 0;
		};
/* End PBXSourcesBuildPhase section */

/* Begin PBXVariantGroup section */
		F40132C816F4B6F000466AD5 /* InfoPlist.strings */ = {
			isa = PBXVariantGroup;
			children = (
				F40132C916F4B6F000466AD5 /* en */,
			);
			name = InfoPlist.strings;
			sourceTree = "<group>";
		};
		F40132D716F4B6F000466AD5 /* MainStoryboard.storyboard */ = {
			isa = PBXVariantGroup;
			children = (
				F40132D816F4B6F000466AD5 /* en */,
			);
			name = MainStoryboard.storyboard;
			sourceTree = "<group>";
		};
/* End PBXVariantGroup section */

/* Begin XCBuildConfiguration section */
		F40132DD16F4B6F000466AD5 /* Debug */ = {
			isa = XCBuildConfiguration;
			buildSettings = {
				ALWAYS_SEARCH_USER_PATHS = NO;
				CLANG_CXX_LANGUAGE_STANDARD = "gnu++0x";
				CLANG_CXX_LIBRARY = "libc++";
				CLANG_ENABLE_OBJC_ARC = YES;
				CLANG_WARN_CONSTANT_CONVERSION = YES;
				CLANG_WARN_EMPTY_BODY = YES;
				CLANG_WARN_ENUM_CONVERSION = YES;
				CLANG_WARN_INT_CONVERSION = YES;
				CLANG_WARN__DUPLICATE_METHOD_MATCH = YES;
				"CODE_SIGN_IDENTITY[sdk=iphoneos*]" = "iPhone Developer";
				COPY_PHASE_STRIP = NO;
				GCC_C_LANGUAGE_STANDARD = gnu99;
				GCC_DYNAMIC_NO_PIC = NO;
				GCC_OPTIMIZATION_LEVEL = 0;
				GCC_PREPROCESSOR_DEFINITIONS = (
					"DEBUG=1",
					"$(inherited)",
				);
				GCC_SYMBOLS_PRIVATE_EXTERN = NO;
				GCC_WARN_ABOUT_RETURN_TYPE = YES;
				GCC_WARN_UNINITIALIZED_AUTOS = YES;
				GCC_WARN_UNUSED_VARIABLE = YES;
				IPHONEOS_DEPLOYMENT_TARGET = 6.1;
				ONLY_ACTIVE_ARCH = YES;
				SDKROOT = iphoneos;
			};
			name = Debug;
		};
		F40132DE16F4B6F000466AD5 /* Release */ = {
			isa = XCBuildConfiguration;
			buildSettings = {
				ALWAYS_SEARCH_USER_PATHS = NO;
				CLANG_CXX_LANGUAGE_STANDARD = "gnu++0x";
				CLANG_CXX_LIBRARY = "libc++";
				CLANG_ENABLE_OBJC_ARC = YES;
				CLANG_WARN_CONSTANT_CONVERSION = YES;
				CLANG_WARN_EMPTY_BODY = YES;
				CLANG_WARN_ENUM_CONVERSION = YES;
				CLANG_WARN_INT_CONVERSION = YES;
				CLANG_WARN__DUPLICATE_METHOD_MATCH = YES;
				"CODE_SIGN_IDENTITY[sdk=iphoneos*]" = "iPhone Developer";
				COPY_PHASE_STRIP = YES;
				GCC_C_LANGUAGE_STANDARD = gnu99;
				GCC_WARN_ABOUT_RETURN_TYPE = YES;
				GCC_WARN_UNINITIALIZED_AUTOS = YES;
				GCC_WARN_UNUSED_VARIABLE = YES;
				IPHONEOS_DEPLOYMENT_TARGET = 6.1;
				OTHER_CFLAGS = "-DNS_BLOCK_ASSERTIONS=1";
				SDKROOT = iphoneos;
				VALIDATE_PRODUCT = YES;
			};
			name = Release;
		};
		F40132E016F4B6F000466AD5 /* Debug */ = {
			isa = XCBuildConfiguration;
			buildSettings = {
				GCC_PRECOMPILE_PREFIX_HEADER = YES;
				GCC_PREFIX_HEADER = "StaticTableDemo/StaticTableDemo-Prefix.pch";
				INFOPLIST_FILE = "StaticTableDemo/StaticTableDemo-Info.plist";
				PRODUCT_NAME = "$(TARGET_NAME)";
				WRAPPER_EXTENSION = app;
			};
			name = Debug;
		};
		F40132E116F4B6F000466AD5 /* Release */ = {
			isa = XCBuildConfiguration;
			buildSettings = {
				GCC_PRECOMPILE_PREFIX_HEADER = YES;
				GCC_PREFIX_HEADER = "StaticTableDemo/StaticTableDemo-Prefix.pch";
				INFOPLIST_FILE = "StaticTableDemo/StaticTableDemo-Info.plist";
				PRODUCT_NAME = "$(TARGET_NAME)";
				WRAPPER_EXTENSION = app;
			};
			name = Release;
		};
/* End XCBuildConfiguration section */

/* Begin XCConfigurationList section */
		F40132B716F4B6F000466AD5 /* Build configuration list for PBXProject "StaticTableDemo" */ = {
			isa = XCConfigurationList;
			buildConfigurations = (
				F40132DD16F4B6F000466AD5 /* Debug */,
				F40132DE16F4B6F000466AD5 /* Release */,
			);
			defaultConfigurationIsVisible = 0;
			defaultConfigurationName = Release;
		};
		F40132DF16F4B6F000466AD5 /* Build configuration list for PBXNativeTarget "StaticTableDemo" */ = {
			isa = XCConfigurationList;
			buildConfigurations = (
				F40132E016F4B6F000466AD5 /* Debug */,
				F40132E116F4B6F000466AD5 /* Release */,
			);
			defaultConfigurationIsVisible = 0;
		};
/* End XCConfigurationList section */
	};
	rootObject = F40132B416F4B6F000466AD5 /* Project object */;
}
